[0m[1mmodule.operator_service.module.bazel.data.external.bazel_bin: Reading...[0m[0m
[0m[1mmodule.operator_service.module.bazel.data.external.workspace: Reading...[0m[0m
[0m[1mmodule.operator_service.module.bazel.data.external.bazel_bin: Read complete after 0s [id=-][0m
[0m[1mmodule.operator_service.module.bazel.data.external.workspace: Read complete after 0s [id=-][0m
[0m[1mmodule.operator_service.module.worker_service.data.aws_iam_policy.SSMManagedInstanceCore: Reading...[0m[0m
[0m[1mmodule.operator_service.data.aws_caller_identity.current: Reading...[0m[0m
[0m[1mmodule.operator_service.module.vpc[0].data.aws_availability_zones.avail: Reading...[0m[0m
[0m[1mmodule.operator_service.module.worker_service.data.aws_ami.worker_image: Reading...[0m[0m
[0m[1mmodule.operator_service.module.vpc[0].data.aws_region.current: Reading...[0m[0m
[0m[1mmodule.operator_service.module.vpc[0].data.aws_region.current: Read complete after 0s [id=us-west-2][0m
[0m[1mmodule.operator_service.module.worker_dashboard.data.aws_caller_identity.current: Reading...[0m[0m
[0m[1mmodule.operator_service.module.vpc[0].data.aws_availability_zones.avail: Read complete after 1s [id=us-west-2][0m
[0m[1mmodule.operator_service.module.vpc[0].data.aws_availability_zone.all["us-west-2b"]: Reading...[0m[0m
[0m[1mmodule.operator_service.module.vpc[0].data.aws_availability_zone.all["us-west-2c"]: Reading...[0m[0m
[0m[1mmodule.operator_service.module.vpc[0].data.aws_availability_zone.all["us-west-2d"]: Reading...[0m[0m
[0m[1mmodule.operator_service.module.vpc[0].data.aws_availability_zone.all["us-west-2a"]: Reading...[0m[0m
[0m[1mmodule.operator_service.module.worker_dashboard.data.aws_caller_identity.current: Read complete after 1s [id=771945457201][0m
[0m[1mmodule.operator_service.data.aws_caller_identity.current: Read complete after 1s [id=771945457201][0m
[0m[1mmodule.operator_service.module.vpc[0].data.aws_availability_zone.all["us-west-2b"]: Read complete after 0s [id=us-west-2b][0m
[0m[1mmodule.operator_service.module.vpc[0].data.aws_availability_zone.all["us-west-2c"]: Read complete after 0s [id=us-west-2c][0m
[0m[1mmodule.operator_service.module.vpc[0].data.aws_availability_zone.all["us-west-2a"]: Read complete after 0s [id=us-west-2a][0m
[0m[1mmodule.operator_service.module.vpc[0].data.aws_availability_zone.all["us-west-2d"]: Read complete after 0s [id=us-west-2d][0m
[0m[1mmodule.operator_service.module.worker_service.data.aws_ami.worker_image: Read complete after 1s [id=ami-0cadbb1a3834f94f4][0m
[0m[1mmodule.operator_service.module.worker_service.data.aws_iam_policy.SSMManagedInstanceCore: Still reading... [10s elapsed][0m[0m
[0m[1mmodule.operator_service.module.worker_service.data.aws_iam_policy.SSMManagedInstanceCore: Read complete after 17s [id=arn:aws:iam::aws:policy/AmazonSSMManagedInstanceCore][0m

Terraform used the selected providers to generate the following execution
plan. Resource actions are indicated with the following symbols:
  [32m+[0m create
 [36m<=[0m read (data resources)
[0m
Terraform will perform the following actions:

[1m  # module.operator_service.module.asginstances_db.aws_dynamodb_table.asginstances_db_table[0m will be created[0m[0m
[0m  [32m+[0m[0m resource "aws_dynamodb_table" "asginstances_db_table" {
      [32m+[0m [0m[1m[0marn[0m[0m              = (known after apply)
      [32m+[0m [0m[1m[0mbilling_mode[0m[0m     = "PAY_PER_REQUEST"
      [32m+[0m [0m[1m[0mhash_key[0m[0m         = "InstanceName"
      [32m+[0m [0m[1m[0mid[0m[0m               = (known after apply)
      [32m+[0m [0m[1m[0mname[0m[0m             = "aggregation-service-dev-env-AsgInstances"
      [32m+[0m [0m[1m[0mread_capacity[0m[0m    = (known after apply)
      [32m+[0m [0m[1m[0mstream_arn[0m[0m       = (known after apply)
      [32m+[0m [0m[1m[0mstream_label[0m[0m     = (known after apply)
      [32m+[0m [0m[1m[0mstream_view_type[0m[0m = (known after apply)
      [32m+[0m [0m[1m[0mtags[0m[0m             = {
          [32m+[0m [0m"environment" = "aggregation-service-dev-env"
          [32m+[0m [0m"name"        = "aggregation-service-dev-env-AsgInstances"
          [32m+[0m [0m"role"        = "asginstancesdb"
          [32m+[0m [0m"service"     = "operator-service"
        }
      [32m+[0m [0m[1m[0mtags_all[0m[0m         = {
          [32m+[0m [0m"environment" = "aggregation-service-dev-env"
          [32m+[0m [0m"name"        = "aggregation-service-dev-env-AsgInstances"
          [32m+[0m [0m"role"        = "asginstancesdb"
          [32m+[0m [0m"service"     = "operator-service"
        }
      [32m+[0m [0m[1m[0mwrite_capacity[0m[0m   = (known after apply)

      [32m+[0m [0mattribute {
          [32m+[0m [0m[1m[0mname[0m[0m = "InstanceName"
          [32m+[0m [0m[1m[0mtype[0m[0m = "S"
        }

      [32m+[0m [0mpoint_in_time_recovery {
          [32m+[0m [0m[1m[0menabled[0m[0m = true
        }

      [32m+[0m [0mserver_side_encryption {
          [32m+[0m [0m[1m[0menabled[0m[0m     = (known after apply)
          [32m+[0m [0m[1m[0mkms_key_arn[0m[0m = (known after apply)
        }

      [32m+[0m [0mttl {
          [32m+[0m [0m[1m[0mattribute_name[0m[0m = "Ttl"
          [32m+[0m [0m[1m[0menabled[0m[0m        = true
        }
    }

[1m  # module.operator_service.module.assume_role_parameter.aws_ssm_parameter.worker_parameter[0m will be created[0m[0m
[0m  [32m+[0m[0m resource "aws_ssm_parameter" "worker_parameter" {
      [32m+[0m [0m[1m[0marn[0m[0m       = (known after apply)
      [32m+[0m [0m[1m[0mdata_type[0m[0m = (known after apply)
      [32m+[0m [0m[1m[0mid[0m[0m        = (known after apply)
      [32m+[0m [0m[1m[0mkey_id[0m[0m    = (known after apply)
      [32m+[0m [0m[1m[0mname[0m[0m      = "scp-aggregation-service-dev-env-COORDINATOR_ROLE"
      [32m+[0m [0m[1m[0mtags[0m[0m      = {
          [32m+[0m [0m"environment" = "aggregation-service-dev-env"
          [32m+[0m [0m"name"        = "scp-aggregation-service-dev-env-COORDINATOR_ROLE"
          [32m+[0m [0m"service"     = "operator-service"
        }
      [32m+[0m [0m[1m[0mtags_all[0m[0m  = {
          [32m+[0m [0m"environment" = "aggregation-service-dev-env"
          [32m+[0m [0m"name"        = "scp-aggregation-service-dev-env-COORDINATOR_ROLE"
          [32m+[0m [0m"service"     = "operator-service"
        }
      [32m+[0m [0m[1m[0mtier[0m[0m      = "Standard"
      [32m+[0m [0m[1m[0mtype[0m[0m      = "String"
      [32m+[0m [0m[1m[0mvalue[0m[0m     = (sensitive value)
      [32m+[0m [0m[1m[0mversion[0m[0m   = (known after apply)
    }

[1m  # module.operator_service.module.assume_role_parameter.aws_ssm_parameter.worker_parameter_legacy[0m will be created[0m[0m
[0m  [32m+[0m[0m resource "aws_ssm_parameter" "worker_parameter_legacy" {
      [32m+[0m [0m[1m[0marn[0m[0m       = (known after apply)
      [32m+[0m [0m[1m[0mdata_type[0m[0m = (known after apply)
      [32m+[0m [0m[1m[0mid[0m[0m        = (known after apply)
      [32m+[0m [0m[1m[0mkey_id[0m[0m    = (known after apply)
      [32m+[0m [0m[1m[0mname[0m[0m      = "/aggregate-service/aggregation-service-dev-env/assume_role_arn"
      [32m+[0m [0m[1m[0moverwrite[0m[0m = true
      [32m+[0m [0m[1m[0mtags[0m[0m      = {
          [32m+[0m [0m"environment" = "aggregation-service-dev-env"
          [32m+[0m [0m"name"        = "/aggregate-service/aggregation-service-dev-env/assume_role_arn"
          [32m+[0m [0m"service"     = "aggregate-service"
        }
      [32m+[0m [0m[1m[0mtags_all[0m[0m  = {
          [32m+[0m [0m"environment" = "aggregation-service-dev-env"
          [32m+[0m [0m"name"        = "/aggregate-service/aggregation-service-dev-env/assume_role_arn"
          [32m+[0m [0m"service"     = "aggregate-service"
        }
      [32m+[0m [0m[1m[0mtier[0m[0m      = "Standard"
      [32m+[0m [0m[1m[0mtype[0m[0m      = "String"
      [32m+[0m [0m[1m[0mvalue[0m[0m     = (sensitive value)
      [32m+[0m [0m[1m[0mversion[0m[0m   = (known after apply)
    }

[1m  # module.operator_service.module.coordinator_a_assume_role_parameter.aws_ssm_parameter.worker_parameter[0m will be created[0m[0m
[0m  [32m+[0m[0m resource "aws_ssm_parameter" "worker_parameter" {
      [32m+[0m [0m[1m[0marn[0m[0m       = (known after apply)
      [32m+[0m [0m[1m[0mdata_type[0m[0m = (known after apply)
      [32m+[0m [0m[1m[0mid[0m[0m        = (known after apply)
      [32m+[0m [0m[1m[0mkey_id[0m[0m    = (known after apply)
      [32m+[0m [0m[1m[0mname[0m[0m      = "scp-aggregation-service-dev-env-COORDINATOR_A_ROLE"
      [32m+[0m [0m[1m[0mtags[0m[0m      = {
          [32m+[0m [0m"environment" = "aggregation-service-dev-env"
          [32m+[0m [0m"name"        = "scp-aggregation-service-dev-env-COORDINATOR_A_ROLE"
          [32m+[0m [0m"service"     = "operator-service"
        }
      [32m+[0m [0m[1m[0mtags_all[0m[0m  = {
          [32m+[0m [0m"environment" = "aggregation-service-dev-env"
          [32m+[0m [0m"name"        = "scp-aggregation-service-dev-env-COORDINATOR_A_ROLE"
          [32m+[0m [0m"service"     = "operator-service"
        }
      [32m+[0m [0m[1m[0mtier[0m[0m      = "Standard"
      [32m+[0m [0m[1m[0mtype[0m[0m      = "String"
      [32m+[0m [0m[1m[0mvalue[0m[0m     = (sensitive value)
      [32m+[0m [0m[1m[0mversion[0m[0m   = (known after apply)
    }

[1m  # module.operator_service.module.coordinator_a_assume_role_parameter.aws_ssm_parameter.worker_parameter_legacy[0m will be created[0m[0m
[0m  [32m+[0m[0m resource "aws_ssm_parameter" "worker_parameter_legacy" {
      [32m+[0m [0m[1m[0marn[0m[0m       = (known after apply)
      [32m+[0m [0m[1m[0mdata_type[0m[0m = (known after apply)
      [32m+[0m [0m[1m[0mid[0m[0m        = (known after apply)
      [32m+[0m [0m[1m[0mkey_id[0m[0m    = (known after apply)
      [32m+[0m [0m[1m[0mname[0m[0m      = "/aggregate-service/aggregation-service-dev-env/coordinator_a_assume_role_arn"
      [32m+[0m [0m[1m[0moverwrite[0m[0m = true
      [32m+[0m [0m[1m[0mtags[0m[0m      = {
          [32m+[0m [0m"environment" = "aggregation-service-dev-env"
          [32m+[0m [0m"name"        = "/aggregate-service/aggregation-service-dev-env/coordinator_a_assume_role_arn"
          [32m+[0m [0m"service"     = "aggregate-service"
        }
      [32m+[0m [0m[1m[0mtags_all[0m[0m  = {
          [32m+[0m [0m"environment" = "aggregation-service-dev-env"
          [32m+[0m [0m"name"        = "/aggregate-service/aggregation-service-dev-env/coordinator_a_assume_role_arn"
          [32m+[0m [0m"service"     = "aggregate-service"
        }
      [32m+[0m [0m[1m[0mtier[0m[0m      = "Standard"
      [32m+[0m [0m[1m[0mtype[0m[0m      = "String"
      [32m+[0m [0m[1m[0mvalue[0m[0m     = (sensitive value)
      [32m+[0m [0m[1m[0mversion[0m[0m   = (known after apply)
    }

[1m  # module.operator_service.module.coordinator_b_assume_role_parameter.aws_ssm_parameter.worker_parameter[0m will be created[0m[0m
[0m  [32m+[0m[0m resource "aws_ssm_parameter" "worker_parameter" {
      [32m+[0m [0m[1m[0marn[0m[0m       = (known after apply)
      [32m+[0m [0m[1m[0mdata_type[0m[0m = (known after apply)
      [32m+[0m [0m[1m[0mid[0m[0m        = (known after apply)
      [32m+[0m [0m[1m[0mkey_id[0m[0m    = (known after apply)
      [32m+[0m [0m[1m[0mname[0m[0m      = "scp-aggregation-service-dev-env-COORDINATOR_B_ROLE"
      [32m+[0m [0m[1m[0mtags[0m[0m      = {
          [32m+[0m [0m"environment" = "aggregation-service-dev-env"
          [32m+[0m [0m"name"        = "scp-aggregation-service-dev-env-COORDINATOR_B_ROLE"
          [32m+[0m [0m"service"     = "operator-service"
        }
      [32m+[0m [0m[1m[0mtags_all[0m[0m  = {
          [32m+[0m [0m"environment" = "aggregation-service-dev-env"
          [32m+[0m [0m"name"        = "scp-aggregation-service-dev-env-COORDINATOR_B_ROLE"
          [32m+[0m [0m"service"     = "operator-service"
        }
      [32m+[0m [0m[1m[0mtier[0m[0m      = "Standard"
      [32m+[0m [0m[1m[0mtype[0m[0m      = "String"
      [32m+[0m [0m[1m[0mvalue[0m[0m     = (sensitive value)
      [32m+[0m [0m[1m[0mversion[0m[0m   = (known after apply)
    }

[1m  # module.operator_service.module.coordinator_b_assume_role_parameter.aws_ssm_parameter.worker_parameter_legacy[0m will be created[0m[0m
[0m  [32m+[0m[0m resource "aws_ssm_parameter" "worker_parameter_legacy" {
      [32m+[0m [0m[1m[0marn[0m[0m       = (known after apply)
      [32m+[0m [0m[1m[0mdata_type[0m[0m = (known after apply)
      [32m+[0m [0m[1m[0mid[0m[0m        = (known after apply)
      [32m+[0m [0m[1m[0mkey_id[0m[0m    = (known after apply)
      [32m+[0m [0m[1m[0mname[0m[0m      = "/aggregate-service/aggregation-service-dev-env/coordinator_b_assume_role_arn"
      [32m+[0m [0m[1m[0moverwrite[0m[0m = true
      [32m+[0m [0m[1m[0mtags[0m[0m      = {
          [32m+[0m [0m"environment" = "aggregation-service-dev-env"
          [32m+[0m [0m"name"        = "/aggregate-service/aggregation-service-dev-env/coordinator_b_assume_role_arn"
          [32m+[0m [0m"service"     = "aggregate-service"
        }
      [32m+[0m [0m[1m[0mtags_all[0m[0m  = {
          [32m+[0m [0m"environment" = "aggregation-service-dev-env"
          [32m+[0m [0m"name"        = "/aggregate-service/aggregation-service-dev-env/coordinator_b_assume_role_arn"
          [32m+[0m [0m"service"     = "aggregate-service"
        }
      [32m+[0m [0m[1m[0mtier[0m[0m      = "Standard"
      [32m+[0m [0m[1m[0mtype[0m[0m      = "String"
      [32m+[0m [0m[1m[0mvalue[0m[0m     = (sensitive value)
      [32m+[0m [0m[1m[0mversion[0m[0m   = (known after apply)
    }

[1m  # module.operator_service.module.frontend.aws_apigatewayv2_api.frontend_api_gateway[0m will be created[0m[0m
[0m  [32m+[0m[0m resource "aws_apigatewayv2_api" "frontend_api_gateway" {
      [32m+[0m [0m[1m[0mapi_endpoint[0m[0m                 = (known after apply)
      [32m+[0m [0m[1m[0mapi_key_selection_expression[0m[0m = "$request.header.x-api-key"
      [32m+[0m [0m[1m[0marn[0m[0m                          = (known after apply)
      [32m+[0m [0m[1m[0mdescription[0m[0m                  = "Aggregate Service Frontend API"
      [32m+[0m [0m[1m[0mexecution_arn[0m[0m                = (known after apply)
      [32m+[0m [0m[1m[0mid[0m[0m                           = (known after apply)
      [32m+[0m [0m[1m[0mname[0m[0m                         = "aggregation-service-dev-env-us-west-2-frontend-api"
      [32m+[0m [0m[1m[0mprotocol_type[0m[0m                = "HTTP"
      [32m+[0m [0m[1m[0mroute_selection_expression[0m[0m   = "$request.method $request.path"
      [32m+[0m [0m[1m[0mtags_all[0m[0m                     = (known after apply)
    }

[1m  # module.operator_service.module.frontend.aws_apigatewayv2_integration.create_job_api_gateway_integration[0m will be created[0m[0m
[0m  [32m+[0m[0m resource "aws_apigatewayv2_integration" "create_job_api_gateway_integration" {
      [32m+[0m [0m[1m[0mapi_id[0m[0m                                    = (known after apply)
      [32m+[0m [0m[1m[0mconnection_type[0m[0m                           = "INTERNET"
      [32m+[0m [0m[1m[0mid[0m[0m                                        = (known after apply)
      [32m+[0m [0m[1m[0mintegration_method[0m[0m                        = "POST"
      [32m+[0m [0m[1m[0mintegration_response_selection_expression[0m[0m = (known after apply)
      [32m+[0m [0m[1m[0mintegration_type[0m[0m                          = "AWS_PROXY"
      [32m+[0m [0m[1m[0mintegration_uri[0m[0m                           = (known after apply)
      [32m+[0m [0m[1m[0mpayload_format_version[0m[0m                    = "1.0"
      [32m+[0m [0m[1m[0mtimeout_milliseconds[0m[0m                      = (known after apply)
    }

[1m  # module.operator_service.module.frontend.aws_apigatewayv2_integration.get_job_api_gateway_integration[0m will be created[0m[0m
[0m  [32m+[0m[0m resource "aws_apigatewayv2_integration" "get_job_api_gateway_integration" {
      [32m+[0m [0m[1m[0mapi_id[0m[0m                                    = (known after apply)
      [32m+[0m [0m[1m[0mconnection_type[0m[0m                           = "INTERNET"
      [32m+[0m [0m[1m[0mid[0m[0m                                        = (known after apply)
      [32m+[0m [0m[1m[0mintegration_method[0m[0m                        = "POST"
      [32m+[0m [0m[1m[0mintegration_response_selection_expression[0m[0m = (known after apply)
      [32m+[0m [0m[1m[0mintegration_type[0m[0m                          = "AWS_PROXY"
      [32m+[0m [0m[1m[0mintegration_uri[0m[0m                           = (known after apply)
      [32m+[0m [0m[1m[0mpayload_format_version[0m[0m                    = "1.0"
      [32m+[0m [0m[1m[0mtimeout_milliseconds[0m[0m                      = (known after apply)
    }

[1m  # module.operator_service.module.frontend.aws_apigatewayv2_route.create_job_api_gateway_route[0m will be created[0m[0m
[0m  [32m+[0m[0m resource "aws_apigatewayv2_route" "create_job_api_gateway_route" {
      [32m+[0m [0m[1m[0mapi_id[0m[0m             = (known after apply)
      [32m+[0m [0m[1m[0mapi_key_required[0m[0m   = false
      [32m+[0m [0m[1m[0mauthorization_type[0m[0m = "AWS_IAM"
      [32m+[0m [0m[1m[0mid[0m[0m                 = (known after apply)
      [32m+[0m [0m[1m[0mroute_key[0m[0m          = "POST /v1alpha/createJob"
      [32m+[0m [0m[1m[0mtarget[0m[0m             = (known after apply)
    }

[1m  # module.operator_service.module.frontend.aws_apigatewayv2_route.get_job_api_gateway_route[0m will be created[0m[0m
[0m  [32m+[0m[0m resource "aws_apigatewayv2_route" "get_job_api_gateway_route" {
      [32m+[0m [0m[1m[0mapi_id[0m[0m             = (known after apply)
      [32m+[0m [0m[1m[0mapi_key_required[0m[0m   = false
      [32m+[0m [0m[1m[0mauthorization_type[0m[0m = "AWS_IAM"
      [32m+[0m [0m[1m[0mid[0m[0m                 = (known after apply)
      [32m+[0m [0m[1m[0mroute_key[0m[0m          = "GET /v1alpha/getJob"
      [32m+[0m [0m[1m[0mtarget[0m[0m             = (known after apply)
    }

[1m  # module.operator_service.module.frontend.aws_apigatewayv2_stage.frontend_api_gateway_stage[0m will be created[0m[0m
[0m  [32m+[0m[0m resource "aws_apigatewayv2_stage" "frontend_api_gateway_stage" {
      [32m+[0m [0m[1m[0mapi_id[0m[0m        = (known after apply)
      [32m+[0m [0m[1m[0marn[0m[0m           = (known after apply)
      [32m+[0m [0m[1m[0mauto_deploy[0m[0m   = true
      [32m+[0m [0m[1m[0mdeployment_id[0m[0m = (known after apply)
      [32m+[0m [0m[1m[0mexecution_arn[0m[0m = (known after apply)
      [32m+[0m [0m[1m[0mid[0m[0m            = (known after apply)
      [32m+[0m [0m[1m[0minvoke_url[0m[0m    = (known after apply)
      [32m+[0m [0m[1m[0mname[0m[0m          = "stage"
      [32m+[0m [0m[1m[0mtags_all[0m[0m      = (known after apply)

      [32m+[0m [0maccess_log_settings {
          [32m+[0m [0m[1m[0mdestination_arn[0m[0m = (known after apply)
          [32m+[0m [0m[1m[0mformat[0m[0m          = jsonencode(
                {
                  [32m+[0m [0mhttpMethod      = "$context.httpMethod"
                  [32m+[0m [0mrequestId       = "$context.requestId"
                  [32m+[0m [0mrequestTime     = "$context.requestTime"
                  [32m+[0m [0mresponseLatency = "$context.responseLatency"
                  [32m+[0m [0mresponseLength  = "$context.responseLength"
                  [32m+[0m [0mrouteKey        = "$context.routeKey"
                  [32m+[0m [0mstatus          = "$context.status"
                }
            )
        }

      [32m+[0m [0mdefault_route_settings {
          [32m+[0m [0m[1m[0mdata_trace_enabled[0m[0m       = false
          [32m+[0m [0m[1m[0mdetailed_metrics_enabled[0m[0m = true
          [32m+[0m [0m[1m[0mlogging_level[0m[0m            = "INFO"
          [32m+[0m [0m[1m[0mthrottling_burst_limit[0m[0m   = 5000
          [32m+[0m [0m[1m[0mthrottling_rate_limit[0m[0m    = 10000
        }
    }

[1m  # module.operator_service.module.frontend.aws_cloudwatch_log_group.create_job_lambda_cloudwatch[0m will be created[0m[0m
[0m  [32m+[0m[0m resource "aws_cloudwatch_log_group" "create_job_lambda_cloudwatch" {
      [32m+[0m [0m[1m[0marn[0m[0m               = (known after apply)
      [32m+[0m [0m[1m[0mid[0m[0m                = (known after apply)
      [32m+[0m [0m[1m[0mname[0m[0m              = "/aws/lambda/aggregation-service-dev-env-create-job"
      [32m+[0m [0m[1m[0mretention_in_days[0m[0m = 90
      [32m+[0m [0m[1m[0mtags_all[0m[0m          = (known after apply)
    }

[1m  # module.operator_service.module.frontend.aws_cloudwatch_log_group.frontend_api_gateway_log_group[0m will be created[0m[0m
[0m  [32m+[0m[0m resource "aws_cloudwatch_log_group" "frontend_api_gateway_log_group" {
      [32m+[0m [0m[1m[0marn[0m[0m               = (known after apply)
      [32m+[0m [0m[1m[0mid[0m[0m                = (known after apply)
      [32m+[0m [0m[1m[0mname[0m[0m              = "/aws/vendedlogs/apigateway/aggregation-service-dev-env-us-west-2-frontend-api"
      [32m+[0m [0m[1m[0mretention_in_days[0m[0m = 90
      [32m+[0m [0m[1m[0mtags_all[0m[0m          = (known after apply)
    }

[1m  # module.operator_service.module.frontend.aws_cloudwatch_log_group.get_job_lambda_cloudwatch[0m will be created[0m[0m
[0m  [32m+[0m[0m resource "aws_cloudwatch_log_group" "get_job_lambda_cloudwatch" {
      [32m+[0m [0m[1m[0marn[0m[0m               = (known after apply)
      [32m+[0m [0m[1m[0mid[0m[0m                = (known after apply)
      [32m+[0m [0m[1m[0mname[0m[0m              = "/aws/lambda/aggregation-service-dev-env-get-job"
      [32m+[0m [0m[1m[0mretention_in_days[0m[0m = 90
      [32m+[0m [0m[1m[0mtags_all[0m[0m          = (known after apply)
    }

[1m  # module.operator_service.module.frontend.aws_cloudwatch_metric_alarm.change_handler_dlq_alarm[0][0m will be created[0m[0m
[0m  [32m+[0m[0m resource "aws_cloudwatch_metric_alarm" "change_handler_dlq_alarm" {
      [32m+[0m [0m[1m[0mactions_enabled[0m[0m                       = true
      [32m+[0m [0m[1m[0malarm_actions[0m[0m                         = (known after apply)
      [32m+[0m [0m[1m[0malarm_description[0m[0m                     = "Dlq mgs sent over 0.0%"
      [32m+[0m [0m[1m[0malarm_name[0m[0m                            = "aggregation-service-dev-env_us-west-2_change_handler_dlq_alarm"
      [32m+[0m [0m[1m[0marn[0m[0m                                   = (known after apply)
      [32m+[0m [0m[1m[0mcomparison_operator[0m[0m                   = "GreaterThanThreshold"
      [32m+[0m [0m[1m[0mdimensions[0m[0m                            = {
          [32m+[0m [0m"QueueName" = "aggregation-service-dev-env-ChangeHandlerDeadLetter"
        }
      [32m+[0m [0m[1m[0mevaluate_low_sample_count_percentiles[0m[0m = (known after apply)
      [32m+[0m [0m[1m[0mevaluation_periods[0m[0m                    = 1
      [32m+[0m [0m[1m[0mid[0m[0m                                    = (known after apply)
      [32m+[0m [0m[1m[0mmetric_name[0m[0m                           = "NumberOfMessagesReceived"
      [32m+[0m [0m[1m[0mnamespace[0m[0m                             = "AWS/SQS"
      [32m+[0m [0m[1m[0mperiod[0m[0m                                = 60
      [32m+[0m [0m[1m[0mstatistic[0m[0m                             = "Sum"
      [32m+[0m [0m[1m[0mtags_all[0m[0m                              = (known after apply)
      [32m+[0m [0m[1m[0mthreshold[0m[0m                             = 0
      [32m+[0m [0m[1m[0mtreat_missing_data[0m[0m                    = "notBreaching"
    }

[1m  # module.operator_service.module.frontend.aws_cloudwatch_metric_alarm.change_handler_latency_alarm[0][0m will be created[0m[0m
[0m  [32m+[0m[0m resource "aws_cloudwatch_metric_alarm" "change_handler_latency_alarm" {
      [32m+[0m [0m[1m[0mactions_enabled[0m[0m                       = true
      [32m+[0m [0m[1m[0malarm_actions[0m[0m                         = (known after apply)
      [32m+[0m [0m[1m[0malarm_description[0m[0m                     = "Max latency over 9999ms"
      [32m+[0m [0m[1m[0malarm_name[0m[0m                            = "aggregation-service-dev-env_us-west-2_change_handler_latency_alarm"
      [32m+[0m [0m[1m[0marn[0m[0m                                   = (known after apply)
      [32m+[0m [0m[1m[0mcomparison_operator[0m[0m                   = "GreaterThanThreshold"
      [32m+[0m [0m[1m[0mdimensions[0m[0m                            = {
          [32m+[0m [0m"FunctionName" = "aggregation-service-dev-env-ChangeHandler"
        }
      [32m+[0m [0m[1m[0mevaluate_low_sample_count_percentiles[0m[0m = (known after apply)
      [32m+[0m [0m[1m[0mevaluation_periods[0m[0m                    = 1
      [32m+[0m [0m[1m[0mid[0m[0m                                    = (known after apply)
      [32m+[0m [0m[1m[0mmetric_name[0m[0m                           = "IteratorAge"
      [32m+[0m [0m[1m[0mnamespace[0m[0m                             = "AWS/Lambda"
      [32m+[0m [0m[1m[0mperiod[0m[0m                                = 60
      [32m+[0m [0m[1m[0mstatistic[0m[0m                             = "Maximum"
      [32m+[0m [0m[1m[0mtags_all[0m[0m                              = (known after apply)
      [32m+[0m [0m[1m[0mthreshold[0m[0m                             = 9999
      [32m+[0m [0m[1m[0mtreat_missing_data[0m[0m                    = "notBreaching"
    }

[1m  # module.operator_service.module.frontend.aws_cloudwatch_metric_alarm.create_job_key_lambda_max_duration_alarm[0][0m will be created[0m[0m
[0m  [32m+[0m[0m resource "aws_cloudwatch_metric_alarm" "create_job_key_lambda_max_duration_alarm" {
      [32m+[0m [0m[1m[0mactions_enabled[0m[0m                       = true
      [32m+[0m [0m[1m[0malarm_actions[0m[0m                         = (known after apply)
      [32m+[0m [0m[1m[0malarm_description[0m[0m                     = "Lambda duration over 9999ms"
      [32m+[0m [0m[1m[0malarm_name[0m[0m                            = "aggregation-service-dev-env_us-west-2_create_job_key_lambda_max_duration_alarm"
      [32m+[0m [0m[1m[0marn[0m[0m                                   = (known after apply)
      [32m+[0m [0m[1m[0mcomparison_operator[0m[0m                   = "GreaterThanThreshold"
      [32m+[0m [0m[1m[0mdimensions[0m[0m                            = {
          [32m+[0m [0m"FunctionName" = "aggregation-service-dev-env-create-job"
        }
      [32m+[0m [0m[1m[0mevaluate_low_sample_count_percentiles[0m[0m = (known after apply)
      [32m+[0m [0m[1m[0mevaluation_periods[0m[0m                    = 1
      [32m+[0m [0m[1m[0mid[0m[0m                                    = (known after apply)
      [32m+[0m [0m[1m[0mmetric_name[0m[0m                           = "Duration"
      [32m+[0m [0m[1m[0mnamespace[0m[0m                             = "AWS/Lambda"
      [32m+[0m [0m[1m[0mperiod[0m[0m                                = 60
      [32m+[0m [0m[1m[0mstatistic[0m[0m                             = "Maximum"
      [32m+[0m [0m[1m[0mtags_all[0m[0m                              = (known after apply)
      [32m+[0m [0m[1m[0mthreshold[0m[0m                             = 9999
      [32m+[0m [0m[1m[0mtreat_missing_data[0m[0m                    = "notBreaching"
    }

[1m  # module.operator_service.module.frontend.aws_cloudwatch_metric_alarm.create_job_key_lambda_max_throttles_alarm[0][0m will be created[0m[0m
[0m  [32m+[0m[0m resource "aws_cloudwatch_metric_alarm" "create_job_key_lambda_max_throttles_alarm" {
      [32m+[0m [0m[1m[0mactions_enabled[0m[0m                       = true
      [32m+[0m [0m[1m[0malarm_actions[0m[0m                         = (known after apply)
      [32m+[0m [0m[1m[0malarm_description[0m[0m                     = "Lambda throttles over 10"
      [32m+[0m [0m[1m[0malarm_name[0m[0m                            = "aggregation-service-dev-env_us-west-2_create_job_key_lambda_max_throttles_alarm"
      [32m+[0m [0m[1m[0marn[0m[0m                                   = (known after apply)
      [32m+[0m [0m[1m[0mcomparison_operator[0m[0m                   = "GreaterThanThreshold"
      [32m+[0m [0m[1m[0mdimensions[0m[0m                            = {
          [32m+[0m [0m"FunctionName" = "aggregation-service-dev-env-create-job"
        }
      [32m+[0m [0m[1m[0mevaluate_low_sample_count_percentiles[0m[0m = (known after apply)
      [32m+[0m [0m[1m[0mevaluation_periods[0m[0m                    = 1
      [32m+[0m [0m[1m[0mid[0m[0m                                    = (known after apply)
      [32m+[0m [0m[1m[0mmetric_name[0m[0m                           = "Throttles"
      [32m+[0m [0m[1m[0mnamespace[0m[0m                             = "AWS/Lambda"
      [32m+[0m [0m[1m[0mperiod[0m[0m                                = 60
      [32m+[0m [0m[1m[0mstatistic[0m[0m                             = "Maximum"
      [32m+[0m [0m[1m[0mtags_all[0m[0m                              = (known after apply)
      [32m+[0m [0m[1m[0mthreshold[0m[0m                             = 10
      [32m+[0m [0m[1m[0mtreat_missing_data[0m[0m                    = "notBreaching"
    }

[1m  # module.operator_service.module.frontend.aws_cloudwatch_metric_alarm.create_job_lambda_error_alarm[0][0m will be created[0m[0m
[0m  [32m+[0m[0m resource "aws_cloudwatch_metric_alarm" "create_job_lambda_error_alarm" {
      [32m+[0m [0m[1m[0mactions_enabled[0m[0m                       = true
      [32m+[0m [0m[1m[0malarm_actions[0m[0m                         = (known after apply)
      [32m+[0m [0m[1m[0malarm_description[0m[0m                     = "Lambda errors over 0.0%"
      [32m+[0m [0m[1m[0malarm_name[0m[0m                            = "aggregation-service-dev-env_us-west-2_create_job_lambda_error_alarm"
      [32m+[0m [0m[1m[0marn[0m[0m                                   = (known after apply)
      [32m+[0m [0m[1m[0mcomparison_operator[0m[0m                   = "GreaterThanThreshold"
      [32m+[0m [0m[1m[0mdimensions[0m[0m                            = {
          [32m+[0m [0m"FunctionName" = "aggregation-service-dev-env-create-job"
        }
      [32m+[0m [0m[1m[0mevaluate_low_sample_count_percentiles[0m[0m = (known after apply)
      [32m+[0m [0m[1m[0mevaluation_periods[0m[0m                    = 1
      [32m+[0m [0m[1m[0mid[0m[0m                                    = (known after apply)
      [32m+[0m [0m[1m[0mmetric_name[0m[0m                           = "Errors"
      [32m+[0m [0m[1m[0mnamespace[0m[0m                             = "AWS/Lambda"
      [32m+[0m [0m[1m[0mperiod[0m[0m                                = 60
      [32m+[0m [0m[1m[0mstatistic[0m[0m                             = "Sum"
      [32m+[0m [0m[1m[0mtags_all[0m[0m                              = (known after apply)
      [32m+[0m [0m[1m[0mthreshold[0m[0m                             = 0
      [32m+[0m [0m[1m[0mtreat_missing_data[0m[0m                    = "notBreaching"
    }

[1m  # module.operator_service.module.frontend.aws_cloudwatch_metric_alarm.frontend_api_4xx_alarm[0][0m will be created[0m[0m
[0m  [32m+[0m[0m resource "aws_cloudwatch_metric_alarm" "frontend_api_4xx_alarm" {
      [32m+[0m [0m[1m[0mactions_enabled[0m[0m                       = true
      [32m+[0m [0m[1m[0malarm_actions[0m[0m                         = (known after apply)
      [32m+[0m [0m[1m[0malarm_description[0m[0m                     = "4xx errors over 0.0%"
      [32m+[0m [0m[1m[0malarm_name[0m[0m                            = "aggregation-service-dev-env_us-west-2_frontend_api_4xx_alarm"
      [32m+[0m [0m[1m[0marn[0m[0m                                   = (known after apply)
      [32m+[0m [0m[1m[0mcomparison_operator[0m[0m                   = "GreaterThanThreshold"
      [32m+[0m [0m[1m[0mdimensions[0m[0m                            = (known after apply)
      [32m+[0m [0m[1m[0mevaluate_low_sample_count_percentiles[0m[0m = (known after apply)
      [32m+[0m [0m[1m[0mevaluation_periods[0m[0m                    = 1
      [32m+[0m [0m[1m[0mid[0m[0m                                    = (known after apply)
      [32m+[0m [0m[1m[0mmetric_name[0m[0m                           = "4XXError"
      [32m+[0m [0m[1m[0mnamespace[0m[0m                             = "AWS/ApiGateway"
      [32m+[0m [0m[1m[0mperiod[0m[0m                                = 60
      [32m+[0m [0m[1m[0mstatistic[0m[0m                             = "Sum"
      [32m+[0m [0m[1m[0mtags_all[0m[0m                              = (known after apply)
      [32m+[0m [0m[1m[0mthreshold[0m[0m                             = 0
      [32m+[0m [0m[1m[0mtreat_missing_data[0m[0m                    = "notBreaching"
    }

[1m  # module.operator_service.module.frontend.aws_cloudwatch_metric_alarm.frontend_api_5xx_alarm[0][0m will be created[0m[0m
[0m  [32m+[0m[0m resource "aws_cloudwatch_metric_alarm" "frontend_api_5xx_alarm" {
      [32m+[0m [0m[1m[0mactions_enabled[0m[0m                       = true
      [32m+[0m [0m[1m[0malarm_actions[0m[0m                         = (known after apply)
      [32m+[0m [0m[1m[0malarm_description[0m[0m                     = "5xx errors over 0.0%"
      [32m+[0m [0m[1m[0malarm_name[0m[0m                            = "aggregation-service-dev-env_us-west-2_frontend_api_5xx_alarm"
      [32m+[0m [0m[1m[0marn[0m[0m                                   = (known after apply)
      [32m+[0m [0m[1m[0mcomparison_operator[0m[0m                   = "GreaterThanThreshold"
      [32m+[0m [0m[1m[0mdimensions[0m[0m                            = (known after apply)
      [32m+[0m [0m[1m[0mevaluate_low_sample_count_percentiles[0m[0m = (known after apply)
      [32m+[0m [0m[1m[0mevaluation_periods[0m[0m                    = 1
      [32m+[0m [0m[1m[0mid[0m[0m                                    = (known after apply)
      [32m+[0m [0m[1m[0mmetric_name[0m[0m                           = "5XXError"
      [32m+[0m [0m[1m[0mnamespace[0m[0m                             = "AWS/ApiGateway"
      [32m+[0m [0m[1m[0mperiod[0m[0m                                = 60
      [32m+[0m [0m[1m[0mstatistic[0m[0m                             = "Sum"
      [32m+[0m [0m[1m[0mtags_all[0m[0m                              = (known after apply)
      [32m+[0m [0m[1m[0mthreshold[0m[0m                             = 0
      [32m+[0m [0m[1m[0mtreat_missing_data[0m[0m                    = "notBreaching"
    }

[1m  # module.operator_service.module.frontend.aws_cloudwatch_metric_alarm.frontend_api_max_latency_alarm[0][0m will be created[0m[0m
[0m  [32m+[0m[0m resource "aws_cloudwatch_metric_alarm" "frontend_api_max_latency_alarm" {
      [32m+[0m [0m[1m[0mactions_enabled[0m[0m                       = true
      [32m+[0m [0m[1m[0malarm_actions[0m[0m                         = (known after apply)
      [32m+[0m [0m[1m[0malarm_description[0m[0m                     = "Max latency over 5000ms"
      [32m+[0m [0m[1m[0malarm_name[0m[0m                            = "aggregation-service-dev-env_us-west-2_frontend_api_max_latency_alarm"
      [32m+[0m [0m[1m[0marn[0m[0m                                   = (known after apply)
      [32m+[0m [0m[1m[0mcomparison_operator[0m[0m                   = "GreaterThanThreshold"
      [32m+[0m [0m[1m[0mdimensions[0m[0m                            = (known after apply)
      [32m+[0m [0m[1m[0mevaluate_low_sample_count_percentiles[0m[0m = (known after apply)
      [32m+[0m [0m[1m[0mevaluation_periods[0m[0m                    = 1
      [32m+[0m [0m[1m[0mid[0m[0m                                    = (known after apply)
      [32m+[0m [0m[1m[0mmetric_name[0m[0m                           = "Latency"
      [32m+[0m [0m[1m[0mnamespace[0m[0m                             = "AWS/ApiGateway"
      [32m+[0m [0m[1m[0mperiod[0m[0m                                = 60
      [32m+[0m [0m[1m[0mstatistic[0m[0m                             = "Maximum"
      [32m+[0m [0m[1m[0mtags_all[0m[0m                              = (known after apply)
      [32m+[0m [0m[1m[0mthreshold[0m[0m                             = 5000
      [32m+[0m [0m[1m[0mtreat_missing_data[0m[0m                    = "missing"
      [32m+[0m [0m[1m[0munit[0m[0m                                  = "Milliseconds"
    }

[1m  # module.operator_service.module.frontend.aws_cloudwatch_metric_alarm.get_job_key_lambda_max_duration_alarm[0][0m will be created[0m[0m
[0m  [32m+[0m[0m resource "aws_cloudwatch_metric_alarm" "get_job_key_lambda_max_duration_alarm" {
      [32m+[0m [0m[1m[0mactions_enabled[0m[0m                       = true
      [32m+[0m [0m[1m[0malarm_actions[0m[0m                         = (known after apply)
      [32m+[0m [0m[1m[0malarm_description[0m[0m                     = "Lambda duration over 9999ms"
      [32m+[0m [0m[1m[0malarm_name[0m[0m                            = "aggregation-service-dev-env_us-west-2_get_job_key_lambda_max_duration_alarm"
      [32m+[0m [0m[1m[0marn[0m[0m                                   = (known after apply)
      [32m+[0m [0m[1m[0mcomparison_operator[0m[0m                   = "GreaterThanThreshold"
      [32m+[0m [0m[1m[0mdimensions[0m[0m                            = {
          [32m+[0m [0m"FunctionName" = "aggregation-service-dev-env-get-job"
        }
      [32m+[0m [0m[1m[0mevaluate_low_sample_count_percentiles[0m[0m = (known after apply)
      [32m+[0m [0m[1m[0mevaluation_periods[0m[0m                    = 1
      [32m+[0m [0m[1m[0mid[0m[0m                                    = (known after apply)
      [32m+[0m [0m[1m[0mmetric_name[0m[0m                           = "Duration"
      [32m+[0m [0m[1m[0mnamespace[0m[0m                             = "AWS/Lambda"
      [32m+[0m [0m[1m[0mperiod[0m[0m                                = 60
      [32m+[0m [0m[1m[0mstatistic[0m[0m                             = "Maximum"
      [32m+[0m [0m[1m[0mtags_all[0m[0m                              = (known after apply)
      [32m+[0m [0m[1m[0mthreshold[0m[0m                             = 9999
      [32m+[0m [0m[1m[0mtreat_missing_data[0m[0m                    = "notBreaching"
    }

[1m  # module.operator_service.module.frontend.aws_cloudwatch_metric_alarm.get_job_key_lambda_max_throttles_alarm[0][0m will be created[0m[0m
[0m  [32m+[0m[0m resource "aws_cloudwatch_metric_alarm" "get_job_key_lambda_max_throttles_alarm" {
      [32m+[0m [0m[1m[0mactions_enabled[0m[0m                       = true
      [32m+[0m [0m[1m[0malarm_actions[0m[0m                         = (known after apply)
      [32m+[0m [0m[1m[0malarm_description[0m[0m                     = "Lambda throttles over 10"
      [32m+[0m [0m[1m[0malarm_name[0m[0m                            = "aggregation-service-dev-env_us-west-2_get_job_key_lambda_max_throttles_alarm"
      [32m+[0m [0m[1m[0marn[0m[0m                                   = (known after apply)
      [32m+[0m [0m[1m[0mcomparison_operator[0m[0m                   = "GreaterThanThreshold"
      [32m+[0m [0m[1m[0mdimensions[0m[0m                            = {
          [32m+[0m [0m"FunctionName" = "aggregation-service-dev-env-get-job"
        }
      [32m+[0m [0m[1m[0mevaluate_low_sample_count_percentiles[0m[0m = (known after apply)
      [32m+[0m [0m[1m[0mevaluation_periods[0m[0m                    = 1
      [32m+[0m [0m[1m[0mid[0m[0m                                    = (known after apply)
      [32m+[0m [0m[1m[0mmetric_name[0m[0m                           = "Throttles"
      [32m+[0m [0m[1m[0mnamespace[0m[0m                             = "AWS/Lambda"
      [32m+[0m [0m[1m[0mperiod[0m[0m                                = 60
      [32m+[0m [0m[1m[0mstatistic[0m[0m                             = "Maximum"
      [32m+[0m [0m[1m[0mtags_all[0m[0m                              = (known after apply)
      [32m+[0m [0m[1m[0mthreshold[0m[0m                             = 10
      [32m+[0m [0m[1m[0mtreat_missing_data[0m[0m                    = "notBreaching"
    }

[1m  # module.operator_service.module.frontend.aws_cloudwatch_metric_alarm.get_job_lambda_error_alarm[0][0m will be created[0m[0m
[0m  [32m+[0m[0m resource "aws_cloudwatch_metric_alarm" "get_job_lambda_error_alarm" {
      [32m+[0m [0m[1m[0mactions_enabled[0m[0m                       = true
      [32m+[0m [0m[1m[0malarm_actions[0m[0m                         = (known after apply)
      [32m+[0m [0m[1m[0malarm_description[0m[0m                     = "Lambda errors over 0.0%"
      [32m+[0m [0m[1m[0malarm_name[0m[0m                            = "aggregation-service-dev-env_us-west-2_get_job_lambda_error_alarm"
      [32m+[0m [0m[1m[0marn[0m[0m                                   = (known after apply)
      [32m+[0m [0m[1m[0mcomparison_operator[0m[0m                   = "GreaterThanThreshold"
      [32m+[0m [0m[1m[0mdimensions[0m[0m                            = {
          [32m+[0m [0m"FunctionName" = "aggregation-service-dev-env-get-job"
        }
      [32m+[0m [0m[1m[0mevaluate_low_sample_count_percentiles[0m[0m = (known after apply)
      [32m+[0m [0m[1m[0mevaluation_periods[0m[0m                    = 1
      [32m+[0m [0m[1m[0mid[0m[0m                                    = (known after apply)
      [32m+[0m [0m[1m[0mmetric_name[0m[0m                           = "Errors"
      [32m+[0m [0m[1m[0mnamespace[0m[0m                             = "AWS/Lambda"
      [32m+[0m [0m[1m[0mperiod[0m[0m                                = 60
      [32m+[0m [0m[1m[0mstatistic[0m[0m                             = "Sum"
      [32m+[0m [0m[1m[0mtags_all[0m[0m                              = (known after apply)
      [32m+[0m [0m[1m[0mthreshold[0m[0m                             = 0
      [32m+[0m [0m[1m[0mtreat_missing_data[0m[0m                    = "notBreaching"
    }

[1m  # module.operator_service.module.frontend.aws_iam_policy.change_handler_jobqueue_write_access[0m will be created[0m[0m
[0m  [32m+[0m[0m resource "aws_iam_policy" "change_handler_jobqueue_write_access" {
      [32m+[0m [0m[1m[0marn[0m[0m       = (known after apply)
      [32m+[0m [0m[1m[0mid[0m[0m        = (known after apply)
      [32m+[0m [0m[1m[0mname[0m[0m      = (known after apply)
      [32m+[0m [0m[1m[0mpath[0m[0m      = "/"
      [32m+[0m [0m[1m[0mpolicy[0m[0m    = (known after apply)
      [32m+[0m [0m[1m[0mpolicy_id[0m[0m = (known after apply)
      [32m+[0m [0m[1m[0mtags_all[0m[0m  = (known after apply)
    }

[1m  # module.operator_service.module.frontend.aws_iam_policy.change_handler_metadata_db_stream_read_access[0m will be created[0m[0m
[0m  [32m+[0m[0m resource "aws_iam_policy" "change_handler_metadata_db_stream_read_access" {
      [32m+[0m [0m[1m[0marn[0m[0m       = (known after apply)
      [32m+[0m [0m[1m[0mid[0m[0m        = (known after apply)
      [32m+[0m [0m[1m[0mname[0m[0m      = (known after apply)
      [32m+[0m [0m[1m[0mpath[0m[0m      = "/"
      [32m+[0m [0m[1m[0mpolicy[0m[0m    = (known after apply)
      [32m+[0m [0m[1m[0mpolicy_id[0m[0m = (known after apply)
      [32m+[0m [0m[1m[0mtags_all[0m[0m  = (known after apply)
    }

[1m  # module.operator_service.module.frontend.aws_iam_policy.lambda_log_policy[0m will be created[0m[0m
[0m  [32m+[0m[0m resource "aws_iam_policy" "lambda_log_policy" {
      [32m+[0m [0m[1m[0marn[0m[0m       = (known after apply)
      [32m+[0m [0m[1m[0mid[0m[0m        = (known after apply)
      [32m+[0m [0m[1m[0mname[0m[0m      = (known after apply)
      [32m+[0m [0m[1m[0mpath[0m[0m      = "/"
      [32m+[0m [0m[1m[0mpolicy[0m[0m    = jsonencode(
            {
              [32m+[0m [0mStatement = [
                  [32m+[0m [0m{
                      [32m+[0m [0mAction   = [
                          [32m+[0m [0m"logs:CreateLogGroup",
                          [32m+[0m [0m"logs:CreateLogStream",
                          [32m+[0m [0m"logs:PutLogEvents",
                        ]
                      [32m+[0m [0mEffect   = "Allow"
                      [32m+[0m [0mResource = "*"
                    },
                ]
              [32m+[0m [0mVersion   = "2012-10-17"
            }
        )
      [32m+[0m [0m[1m[0mpolicy_id[0m[0m = (known after apply)
      [32m+[0m [0m[1m[0mtags_all[0m[0m  = (known after apply)
    }

[1m  # module.operator_service.module.frontend.aws_iam_role.change_handler_lambda_role[0m will be created[0m[0m
[0m  [32m+[0m[0m resource "aws_iam_role" "change_handler_lambda_role" {
      [32m+[0m [0m[1m[0marn[0m[0m                   = (known after apply)
      [32m+[0m [0m[1m[0massume_role_policy[0m[0m    = jsonencode(
            {
              [32m+[0m [0mStatement = [
                  [32m+[0m [0m{
                      [32m+[0m [0mAction    = "sts:AssumeRole"
                      [32m+[0m [0mEffect    = "Allow"
                      [32m+[0m [0mPrincipal = {
                          [32m+[0m [0mService = "lambda.amazonaws.com"
                        }
                    },
                ]
              [32m+[0m [0mVersion   = "2012-10-17"
            }
        )
      [32m+[0m [0m[1m[0mcreate_date[0m[0m           = (known after apply)
      [32m+[0m [0m[1m[0mforce_detach_policies[0m[0m = false
      [32m+[0m [0m[1m[0mid[0m[0m                    = (known after apply)
      [32m+[0m [0m[1m[0mmanaged_policy_arns[0m[0m   = (known after apply)
      [32m+[0m [0m[1m[0mmax_session_duration[0m[0m  = 3600
      [32m+[0m [0m[1m[0mname[0m[0m                  = "aggregation-service-dev-env-ChangeHandlerRole"
      [32m+[0m [0m[1m[0mname_prefix[0m[0m           = (known after apply)
      [32m+[0m [0m[1m[0mpath[0m[0m                  = "/"
      [32m+[0m [0m[1m[0mtags_all[0m[0m              = (known after apply)
      [32m+[0m [0m[1m[0munique_id[0m[0m             = (known after apply)

      [32m+[0m [0minline_policy {
          [32m+[0m [0m[1m[0mname[0m[0m   = (known after apply)
          [32m+[0m [0m[1m[0mpolicy[0m[0m = (known after apply)
        }
    }

[1m  # module.operator_service.module.frontend.aws_iam_role.dlq_cleanup_lambda_role[0m will be created[0m[0m
[0m  [32m+[0m[0m resource "aws_iam_role" "dlq_cleanup_lambda_role" {
      [32m+[0m [0m[1m[0marn[0m[0m                   = (known after apply)
      [32m+[0m [0m[1m[0massume_role_policy[0m[0m    = jsonencode(
            {
              [32m+[0m [0mStatement = [
                  [32m+[0m [0m{
                      [32m+[0m [0mAction    = "sts:AssumeRole"
                      [32m+[0m [0mEffect    = "Allow"
                      [32m+[0m [0mPrincipal = {
                          [32m+[0m [0mService = "lambda.amazonaws.com"
                        }
                    },
                ]
              [32m+[0m [0mVersion   = "2012-10-17"
            }
        )
      [32m+[0m [0m[1m[0mcreate_date[0m[0m           = (known after apply)
      [32m+[0m [0m[1m[0mforce_detach_policies[0m[0m = false
      [32m+[0m [0m[1m[0mid[0m[0m                    = (known after apply)
      [32m+[0m [0m[1m[0mmanaged_policy_arns[0m[0m   = (known after apply)
      [32m+[0m [0m[1m[0mmax_session_duration[0m[0m  = 3600
      [32m+[0m [0m[1m[0mname[0m[0m                  = "aggregation-service-dev-env-DeadLetterCleanupRole"
      [32m+[0m [0m[1m[0mname_prefix[0m[0m           = (known after apply)
      [32m+[0m [0m[1m[0mpath[0m[0m                  = "/"
      [32m+[0m [0m[1m[0mtags_all[0m[0m              = (known after apply)
      [32m+[0m [0m[1m[0munique_id[0m[0m             = (known after apply)

      [32m+[0m [0minline_policy {
          [32m+[0m [0m[1m[0mname[0m[0m   = (known after apply)
          [32m+[0m [0m[1m[0mpolicy[0m[0m = (known after apply)
        }
    }

[1m  # module.operator_service.module.frontend.aws_iam_role.frontend_lambda_role[0m will be created[0m[0m
[0m  [32m+[0m[0m resource "aws_iam_role" "frontend_lambda_role" {
      [32m+[0m [0m[1m[0marn[0m[0m                   = (known after apply)
      [32m+[0m [0m[1m[0massume_role_policy[0m[0m    = jsonencode(
            {
              [32m+[0m [0mStatement = [
                  [32m+[0m [0m{
                      [32m+[0m [0mAction    = "sts:AssumeRole"
                      [32m+[0m [0mEffect    = "Allow"
                      [32m+[0m [0mPrincipal = {
                          [32m+[0m [0mService = "lambda.amazonaws.com"
                        }
                    },
                ]
              [32m+[0m [0mVersion   = "2012-10-17"
            }
        )
      [32m+[0m [0m[1m[0mcreate_date[0m[0m           = (known after apply)
      [32m+[0m [0m[1m[0mforce_detach_policies[0m[0m = false
      [32m+[0m [0m[1m[0mid[0m[0m                    = (known after apply)
      [32m+[0m [0m[1m[0mmanaged_policy_arns[0m[0m   = (known after apply)
      [32m+[0m [0m[1m[0mmax_session_duration[0m[0m  = 3600
      [32m+[0m [0m[1m[0mname[0m[0m                  = "aggregation-service-dev-env-FrontendRole"
      [32m+[0m [0m[1m[0mname_prefix[0m[0m           = (known after apply)
      [32m+[0m [0m[1m[0mpath[0m[0m                  = "/"
      [32m+[0m [0m[1m[0mtags_all[0m[0m              = (known after apply)
      [32m+[0m [0m[1m[0munique_id[0m[0m             = (known after apply)

      [32m+[0m [0minline_policy {
          [32m+[0m [0m[1m[0mname[0m[0m   = (known after apply)
          [32m+[0m [0m[1m[0mpolicy[0m[0m = (known after apply)
        }
    }

[1m  # module.operator_service.module.frontend.aws_iam_role_policy.change_handler_dlq_write_access[0m will be created[0m[0m
[0m  [32m+[0m[0m resource "aws_iam_role_policy" "change_handler_dlq_write_access" {
      [32m+[0m [0m[1m[0mid[0m[0m     = (known after apply)
      [32m+[0m [0m[1m[0mname[0m[0m   = (known after apply)
      [32m+[0m [0m[1m[0mpolicy[0m[0m = (known after apply)
      [32m+[0m [0m[1m[0mrole[0m[0m   = "aggregation-service-dev-env-ChangeHandlerRole"
    }

[1m  # module.operator_service.module.frontend.aws_iam_role_policy.dlq_cleanup_lambda_dynamo_access[0m will be created[0m[0m
[0m  [32m+[0m[0m resource "aws_iam_role_policy" "dlq_cleanup_lambda_dynamo_access" {
      [32m+[0m [0m[1m[0mid[0m[0m     = (known after apply)
      [32m+[0m [0m[1m[0mname[0m[0m   = (known after apply)
      [32m+[0m [0m[1m[0mpolicy[0m[0m = (known after apply)
      [32m+[0m [0m[1m[0mrole[0m[0m   = (known after apply)
    }

[1m  # module.operator_service.module.frontend.aws_iam_role_policy.dlq_cleanup_lambda_dynamo_stream_access[0m will be created[0m[0m
[0m  [32m+[0m[0m resource "aws_iam_role_policy" "dlq_cleanup_lambda_dynamo_stream_access" {
      [32m+[0m [0m[1m[0mid[0m[0m     = (known after apply)
      [32m+[0m [0m[1m[0mname[0m[0m   = (known after apply)
      [32m+[0m [0m[1m[0mpolicy[0m[0m = (known after apply)
      [32m+[0m [0m[1m[0mrole[0m[0m   = (known after apply)
    }

[1m  # module.operator_service.module.frontend.aws_iam_role_policy.dlq_cleanup_lambda_sqs_access[0m will be created[0m[0m
[0m  [32m+[0m[0m resource "aws_iam_role_policy" "dlq_cleanup_lambda_sqs_access" {
      [32m+[0m [0m[1m[0mid[0m[0m     = (known after apply)
      [32m+[0m [0m[1m[0mname[0m[0m   = (known after apply)
      [32m+[0m [0m[1m[0mpolicy[0m[0m = (known after apply)
      [32m+[0m [0m[1m[0mrole[0m[0m   = (known after apply)
    }

[1m  # module.operator_service.module.frontend.aws_iam_role_policy.frontend_policy[0m will be created[0m[0m
[0m  [32m+[0m[0m resource "aws_iam_role_policy" "frontend_policy" {
      [32m+[0m [0m[1m[0mid[0m[0m     = (known after apply)
      [32m+[0m [0m[1m[0mname[0m[0m   = "frontend_policy"
      [32m+[0m [0m[1m[0mpolicy[0m[0m = (known after apply)
      [32m+[0m [0m[1m[0mrole[0m[0m   = (known after apply)
    }

[1m  # module.operator_service.module.frontend.aws_iam_role_policy_attachment.change_handler_jobqueue_write_access_attachment[0m will be created[0m[0m
[0m  [32m+[0m[0m resource "aws_iam_role_policy_attachment" "change_handler_jobqueue_write_access_attachment" {
      [32m+[0m [0m[1m[0mid[0m[0m         = (known after apply)
      [32m+[0m [0m[1m[0mpolicy_arn[0m[0m = (known after apply)
      [32m+[0m [0m[1m[0mrole[0m[0m       = "aggregation-service-dev-env-ChangeHandlerRole"
    }

[1m  # module.operator_service.module.frontend.aws_iam_role_policy_attachment.change_handler_lambda_log_policy_attachment[0m will be created[0m[0m
[0m  [32m+[0m[0m resource "aws_iam_role_policy_attachment" "change_handler_lambda_log_policy_attachment" {
      [32m+[0m [0m[1m[0mid[0m[0m         = (known after apply)
      [32m+[0m [0m[1m[0mpolicy_arn[0m[0m = (known after apply)
      [32m+[0m [0m[1m[0mrole[0m[0m       = "aggregation-service-dev-env-ChangeHandlerRole"
    }

[1m  # module.operator_service.module.frontend.aws_iam_role_policy_attachment.change_handler_metadata_db_stream_read_access_attachment[0m will be created[0m[0m
[0m  [32m+[0m[0m resource "aws_iam_role_policy_attachment" "change_handler_metadata_db_stream_read_access_attachment" {
      [32m+[0m [0m[1m[0mid[0m[0m         = (known after apply)
      [32m+[0m [0m[1m[0mpolicy_arn[0m[0m = (known after apply)
      [32m+[0m [0m[1m[0mrole[0m[0m       = "aggregation-service-dev-env-ChangeHandlerRole"
    }

[1m  # module.operator_service.module.frontend.aws_iam_role_policy_attachment.dlq_cleanup_lambda_log_policy_attachment[0m will be created[0m[0m
[0m  [32m+[0m[0m resource "aws_iam_role_policy_attachment" "dlq_cleanup_lambda_log_policy_attachment" {
      [32m+[0m [0m[1m[0mid[0m[0m         = (known after apply)
      [32m+[0m [0m[1m[0mpolicy_arn[0m[0m = (known after apply)
      [32m+[0m [0m[1m[0mrole[0m[0m       = "aggregation-service-dev-env-DeadLetterCleanupRole"
    }

[1m  # module.operator_service.module.frontend.aws_iam_role_policy_attachment.frontend_lambda_log_policy_attachment[0m will be created[0m[0m
[0m  [32m+[0m[0m resource "aws_iam_role_policy_attachment" "frontend_lambda_log_policy_attachment" {
      [32m+[0m [0m[1m[0mid[0m[0m         = (known after apply)
      [32m+[0m [0m[1m[0mpolicy_arn[0m[0m = (known after apply)
      [32m+[0m [0m[1m[0mrole[0m[0m       = "aggregation-service-dev-env-FrontendRole"
    }

[1m  # module.operator_service.module.frontend.aws_lambda_event_source_mapping.change_handler_metadata_db_stream_mapping[0m will be created[0m[0m
[0m  [32m+[0m[0m resource "aws_lambda_event_source_mapping" "change_handler_metadata_db_stream_mapping" {
      [32m+[0m [0m[1m[0mbisect_batch_on_function_error[0m[0m = true
      [32m+[0m [0m[1m[0menabled[0m[0m                        = true
      [32m+[0m [0m[1m[0mevent_source_arn[0m[0m               = (known after apply)
      [32m+[0m [0m[1m[0mfunction_arn[0m[0m                   = (known after apply)
      [32m+[0m [0m[1m[0mfunction_name[0m[0m                  = (known after apply)
      [32m+[0m [0m[1m[0mid[0m[0m                             = (known after apply)
      [32m+[0m [0m[1m[0mlast_modified[0m[0m                  = (known after apply)
      [32m+[0m [0m[1m[0mlast_processing_result[0m[0m         = (known after apply)
      [32m+[0m [0m[1m[0mmaximum_record_age_in_seconds[0m[0m  = 300
      [32m+[0m [0m[1m[0mmaximum_retry_attempts[0m[0m         = 10
      [32m+[0m [0m[1m[0mparallelization_factor[0m[0m         = (known after apply)
      [32m+[0m [0m[1m[0mstarting_position[0m[0m              = "LATEST"
      [32m+[0m [0m[1m[0mstate[0m[0m                          = (known after apply)
      [32m+[0m [0m[1m[0mstate_transition_reason[0m[0m        = (known after apply)
      [32m+[0m [0m[1m[0muuid[0m[0m                           = (known after apply)

      [32m+[0m [0mdestination_config {
          [32m+[0m [0mon_failure {
              [32m+[0m [0m[1m[0mdestination_arn[0m[0m = (known after apply)
            }
        }
    }

[1m  # module.operator_service.module.frontend.aws_lambda_event_source_mapping.dlq_cleanup_lambda_event_mapping[0m will be created[0m[0m
[0m  [32m+[0m[0m resource "aws_lambda_event_source_mapping" "dlq_cleanup_lambda_event_mapping" {
      [32m+[0m [0m[1m[0menabled[0m[0m                       = true
      [32m+[0m [0m[1m[0mevent_source_arn[0m[0m              = (known after apply)
      [32m+[0m [0m[1m[0mfunction_arn[0m[0m                  = (known after apply)
      [32m+[0m [0m[1m[0mfunction_name[0m[0m                 = (known after apply)
      [32m+[0m [0m[1m[0mid[0m[0m                            = (known after apply)
      [32m+[0m [0m[1m[0mlast_modified[0m[0m                 = (known after apply)
      [32m+[0m [0m[1m[0mlast_processing_result[0m[0m        = (known after apply)
      [32m+[0m [0m[1m[0mmaximum_record_age_in_seconds[0m[0m = (known after apply)
      [32m+[0m [0m[1m[0mmaximum_retry_attempts[0m[0m        = (known after apply)
      [32m+[0m [0m[1m[0mparallelization_factor[0m[0m        = (known after apply)
      [32m+[0m [0m[1m[0mstate[0m[0m                         = (known after apply)
      [32m+[0m [0m[1m[0mstate_transition_reason[0m[0m       = (known after apply)
      [32m+[0m [0m[1m[0muuid[0m[0m                          = (known after apply)
    }

[1m  # module.operator_service.module.frontend.aws_lambda_function.change_handler_lambda[0m will be created[0m[0m
[0m  [32m+[0m[0m resource "aws_lambda_function" "change_handler_lambda" {
      [32m+[0m [0m[1m[0marchitectures[0m[0m                  = (known after apply)
      [32m+[0m [0m[1m[0marn[0m[0m                            = (known after apply)
      [32m+[0m [0m[1m[0mfunction_name[0m[0m                  = "aggregation-service-dev-env-ChangeHandler"
      [32m+[0m [0m[1m[0mhandler[0m[0m                        = "com.google.scp.operator.frontend.service.aws.DynamoStreamsJobMetadataHandler"
      [32m+[0m [0m[1m[0mid[0m[0m                             = (known after apply)
      [32m+[0m [0m[1m[0minvoke_arn[0m[0m                     = (known after apply)
      [32m+[0m [0m[1m[0mlast_modified[0m[0m                  = (known after apply)
      [32m+[0m [0m[1m[0mmemory_size[0m[0m                    = 2048
      [32m+[0m [0m[1m[0mpackage_type[0m[0m                   = "Zip"
      [32m+[0m [0m[1m[0mpublish[0m[0m                        = false
      [32m+[0m [0m[1m[0mqualified_arn[0m[0m                  = (known after apply)
      [32m+[0m [0m[1m[0mreserved_concurrent_executions[0m[0m = -1
      [32m+[0m [0m[1m[0mrole[0m[0m                           = (known after apply)
      [32m+[0m [0m[1m[0mruntime[0m[0m                        = "java11"
      [32m+[0m [0m[1m[0ms3_bucket[0m[0m                      = (known after apply)
      [32m+[0m [0m[1m[0ms3_key[0m[0m                         = "app/change_handler_lambda.jar"
      [32m+[0m [0m[1m[0msigning_job_arn[0m[0m                = (known after apply)
      [32m+[0m [0m[1m[0msigning_profile_version_arn[0m[0m    = (known after apply)
      [32m+[0m [0m[1m[0msource_code_hash[0m[0m               = "uL0802rxVfLbTW8gByzm+trKa38jj57gWl13AWtdnXg="
      [32m+[0m [0m[1m[0msource_code_size[0m[0m               = (known after apply)
      [32m+[0m [0m[1m[0mtags[0m[0m                           = {
          [32m+[0m [0m"environment" = "aggregation-service-dev-env"
          [32m+[0m [0m"name"        = "aggregation-service-dev-env-ChangeHandler"
          [32m+[0m [0m"role"        = "change-handler"
          [32m+[0m [0m"service"     = "operator-service"
        }
      [32m+[0m [0m[1m[0mtags_all[0m[0m                       = {
          [32m+[0m [0m"environment" = "aggregation-service-dev-env"
          [32m+[0m [0m"name"        = "aggregation-service-dev-env-ChangeHandler"
          [32m+[0m [0m"role"        = "change-handler"
          [32m+[0m [0m"service"     = "operator-service"
        }
      [32m+[0m [0m[1m[0mtimeout[0m[0m                        = 15
      [32m+[0m [0m[1m[0mversion[0m[0m                        = (known after apply)

      [32m+[0m [0menvironment {
          [32m+[0m [0m[1m[0mvariables[0m[0m = (known after apply)
        }

      [32m+[0m [0mtracing_config {
          [32m+[0m [0m[1m[0mmode[0m[0m = (known after apply)
        }
    }

[1m  # module.operator_service.module.frontend.aws_lambda_function.create_job_lambda[0m will be created[0m[0m
[0m  [32m+[0m[0m resource "aws_lambda_function" "create_job_lambda" {
      [32m+[0m [0m[1m[0marchitectures[0m[0m                  = (known after apply)
      [32m+[0m [0m[1m[0marn[0m[0m                            = (known after apply)
      [32m+[0m [0m[1m[0mfunction_name[0m[0m                  = "aggregation-service-dev-env-create-job"
      [32m+[0m [0m[1m[0mhandler[0m[0m                        = "com.google.scp.operator.frontend.service.aws.CreateJobApiGatewayHandler"
      [32m+[0m [0m[1m[0mid[0m[0m                             = (known after apply)
      [32m+[0m [0m[1m[0minvoke_arn[0m[0m                     = (known after apply)
      [32m+[0m [0m[1m[0mlast_modified[0m[0m                  = (known after apply)
      [32m+[0m [0m[1m[0mmemory_size[0m[0m                    = 1024
      [32m+[0m [0m[1m[0mpackage_type[0m[0m                   = "Zip"
      [32m+[0m [0m[1m[0mpublish[0m[0m                        = true
      [32m+[0m [0m[1m[0mqualified_arn[0m[0m                  = (known after apply)
      [32m+[0m [0m[1m[0mreserved_concurrent_executions[0m[0m = -1
      [32m+[0m [0m[1m[0mrole[0m[0m                           = (known after apply)
      [32m+[0m [0m[1m[0mruntime[0m[0m                        = "java11"
      [32m+[0m [0m[1m[0ms3_bucket[0m[0m                      = (known after apply)
      [32m+[0m [0m[1m[0ms3_key[0m[0m                         = "app/frontend_lambdas.jar"
      [32m+[0m [0m[1m[0msigning_job_arn[0m[0m                = (known after apply)
      [32m+[0m [0m[1m[0msigning_profile_version_arn[0m[0m    = (known after apply)
      [32m+[0m [0m[1m[0msource_code_hash[0m[0m               = "dj6SS0FEBKjZ/LzZ8bIimy460hN+U6TkoPnsMFqhmSA="
      [32m+[0m [0m[1m[0msource_code_size[0m[0m               = (known after apply)
      [32m+[0m [0m[1m[0mtags_all[0m[0m                       = (known after apply)
      [32m+[0m [0m[1m[0mtimeout[0m[0m                        = 10
      [32m+[0m [0m[1m[0mversion[0m[0m                        = (known after apply)

      [32m+[0m [0menvironment {
          [32m+[0m [0m[1m[0mvariables[0m[0m = (known after apply)
        }

      [32m+[0m [0mtracing_config {
          [32m+[0m [0m[1m[0mmode[0m[0m = (known after apply)
        }
    }

[1m  # module.operator_service.module.frontend.aws_lambda_function.dlq_cleanup_lambda[0m will be created[0m[0m
[0m  [32m+[0m[0m resource "aws_lambda_function" "dlq_cleanup_lambda" {
      [32m+[0m [0m[1m[0marchitectures[0m[0m                  = (known after apply)
      [32m+[0m [0m[1m[0marn[0m[0m                            = (known after apply)
      [32m+[0m [0m[1m[0mfunction_name[0m[0m                  = "aggregation-service-dev-env-DeadLetterCleanup"
      [32m+[0m [0m[1m[0mhandler[0m[0m                        = "com.google.scp.operator.frontend.service.aws.AwsFailedJobQueueWriteCleanup"
      [32m+[0m [0m[1m[0mid[0m[0m                             = (known after apply)
      [32m+[0m [0m[1m[0minvoke_arn[0m[0m                     = (known after apply)
      [32m+[0m [0m[1m[0mlast_modified[0m[0m                  = (known after apply)
      [32m+[0m [0m[1m[0mmemory_size[0m[0m                    = 2048
      [32m+[0m [0m[1m[0mpackage_type[0m[0m                   = "Zip"
      [32m+[0m [0m[1m[0mpublish[0m[0m                        = false
      [32m+[0m [0m[1m[0mqualified_arn[0m[0m                  = (known after apply)
      [32m+[0m [0m[1m[0mreserved_concurrent_executions[0m[0m = -1
      [32m+[0m [0m[1m[0mrole[0m[0m                           = (known after apply)
      [32m+[0m [0m[1m[0mruntime[0m[0m                        = "java11"
      [32m+[0m [0m[1m[0ms3_bucket[0m[0m                      = (known after apply)
      [32m+[0m [0m[1m[0ms3_key[0m[0m                         = "app/failed_job_queue_write_cleanup_lambda.jar"
      [32m+[0m [0m[1m[0msigning_job_arn[0m[0m                = (known after apply)
      [32m+[0m [0m[1m[0msigning_profile_version_arn[0m[0m    = (known after apply)
      [32m+[0m [0m[1m[0msource_code_hash[0m[0m               = "19ugS1/OwQxpDZ+kvYRTzdRrq+DCusEHnqtc/2Y+FxM="
      [32m+[0m [0m[1m[0msource_code_size[0m[0m               = (known after apply)
      [32m+[0m [0m[1m[0mtags_all[0m[0m                       = (known after apply)
      [32m+[0m [0m[1m[0mtimeout[0m[0m                        = 15
      [32m+[0m [0m[1m[0mversion[0m[0m                        = (known after apply)

      [32m+[0m [0menvironment {
          [32m+[0m [0m[1m[0mvariables[0m[0m = (known after apply)
        }

      [32m+[0m [0mtracing_config {
          [32m+[0m [0m[1m[0mmode[0m[0m = (known after apply)
        }
    }

[1m  # module.operator_service.module.frontend.aws_lambda_function.get_job_lambda[0m will be created[0m[0m
[0m  [32m+[0m[0m resource "aws_lambda_function" "get_job_lambda" {
      [32m+[0m [0m[1m[0marchitectures[0m[0m                  = (known after apply)
      [32m+[0m [0m[1m[0marn[0m[0m                            = (known after apply)
      [32m+[0m [0m[1m[0mfunction_name[0m[0m                  = "aggregation-service-dev-env-get-job"
      [32m+[0m [0m[1m[0mhandler[0m[0m                        = "com.google.scp.operator.frontend.service.aws.GetJobApiGatewayHandler"
      [32m+[0m [0m[1m[0mid[0m[0m                             = (known after apply)
      [32m+[0m [0m[1m[0minvoke_arn[0m[0m                     = (known after apply)
      [32m+[0m [0m[1m[0mlast_modified[0m[0m                  = (known after apply)
      [32m+[0m [0m[1m[0mmemory_size[0m[0m                    = 1024
      [32m+[0m [0m[1m[0mpackage_type[0m[0m                   = "Zip"
      [32m+[0m [0m[1m[0mpublish[0m[0m                        = true
      [32m+[0m [0m[1m[0mqualified_arn[0m[0m                  = (known after apply)
      [32m+[0m [0m[1m[0mreserved_concurrent_executions[0m[0m = -1
      [32m+[0m [0m[1m[0mrole[0m[0m                           = (known after apply)
      [32m+[0m [0m[1m[0mruntime[0m[0m                        = "java11"
      [32m+[0m [0m[1m[0ms3_bucket[0m[0m                      = (known after apply)
      [32m+[0m [0m[1m[0ms3_key[0m[0m                         = "app/frontend_lambdas.jar"
      [32m+[0m [0m[1m[0msigning_job_arn[0m[0m                = (known after apply)
      [32m+[0m [0m[1m[0msigning_profile_version_arn[0m[0m    = (known after apply)
      [32m+[0m [0m[1m[0msource_code_hash[0m[0m               = "dj6SS0FEBKjZ/LzZ8bIimy460hN+U6TkoPnsMFqhmSA="
      [32m+[0m [0m[1m[0msource_code_size[0m[0m               = (known after apply)
      [32m+[0m [0m[1m[0mtags_all[0m[0m                       = (known after apply)
      [32m+[0m [0m[1m[0mtimeout[0m[0m                        = 10
      [32m+[0m [0m[1m[0mversion[0m[0m                        = (known after apply)

      [32m+[0m [0menvironment {
          [32m+[0m [0m[1m[0mvariables[0m[0m = (known after apply)
        }

      [32m+[0m [0mtracing_config {
          [32m+[0m [0m[1m[0mmode[0m[0m = (known after apply)
        }
    }

[1m  # module.operator_service.module.frontend.aws_lambda_permission.create_job_api_gateway_permission[0m will be created[0m[0m
[0m  [32m+[0m[0m resource "aws_lambda_permission" "create_job_api_gateway_permission" {
      [32m+[0m [0m[1m[0maction[0m[0m        = "lambda:InvokeFunction"
      [32m+[0m [0m[1m[0mfunction_name[0m[0m = "aggregation-service-dev-env-create-job"
      [32m+[0m [0m[1m[0mid[0m[0m            = (known after apply)
      [32m+[0m [0m[1m[0mprincipal[0m[0m     = "apigateway.amazonaws.com"
      [32m+[0m [0m[1m[0msource_arn[0m[0m    = (known after apply)
      [32m+[0m [0m[1m[0mstatement_id[0m[0m  = "AllowCreateJobExecutionFromGateway"
    }

[1m  # module.operator_service.module.frontend.aws_lambda_permission.get_job_api_gateway_permission[0m will be created[0m[0m
[0m  [32m+[0m[0m resource "aws_lambda_permission" "get_job_api_gateway_permission" {
      [32m+[0m [0m[1m[0maction[0m[0m        = "lambda:InvokeFunction"
      [32m+[0m [0m[1m[0mfunction_name[0m[0m = "aggregation-service-dev-env-get-job"
      [32m+[0m [0m[1m[0mid[0m[0m            = (known after apply)
      [32m+[0m [0m[1m[0mprincipal[0m[0m     = "apigateway.amazonaws.com"
      [32m+[0m [0m[1m[0msource_arn[0m[0m    = (known after apply)
      [32m+[0m [0m[1m[0mstatement_id[0m[0m  = "AllowGetJobExecutionFromGateway"
    }

[1m  # module.operator_service.module.frontend.aws_s3_bucket.lambda_package_storage[0m will be created[0m[0m
[0m  [32m+[0m[0m resource "aws_s3_bucket" "lambda_package_storage" {
      [32m+[0m [0m[1m[0macceleration_status[0m[0m         = (known after apply)
      [32m+[0m [0m[1m[0macl[0m[0m                         = "private"
      [32m+[0m [0m[1m[0marn[0m[0m                         = (known after apply)
      [32m+[0m [0m[1m[0mbucket[0m[0m                      = (known after apply)
      [32m+[0m [0m[1m[0mbucket_domain_name[0m[0m          = (known after apply)
      [32m+[0m [0m[1m[0mbucket_prefix[0m[0m               = "aggregation-service-dev-env-frontend-"
      [32m+[0m [0m[1m[0mbucket_regional_domain_name[0m[0m = (known after apply)
      [32m+[0m [0m[1m[0mforce_destroy[0m[0m               = false
      [32m+[0m [0m[1m[0mhosted_zone_id[0m[0m              = (known after apply)
      [32m+[0m [0m[1m[0mid[0m[0m                          = (known after apply)
      [32m+[0m [0m[1m[0mobject_lock_enabled[0m[0m         = (known after apply)
      [32m+[0m [0m[1m[0mregion[0m[0m                      = (known after apply)
      [32m+[0m [0m[1m[0mrequest_payer[0m[0m               = (known after apply)
      [32m+[0m [0m[1m[0mtags[0m[0m                        = {
          [32m+[0m [0m"environment" = "aggregation-service-dev-env"
          [32m+[0m [0m"name"        = "aggregation-service-dev-env-frontend-"
          [32m+[0m [0m"role"        = "frontend-lambda-package-storage"
          [32m+[0m [0m"service"     = "operator-service"
        }
      [32m+[0m [0m[1m[0mtags_all[0m[0m                    = {
          [32m+[0m [0m"environment" = "aggregation-service-dev-env"
          [32m+[0m [0m"name"        = "aggregation-service-dev-env-frontend-"
          [32m+[0m [0m"role"        = "frontend-lambda-package-storage"
          [32m+[0m [0m"service"     = "operator-service"
        }
      [32m+[0m [0m[1m[0mwebsite_domain[0m[0m              = (known after apply)
      [32m+[0m [0m[1m[0mwebsite_endpoint[0m[0m            = (known after apply)

      [32m+[0m [0mobject_lock_configuration {
          [32m+[0m [0m[1m[0mobject_lock_enabled[0m[0m = (known after apply)

          [32m+[0m [0mrule {
              [32m+[0m [0mdefault_retention {
                  [32m+[0m [0m[1m[0mdays[0m[0m  = (known after apply)
                  [32m+[0m [0m[1m[0mmode[0m[0m  = (known after apply)
                  [32m+[0m [0m[1m[0myears[0m[0m = (known after apply)
                }
            }
        }

      [32m+[0m [0mserver_side_encryption_configuration {
          [32m+[0m [0mrule {
              [32m+[0m [0m[1m[0mbucket_key_enabled[0m[0m = (known after apply)

              [32m+[0m [0mapply_server_side_encryption_by_default {
                  [32m+[0m [0m[1m[0mkms_master_key_id[0m[0m = (known after apply)
                  [32m+[0m [0m[1m[0msse_algorithm[0m[0m     = (known after apply)
                }
            }
        }

      [32m+[0m [0mversioning {
          [32m+[0m [0m[1m[0menabled[0m[0m    = (known after apply)
          [32m+[0m [0m[1m[0mmfa_delete[0m[0m = (known after apply)
        }
    }

[1m  # module.operator_service.module.frontend.aws_s3_bucket_object.change_handler_lambda_s3_jar[0m will be created[0m[0m
[0m  [32m+[0m[0m resource "aws_s3_bucket_object" "change_handler_lambda_s3_jar" {
      [32m+[0m [0m[1m[0macl[0m[0m                    = "private"
      [32m+[0m [0m[1m[0mbucket[0m[0m                 = (known after apply)
      [32m+[0m [0m[1m[0mbucket_key_enabled[0m[0m     = (known after apply)
      [32m+[0m [0m[1m[0mcontent_type[0m[0m           = (known after apply)
      [32m+[0m [0m[1m[0metag[0m[0m                   = (known after apply)
      [32m+[0m [0m[1m[0mforce_destroy[0m[0m          = false
      [32m+[0m [0m[1m[0mid[0m[0m                     = (known after apply)
      [32m+[0m [0m[1m[0mkey[0m[0m                    = "app/change_handler_lambda.jar"
      [32m+[0m [0m[1m[0mkms_key_id[0m[0m             = (known after apply)
      [32m+[0m [0m[1m[0mserver_side_encryption[0m[0m = (known after apply)
      [32m+[0m [0m[1m[0msource[0m[0m                 = "../../jars/AwsChangeHandlerLambda_2.0.0.jar"
      [32m+[0m [0m[1m[0msource_hash[0m[0m            = "9268424a68d601a8e967f2aae1c2a09d"
      [32m+[0m [0m[1m[0mstorage_class[0m[0m          = (known after apply)
      [32m+[0m [0m[1m[0mtags_all[0m[0m               = (known after apply)
      [32m+[0m [0m[1m[0mversion_id[0m[0m             = (known after apply)
    }

[1m  # module.operator_service.module.frontend.aws_s3_bucket_object.dlq_cleanup_lambda_s3_jar[0m will be created[0m[0m
[0m  [32m+[0m[0m resource "aws_s3_bucket_object" "dlq_cleanup_lambda_s3_jar" {
      [32m+[0m [0m[1m[0macl[0m[0m                    = "private"
      [32m+[0m [0m[1m[0mbucket[0m[0m                 = (known after apply)
      [32m+[0m [0m[1m[0mbucket_key_enabled[0m[0m     = (known after apply)
      [32m+[0m [0m[1m[0mcontent_type[0m[0m           = (known after apply)
      [32m+[0m [0m[1m[0metag[0m[0m                   = (known after apply)
      [32m+[0m [0m[1m[0mforce_destroy[0m[0m          = false
      [32m+[0m [0m[1m[0mid[0m[0m                     = (known after apply)
      [32m+[0m [0m[1m[0mkey[0m[0m                    = "app/failed_job_queue_write_cleanup_lambda.jar"
      [32m+[0m [0m[1m[0mkms_key_id[0m[0m             = (known after apply)
      [32m+[0m [0m[1m[0mserver_side_encryption[0m[0m = (known after apply)
      [32m+[0m [0m[1m[0msource[0m[0m                 = "../../jars/AwsFrontendCleanupLambda_2.0.0.jar"
      [32m+[0m [0m[1m[0msource_hash[0m[0m            = "98b249591faecc71e8b3ef4d33c9eb7f"
      [32m+[0m [0m[1m[0mstorage_class[0m[0m          = (known after apply)
      [32m+[0m [0m[1m[0mtags_all[0m[0m               = (known after apply)
      [32m+[0m [0m[1m[0mversion_id[0m[0m             = (known after apply)
    }

[1m  # module.operator_service.module.frontend.aws_s3_bucket_object.frontend_lambdas_package[0m will be created[0m[0m
[0m  [32m+[0m[0m resource "aws_s3_bucket_object" "frontend_lambdas_package" {
      [32m+[0m [0m[1m[0macl[0m[0m                    = "private"
      [32m+[0m [0m[1m[0mbucket[0m[0m                 = (known after apply)
      [32m+[0m [0m[1m[0mbucket_key_enabled[0m[0m     = (known after apply)
      [32m+[0m [0m[1m[0mcontent_type[0m[0m           = (known after apply)
      [32m+[0m [0m[1m[0metag[0m[0m                   = (known after apply)
      [32m+[0m [0m[1m[0mforce_destroy[0m[0m          = false
      [32m+[0m [0m[1m[0mid[0m[0m                     = (known after apply)
      [32m+[0m [0m[1m[0mkey[0m[0m                    = "app/frontend_lambdas.jar"
      [32m+[0m [0m[1m[0mkms_key_id[0m[0m             = (known after apply)
      [32m+[0m [0m[1m[0mserver_side_encryption[0m[0m = (known after apply)
      [32m+[0m [0m[1m[0msource[0m[0m                 = "../../jars/AwsApiGatewayFrontend_2.0.0.jar"
      [32m+[0m [0m[1m[0msource_hash[0m[0m            = "260082de46b8ff1d4e8cb63777012137"
      [32m+[0m [0m[1m[0mstorage_class[0m[0m          = (known after apply)
      [32m+[0m [0m[1m[0mtags_all[0m[0m               = (known after apply)
      [32m+[0m [0m[1m[0mversion_id[0m[0m             = (known after apply)
    }

[1m  # module.operator_service.module.frontend.aws_s3_bucket_policy.lambda_package_storage_bucket_deny_non_ssl_requests[0m will be created[0m[0m
[0m  [32m+[0m[0m resource "aws_s3_bucket_policy" "lambda_package_storage_bucket_deny_non_ssl_requests" {
      [32m+[0m [0m[1m[0mbucket[0m[0m = (known after apply)
      [32m+[0m [0m[1m[0mid[0m[0m     = (known after apply)
      [32m+[0m [0m[1m[0mpolicy[0m[0m = (known after apply)
    }

[1m  # module.operator_service.module.frontend.aws_sqs_queue.change_handler_dead_letter_queue[0m will be created[0m[0m
[0m  [32m+[0m[0m resource "aws_sqs_queue" "change_handler_dead_letter_queue" {
      [32m+[0m [0m[1m[0marn[0m[0m                               = (known after apply)
      [32m+[0m [0m[1m[0mcontent_based_deduplication[0m[0m       = false
      [32m+[0m [0m[1m[0mdeduplication_scope[0m[0m               = (known after apply)
      [32m+[0m [0m[1m[0mdelay_seconds[0m[0m                     = 0
      [32m+[0m [0m[1m[0mfifo_queue[0m[0m                        = false
      [32m+[0m [0m[1m[0mfifo_throughput_limit[0m[0m             = (known after apply)
      [32m+[0m [0m[1m[0mid[0m[0m                                = (known after apply)
      [32m+[0m [0m[1m[0mkms_data_key_reuse_period_seconds[0m[0m = (known after apply)
      [32m+[0m [0m[1m[0mmax_message_size[0m[0m                  = 262144
      [32m+[0m [0m[1m[0mmessage_retention_seconds[0m[0m         = 1209600
      [32m+[0m [0m[1m[0mname[0m[0m                              = "aggregation-service-dev-env-ChangeHandlerDeadLetter"
      [32m+[0m [0m[1m[0mname_prefix[0m[0m                       = (known after apply)
      [32m+[0m [0m[1m[0mpolicy[0m[0m                            = (known after apply)
      [32m+[0m [0m[1m[0mreceive_wait_time_seconds[0m[0m         = 0
      [32m+[0m [0m[1m[0msqs_managed_sse_enabled[0m[0m           = true
      [32m+[0m [0m[1m[0mtags[0m[0m                              = {
          [32m+[0m [0m"environment" = "aggregation-service-dev-env"
          [32m+[0m [0m"name"        = "aggregation-service-dev-env-ChangeHandlerDeadLetter"
          [32m+[0m [0m"role"        = "change-handler-dead-letter-queue"
          [32m+[0m [0m"service"     = "operator-service"
        }
      [32m+[0m [0m[1m[0mtags_all[0m[0m                          = {
          [32m+[0m [0m"environment" = "aggregation-service-dev-env"
          [32m+[0m [0m"name"        = "aggregation-service-dev-env-ChangeHandlerDeadLetter"
          [32m+[0m [0m"role"        = "change-handler-dead-letter-queue"
          [32m+[0m [0m"service"     = "operator-service"
        }
      [32m+[0m [0m[1m[0murl[0m[0m                               = (known after apply)
      [32m+[0m [0m[1m[0mvisibility_timeout_seconds[0m[0m        = 30
    }

[1m  # module.operator_service.module.frontend_dashboard.aws_cloudwatch_dashboard.frontend-dashboard[0m will be created[0m[0m
[0m  [32m+[0m[0m resource "aws_cloudwatch_dashboard" "frontend-dashboard" {
      [32m+[0m [0m[1m[0mdashboard_arn[0m[0m  = (known after apply)
      [32m+[0m [0m[1m[0mdashboard_body[0m[0m = (known after apply)
      [32m+[0m [0m[1m[0mdashboard_name[0m[0m = "aggregation-service-dev-env-frontend-dashboard"
      [32m+[0m [0m[1m[0mid[0m[0m             = (known after apply)
    }

[1m  # module.operator_service.module.job_queue.aws_cloudwatch_metric_alarm.job_queue_old_message_alarm[0][0m will be created[0m[0m
[0m  [32m+[0m[0m resource "aws_cloudwatch_metric_alarm" "job_queue_old_message_alarm" {
      [32m+[0m [0m[1m[0mactions_enabled[0m[0m                       = true
      [32m+[0m [0m[1m[0malarm_actions[0m[0m                         = (known after apply)
      [32m+[0m [0m[1m[0malarm_description[0m[0m                     = "SQS messages that have not completed processing in 3600 seconds"
      [32m+[0m [0m[1m[0malarm_name[0m[0m                            = "aggregation-service-dev-env_us-west-2_job_queue_old_message_alarm"
      [32m+[0m [0m[1m[0marn[0m[0m                                   = (known after apply)
      [32m+[0m [0m[1m[0mcomparison_operator[0m[0m                   = "GreaterThanThreshold"
      [32m+[0m [0m[1m[0mdimensions[0m[0m                            = {
          [32m+[0m [0m"QueueName" = "aggregation-service-dev-env-JobQueue"
        }
      [32m+[0m [0m[1m[0mevaluate_low_sample_count_percentiles[0m[0m = (known after apply)
      [32m+[0m [0m[1m[0mevaluation_periods[0m[0m                    = 1
      [32m+[0m [0m[1m[0mid[0m[0m                                    = (known after apply)
      [32m+[0m [0m[1m[0mmetric_name[0m[0m                           = "ApproximateAgeOfOldestMessage"
      [32m+[0m [0m[1m[0mnamespace[0m[0m                             = "AWS/SQS"
      [32m+[0m [0m[1m[0mperiod[0m[0m                                = 300
      [32m+[0m [0m[1m[0mstatistic[0m[0m                             = "Maximum"
      [32m+[0m [0m[1m[0mtags_all[0m[0m                              = (known after apply)
      [32m+[0m [0m[1m[0mthreshold[0m[0m                             = 3600
      [32m+[0m [0m[1m[0mtreat_missing_data[0m[0m                    = "notBreaching"
    }

[1m  # module.operator_service.module.job_queue.aws_sqs_queue.job_queue[0m will be created[0m[0m
[0m  [32m+[0m[0m resource "aws_sqs_queue" "job_queue" {
      [32m+[0m [0m[1m[0marn[0m[0m                               = (known after apply)
      [32m+[0m [0m[1m[0mcontent_based_deduplication[0m[0m       = false
      [32m+[0m [0m[1m[0mdeduplication_scope[0m[0m               = (known after apply)
      [32m+[0m [0m[1m[0mdelay_seconds[0m[0m                     = 0
      [32m+[0m [0m[1m[0mfifo_queue[0m[0m                        = false
      [32m+[0m [0m[1m[0mfifo_throughput_limit[0m[0m             = (known after apply)
      [32m+[0m [0m[1m[0mid[0m[0m                                = (known after apply)
      [32m+[0m [0m[1m[0mkms_data_key_reuse_period_seconds[0m[0m = (known after apply)
      [32m+[0m [0m[1m[0mmax_message_size[0m[0m                  = 262144
      [32m+[0m [0m[1m[0mmessage_retention_seconds[0m[0m         = 1209600
      [32m+[0m [0m[1m[0mname[0m[0m                              = "aggregation-service-dev-env-JobQueue"
      [32m+[0m [0m[1m[0mname_prefix[0m[0m                       = (known after apply)
      [32m+[0m [0m[1m[0mpolicy[0m[0m                            = (known after apply)
      [32m+[0m [0m[1m[0mreceive_wait_time_seconds[0m[0m         = 0
      [32m+[0m [0m[1m[0msqs_managed_sse_enabled[0m[0m           = true
      [32m+[0m [0m[1m[0mtags[0m[0m                              = {
          [32m+[0m [0m"environment" = "aggregation-service-dev-env"
          [32m+[0m [0m"name"        = "aggregation-service-dev-env-JobQueue"
          [32m+[0m [0m"role"        = "job_queue"
          [32m+[0m [0m"service"     = "operator-service"
        }
      [32m+[0m [0m[1m[0mtags_all[0m[0m                          = {
          [32m+[0m [0m"environment" = "aggregation-service-dev-env"
          [32m+[0m [0m"name"        = "aggregation-service-dev-env-JobQueue"
          [32m+[0m [0m"role"        = "job_queue"
          [32m+[0m [0m"service"     = "operator-service"
        }
      [32m+[0m [0m[1m[0murl[0m[0m                               = (known after apply)
      [32m+[0m [0m[1m[0mvisibility_timeout_seconds[0m[0m        = 30
    }

[1m  # module.operator_service.module.job_queue.aws_ssm_parameter.aws_job_queue_parameter_store[0m will be created[0m[0m
[0m  [32m+[0m[0m resource "aws_ssm_parameter" "aws_job_queue_parameter_store" {
      [32m+[0m [0m[1m[0marn[0m[0m       = (known after apply)
      [32m+[0m [0m[1m[0mdata_type[0m[0m = (known after apply)
      [32m+[0m [0m[1m[0mid[0m[0m        = (known after apply)
      [32m+[0m [0m[1m[0mkey_id[0m[0m    = (known after apply)
      [32m+[0m [0m[1m[0mname[0m[0m      = "scp-aggregation-service-dev-env-JOB_QUEUE"
      [32m+[0m [0m[1m[0mtags[0m[0m      = {
          [32m+[0m [0m"environment" = "aggregation-service-dev-env"
          [32m+[0m [0m"name"        = "scp-aggregation-service-dev-env-JOB_QUEUE"
          [32m+[0m [0m"role"        = "job_queue"
          [32m+[0m [0m"service"     = "operator-service"
        }
      [32m+[0m [0m[1m[0mtags_all[0m[0m  = {
          [32m+[0m [0m"environment" = "aggregation-service-dev-env"
          [32m+[0m [0m"name"        = "scp-aggregation-service-dev-env-JOB_QUEUE"
          [32m+[0m [0m"role"        = "job_queue"
          [32m+[0m [0m"service"     = "operator-service"
        }
      [32m+[0m [0m[1m[0mtier[0m[0m      = "Standard"
      [32m+[0m [0m[1m[0mtype[0m[0m      = "String"
      [32m+[0m [0m[1m[0mvalue[0m[0m     = (sensitive value)
      [32m+[0m [0m[1m[0mversion[0m[0m   = (known after apply)
    }

[1m  # module.operator_service.module.job_queue.aws_ssm_parameter.aws_sqs_queue_url_parameter_store_legacy[0m will be created[0m[0m
[0m  [32m+[0m[0m resource "aws_ssm_parameter" "aws_sqs_queue_url_parameter_store_legacy" {
      [32m+[0m [0m[1m[0marn[0m[0m       = (known after apply)
      [32m+[0m [0m[1m[0mdata_type[0m[0m = (known after apply)
      [32m+[0m [0m[1m[0mid[0m[0m        = (known after apply)
      [32m+[0m [0m[1m[0mkey_id[0m[0m    = (known after apply)
      [32m+[0m [0m[1m[0mname[0m[0m      = "/aggregate-service/aggregation-service-dev-env/sqs_queue_url"
      [32m+[0m [0m[1m[0moverwrite[0m[0m = true
      [32m+[0m [0m[1m[0mtags[0m[0m      = {
          [32m+[0m [0m"environment" = "aggregation-service-dev-env"
          [32m+[0m [0m"name"        = "/aggregate-service/aggregation-service-dev-env/sqs_queue_url"
          [32m+[0m [0m"role"        = "job_queue"
          [32m+[0m [0m"service"     = "aggregate-service"
        }
      [32m+[0m [0m[1m[0mtags_all[0m[0m  = {
          [32m+[0m [0m"environment" = "aggregation-service-dev-env"
          [32m+[0m [0m"name"        = "/aggregate-service/aggregation-service-dev-env/sqs_queue_url"
          [32m+[0m [0m"role"        = "job_queue"
          [32m+[0m [0m"service"     = "aggregate-service"
        }
      [32m+[0m [0m[1m[0mtier[0m[0m      = "Standard"
      [32m+[0m [0m[1m[0mtype[0m[0m      = "String"
      [32m+[0m [0m[1m[0mvalue[0m[0m     = (sensitive value)
      [32m+[0m [0m[1m[0mversion[0m[0m   = (known after apply)
    }

[1m  # module.operator_service.module.kms_key_parameter.aws_ssm_parameter.worker_parameter[0m will be created[0m[0m
[0m  [32m+[0m[0m resource "aws_ssm_parameter" "worker_parameter" {
      [32m+[0m [0m[1m[0marn[0m[0m       = (known after apply)
      [32m+[0m [0m[1m[0mdata_type[0m[0m = (known after apply)
      [32m+[0m [0m[1m[0mid[0m[0m        = (known after apply)
      [32m+[0m [0m[1m[0mkey_id[0m[0m    = (known after apply)
      [32m+[0m [0m[1m[0mname[0m[0m      = "scp-aggregation-service-dev-env-COORDINATOR_KMS_ARN"
      [32m+[0m [0m[1m[0mtags[0m[0m      = {
          [32m+[0m [0m"environment" = "aggregation-service-dev-env"
          [32m+[0m [0m"name"        = "scp-aggregation-service-dev-env-COORDINATOR_KMS_ARN"
          [32m+[0m [0m"service"     = "operator-service"
        }
      [32m+[0m [0m[1m[0mtags_all[0m[0m  = {
          [32m+[0m [0m"environment" = "aggregation-service-dev-env"
          [32m+[0m [0m"name"        = "scp-aggregation-service-dev-env-COORDINATOR_KMS_ARN"
          [32m+[0m [0m"service"     = "operator-service"
        }
      [32m+[0m [0m[1m[0mtier[0m[0m      = "Standard"
      [32m+[0m [0m[1m[0mtype[0m[0m      = "String"
      [32m+[0m [0m[1m[0mvalue[0m[0m     = (sensitive value)
      [32m+[0m [0m[1m[0mversion[0m[0m   = (known after apply)
    }

[1m  # module.operator_service.module.kms_key_parameter.aws_ssm_parameter.worker_parameter_legacy[0m will be created[0m[0m
[0m  [32m+[0m[0m resource "aws_ssm_parameter" "worker_parameter_legacy" {
      [32m+[0m [0m[1m[0marn[0m[0m       = (known after apply)
      [32m+[0m [0m[1m[0mdata_type[0m[0m = (known after apply)
      [32m+[0m [0m[1m[0mid[0m[0m        = (known after apply)
      [32m+[0m [0m[1m[0mkey_id[0m[0m    = (known after apply)
      [32m+[0m [0m[1m[0mname[0m[0m      = "/aggregate-service/aggregation-service-dev-env/kms_key_arn"
      [32m+[0m [0m[1m[0moverwrite[0m[0m = true
      [32m+[0m [0m[1m[0mtags[0m[0m      = {
          [32m+[0m [0m"environment" = "aggregation-service-dev-env"
          [32m+[0m [0m"name"        = "/aggregate-service/aggregation-service-dev-env/kms_key_arn"
          [32m+[0m [0m"service"     = "aggregate-service"
        }
      [32m+[0m [0m[1m[0mtags_all[0m[0m  = {
          [32m+[0m [0m"environment" = "aggregation-service-dev-env"
          [32m+[0m [0m"name"        = "/aggregate-service/aggregation-service-dev-env/kms_key_arn"
          [32m+[0m [0m"service"     = "aggregate-service"
        }
      [32m+[0m [0m[1m[0mtier[0m[0m      = "Standard"
      [32m+[0m [0m[1m[0mtype[0m[0m      = "String"
      [32m+[0m [0m[1m[0mvalue[0m[0m     = (sensitive value)
      [32m+[0m [0m[1m[0mversion[0m[0m   = (known after apply)
    }

[1m  # module.operator_service.module.max_job_num_attempts.aws_ssm_parameter.worker_parameter[0m will be created[0m[0m
[0m  [32m+[0m[0m resource "aws_ssm_parameter" "worker_parameter" {
      [32m+[0m [0m[1m[0marn[0m[0m       = (known after apply)
      [32m+[0m [0m[1m[0mdata_type[0m[0m = (known after apply)
      [32m+[0m [0m[1m[0mid[0m[0m        = (known after apply)
      [32m+[0m [0m[1m[0mkey_id[0m[0m    = (known after apply)
      [32m+[0m [0m[1m[0mname[0m[0m      = "scp-aggregation-service-dev-env-MAX_JOB_NUM_ATTEMPTS"
      [32m+[0m [0m[1m[0mtags[0m[0m      = {
          [32m+[0m [0m"environment" = "aggregation-service-dev-env"
          [32m+[0m [0m"name"        = "scp-aggregation-service-dev-env-MAX_JOB_NUM_ATTEMPTS"
          [32m+[0m [0m"service"     = "operator-service"
        }
      [32m+[0m [0m[1m[0mtags_all[0m[0m  = {
          [32m+[0m [0m"environment" = "aggregation-service-dev-env"
          [32m+[0m [0m"name"        = "scp-aggregation-service-dev-env-MAX_JOB_NUM_ATTEMPTS"
          [32m+[0m [0m"service"     = "operator-service"
        }
      [32m+[0m [0m[1m[0mtier[0m[0m      = "Standard"
      [32m+[0m [0m[1m[0mtype[0m[0m      = "String"
      [32m+[0m [0m[1m[0mvalue[0m[0m     = (sensitive value)
      [32m+[0m [0m[1m[0mversion[0m[0m   = (known after apply)
    }

[1m  # module.operator_service.module.max_job_num_attempts.aws_ssm_parameter.worker_parameter_legacy[0m will be created[0m[0m
[0m  [32m+[0m[0m resource "aws_ssm_parameter" "worker_parameter_legacy" {
      [32m+[0m [0m[1m[0marn[0m[0m       = (known after apply)
      [32m+[0m [0m[1m[0mdata_type[0m[0m = (known after apply)
      [32m+[0m [0m[1m[0mid[0m[0m        = (known after apply)
      [32m+[0m [0m[1m[0mkey_id[0m[0m    = (known after apply)
      [32m+[0m [0m[1m[0mname[0m[0m      = "/aggregate-service/aggregation-service-dev-env/max_job_num_attempts"
      [32m+[0m [0m[1m[0moverwrite[0m[0m = true
      [32m+[0m [0m[1m[0mtags[0m[0m      = {
          [32m+[0m [0m"environment" = "aggregation-service-dev-env"
          [32m+[0m [0m"name"        = "/aggregate-service/aggregation-service-dev-env/max_job_num_attempts"
          [32m+[0m [0m"service"     = "aggregate-service"
        }
      [32m+[0m [0m[1m[0mtags_all[0m[0m  = {
          [32m+[0m [0m"environment" = "aggregation-service-dev-env"
          [32m+[0m [0m"name"        = "/aggregate-service/aggregation-service-dev-env/max_job_num_attempts"
          [32m+[0m [0m"service"     = "aggregate-service"
        }
      [32m+[0m [0m[1m[0mtier[0m[0m      = "Standard"
      [32m+[0m [0m[1m[0mtype[0m[0m      = "String"
      [32m+[0m [0m[1m[0mvalue[0m[0m     = (sensitive value)
      [32m+[0m [0m[1m[0mversion[0m[0m   = (known after apply)
    }

[1m  # module.operator_service.module.max_job_processing_time_parameter.aws_ssm_parameter.worker_parameter[0m will be created[0m[0m
[0m  [32m+[0m[0m resource "aws_ssm_parameter" "worker_parameter" {
      [32m+[0m [0m[1m[0marn[0m[0m       = (known after apply)
      [32m+[0m [0m[1m[0mdata_type[0m[0m = (known after apply)
      [32m+[0m [0m[1m[0mid[0m[0m        = (known after apply)
      [32m+[0m [0m[1m[0mkey_id[0m[0m    = (known after apply)
      [32m+[0m [0m[1m[0mname[0m[0m      = "scp-aggregation-service-dev-env-MAX_JOB_PROCESSING_TIME_SECONDS"
      [32m+[0m [0m[1m[0mtags[0m[0m      = {
          [32m+[0m [0m"environment" = "aggregation-service-dev-env"
          [32m+[0m [0m"name"        = "scp-aggregation-service-dev-env-MAX_JOB_PROCESSING_TIME_SECONDS"
          [32m+[0m [0m"service"     = "operator-service"
        }
      [32m+[0m [0m[1m[0mtags_all[0m[0m  = {
          [32m+[0m [0m"environment" = "aggregation-service-dev-env"
          [32m+[0m [0m"name"        = "scp-aggregation-service-dev-env-MAX_JOB_PROCESSING_TIME_SECONDS"
          [32m+[0m [0m"service"     = "operator-service"
        }
      [32m+[0m [0m[1m[0mtier[0m[0m      = "Standard"
      [32m+[0m [0m[1m[0mtype[0m[0m      = "String"
      [32m+[0m [0m[1m[0mvalue[0m[0m     = (sensitive value)
      [32m+[0m [0m[1m[0mversion[0m[0m   = (known after apply)
    }

[1m  # module.operator_service.module.max_job_processing_time_parameter.aws_ssm_parameter.worker_parameter_legacy[0m will be created[0m[0m
[0m  [32m+[0m[0m resource "aws_ssm_parameter" "worker_parameter_legacy" {
      [32m+[0m [0m[1m[0marn[0m[0m       = (known after apply)
      [32m+[0m [0m[1m[0mdata_type[0m[0m = (known after apply)
      [32m+[0m [0m[1m[0mid[0m[0m        = (known after apply)
      [32m+[0m [0m[1m[0mkey_id[0m[0m    = (known after apply)
      [32m+[0m [0m[1m[0mname[0m[0m      = "/aggregate-service/aggregation-service-dev-env/max_job_processing_time_seconds"
      [32m+[0m [0m[1m[0moverwrite[0m[0m = true
      [32m+[0m [0m[1m[0mtags[0m[0m      = {
          [32m+[0m [0m"environment" = "aggregation-service-dev-env"
          [32m+[0m [0m"name"        = "/aggregate-service/aggregation-service-dev-env/max_job_processing_time_seconds"
          [32m+[0m [0m"service"     = "aggregate-service"
        }
      [32m+[0m [0m[1m[0mtags_all[0m[0m  = {
          [32m+[0m [0m"environment" = "aggregation-service-dev-env"
          [32m+[0m [0m"name"        = "/aggregate-service/aggregation-service-dev-env/max_job_processing_time_seconds"
          [32m+[0m [0m"service"     = "aggregate-service"
        }
      [32m+[0m [0m[1m[0mtier[0m[0m      = "Standard"
      [32m+[0m [0m[1m[0mtype[0m[0m      = "String"
      [32m+[0m [0m[1m[0mvalue[0m[0m     = (sensitive value)
      [32m+[0m [0m[1m[0mversion[0m[0m   = (known after apply)
    }

[1m  # module.operator_service.module.metadata_db.aws_cloudwatch_metric_alarm.metadatadb_table_read_capacity_usage_ratio_alarm[0][0m will be created[0m[0m
[0m  [32m+[0m[0m resource "aws_cloudwatch_metric_alarm" "metadatadb_table_read_capacity_usage_ratio_alarm" {
      [32m+[0m [0m[1m[0mactions_enabled[0m[0m                       = true
      [32m+[0m [0m[1m[0malarm_actions[0m[0m                         = (known after apply)
      [32m+[0m [0m[1m[0malarm_description[0m[0m                     = "Operator MetadataDb table has consumed more than its read capacity units."
      [32m+[0m [0m[1m[0malarm_name[0m[0m                            = "aggregation-service-dev-env_operator_metdatadb_dynamodb_table_read_capacity_ratio_alarm"
      [32m+[0m [0m[1m[0marn[0m[0m                                   = (known after apply)
      [32m+[0m [0m[1m[0mcomparison_operator[0m[0m                   = "GreaterThanOrEqualToThreshold"
      [32m+[0m [0m[1m[0mevaluate_low_sample_count_percentiles[0m[0m = (known after apply)
      [32m+[0m [0m[1m[0mevaluation_periods[0m[0m                    = 1
      [32m+[0m [0m[1m[0mid[0m[0m                                    = (known after apply)
      [32m+[0m [0m[1m[0mtags[0m[0m                                  = {
          [32m+[0m [0m"environment" = "aggregation-service-dev-env"
        }
      [32m+[0m [0m[1m[0mtags_all[0m[0m                              = {
          [32m+[0m [0m"environment" = "aggregation-service-dev-env"
        }
      [32m+[0m [0m[1m[0mthreshold[0m[0m                             = 0.9
      [32m+[0m [0m[1m[0mtreat_missing_data[0m[0m                    = "notBreaching"

      [32m+[0m [0mmetric_query {
          [32m+[0m [0m[1m[0mid[0m[0m          = "m1"
          [32m+[0m [0m[1m[0mreturn_data[0m[0m = false

          [32m+[0m [0mmetric {
              [32m+[0m [0m[1m[0mdimensions[0m[0m  = {
                  [32m+[0m [0m"TableName" = "aggregation-service-dev-env-JobMetadata"
                }
              [32m+[0m [0m[1m[0mmetric_name[0m[0m = "ConsumedReadCapacityUnits"
              [32m+[0m [0m[1m[0mnamespace[0m[0m   = "AWS/DynamoDB"
              [32m+[0m [0m[1m[0mperiod[0m[0m      = 60
              [32m+[0m [0m[1m[0mstat[0m[0m        = "Sum"
            }
        }
      [32m+[0m [0mmetric_query {
          [32m+[0m [0m[1m[0mexpression[0m[0m  = "m1/(5*60)"
          [32m+[0m [0m[1m[0mid[0m[0m          = "e1"
          [32m+[0m [0m[1m[0mlabel[0m[0m       = "aggregation-service-dev-env MetadataDB Read Capacity Usage Ratio"
          [32m+[0m [0m[1m[0mreturn_data[0m[0m = true
        }
    }

[1m  # module.operator_service.module.metadata_db.aws_cloudwatch_metric_alarm.metadatadb_table_write_capacity_usage_ratio_alarm[0][0m will be created[0m[0m
[0m  [32m+[0m[0m resource "aws_cloudwatch_metric_alarm" "metadatadb_table_write_capacity_usage_ratio_alarm" {
      [32m+[0m [0m[1m[0mactions_enabled[0m[0m                       = true
      [32m+[0m [0m[1m[0malarm_actions[0m[0m                         = (known after apply)
      [32m+[0m [0m[1m[0malarm_description[0m[0m                     = "Operator MetadataDb table has consumed more than its write capacity units."
      [32m+[0m [0m[1m[0malarm_name[0m[0m                            = "aggregation-service-dev-env_operator_metadatadb_dynamodb_table_write_capacity_ratio_alarm"
      [32m+[0m [0m[1m[0marn[0m[0m                                   = (known after apply)
      [32m+[0m [0m[1m[0mcomparison_operator[0m[0m                   = "GreaterThanOrEqualToThreshold"
      [32m+[0m [0m[1m[0mevaluate_low_sample_count_percentiles[0m[0m = (known after apply)
      [32m+[0m [0m[1m[0mevaluation_periods[0m[0m                    = 1
      [32m+[0m [0m[1m[0mid[0m[0m                                    = (known after apply)
      [32m+[0m [0m[1m[0mtags[0m[0m                                  = {
          [32m+[0m [0m"environment" = "aggregation-service-dev-env"
        }
      [32m+[0m [0m[1m[0mtags_all[0m[0m                              = {
          [32m+[0m [0m"environment" = "aggregation-service-dev-env"
        }
      [32m+[0m [0m[1m[0mthreshold[0m[0m                             = 0.9
      [32m+[0m [0m[1m[0mtreat_missing_data[0m[0m                    = "notBreaching"

      [32m+[0m [0mmetric_query {
          [32m+[0m [0m[1m[0mid[0m[0m          = "m1"
          [32m+[0m [0m[1m[0mreturn_data[0m[0m = false

          [32m+[0m [0mmetric {
              [32m+[0m [0m[1m[0mdimensions[0m[0m  = {
                  [32m+[0m [0m"TableName" = "aggregation-service-dev-env-JobMetadata"
                }
              [32m+[0m [0m[1m[0mmetric_name[0m[0m = "ConsumedWriteCapacityUnits"
              [32m+[0m [0m[1m[0mnamespace[0m[0m   = "AWS/DynamoDB"
              [32m+[0m [0m[1m[0mperiod[0m[0m      = 60
              [32m+[0m [0m[1m[0mstat[0m[0m        = "Sum"
            }
        }
      [32m+[0m [0mmetric_query {
          [32m+[0m [0m[1m[0mexpression[0m[0m  = "m1/(5*60)"
          [32m+[0m [0m[1m[0mid[0m[0m          = "e1"
          [32m+[0m [0m[1m[0mlabel[0m[0m       = "aggregation-service-dev-env MetadataDB Write Capacity Usage Ratio"
          [32m+[0m [0m[1m[0mreturn_data[0m[0m = true
        }
    }

[1m  # module.operator_service.module.metadata_db.aws_dynamodb_table.metadata_db_table[0m will be created[0m[0m
[0m  [32m+[0m[0m resource "aws_dynamodb_table" "metadata_db_table" {
      [32m+[0m [0m[1m[0marn[0m[0m              = (known after apply)
      [32m+[0m [0m[1m[0mbilling_mode[0m[0m     = "PROVISIONED"
      [32m+[0m [0m[1m[0mhash_key[0m[0m         = "JobKey"
      [32m+[0m [0m[1m[0mid[0m[0m               = (known after apply)
      [32m+[0m [0m[1m[0mname[0m[0m             = "aggregation-service-dev-env-JobMetadata"
      [32m+[0m [0m[1m[0mread_capacity[0m[0m    = 5
      [32m+[0m [0m[1m[0mstream_arn[0m[0m       = (known after apply)
      [32m+[0m [0m[1m[0mstream_enabled[0m[0m   = true
      [32m+[0m [0m[1m[0mstream_label[0m[0m     = (known after apply)
      [32m+[0m [0m[1m[0mstream_view_type[0m[0m = "NEW_AND_OLD_IMAGES"
      [32m+[0m [0m[1m[0mtags[0m[0m             = {
          [32m+[0m [0m"environment" = "aggregation-service-dev-env"
          [32m+[0m [0m"name"        = "aggregation-service-dev-env-JobMetadata"
          [32m+[0m [0m"role"        = "metadatadb"
          [32m+[0m [0m"service"     = "operator-service"
        }
      [32m+[0m [0m[1m[0mtags_all[0m[0m         = {
          [32m+[0m [0m"environment" = "aggregation-service-dev-env"
          [32m+[0m [0m"name"        = "aggregation-service-dev-env-JobMetadata"
          [32m+[0m [0m"role"        = "metadatadb"
          [32m+[0m [0m"service"     = "operator-service"
        }
      [32m+[0m [0m[1m[0mwrite_capacity[0m[0m   = 5

      [32m+[0m [0mattribute {
          [32m+[0m [0m[1m[0mname[0m[0m = "JobKey"
          [32m+[0m [0m[1m[0mtype[0m[0m = "S"
        }

      [32m+[0m [0mpoint_in_time_recovery {
          [32m+[0m [0m[1m[0menabled[0m[0m = true
        }

      [32m+[0m [0mserver_side_encryption {
          [32m+[0m [0m[1m[0menabled[0m[0m     = (known after apply)
          [32m+[0m [0m[1m[0mkms_key_arn[0m[0m = (known after apply)
        }

      [32m+[0m [0mttl {
          [32m+[0m [0m[1m[0mattribute_name[0m[0m = "Ttl"
          [32m+[0m [0m[1m[0menabled[0m[0m        = true
        }
    }

[1m  # module.operator_service.module.metadata_db.aws_ssm_parameter.job_metadata_db_parameter_store[0m will be created[0m[0m
[0m  [32m+[0m[0m resource "aws_ssm_parameter" "job_metadata_db_parameter_store" {
      [32m+[0m [0m[1m[0marn[0m[0m       = (known after apply)
      [32m+[0m [0m[1m[0mdata_type[0m[0m = (known after apply)
      [32m+[0m [0m[1m[0mid[0m[0m        = (known after apply)
      [32m+[0m [0m[1m[0mkey_id[0m[0m    = (known after apply)
      [32m+[0m [0m[1m[0mname[0m[0m      = "scp-aggregation-service-dev-env-JOB_METADATA_DB"
      [32m+[0m [0m[1m[0mtags[0m[0m      = {
          [32m+[0m [0m"environment" = "aggregation-service-dev-env"
          [32m+[0m [0m"name"        = "scp-aggregation-service-dev-env-JOB_METADATA_DB"
          [32m+[0m [0m"role"        = "metadatadb"
          [32m+[0m [0m"service"     = "operator-service"
        }
      [32m+[0m [0m[1m[0mtags_all[0m[0m  = {
          [32m+[0m [0m"environment" = "aggregation-service-dev-env"
          [32m+[0m [0m"name"        = "scp-aggregation-service-dev-env-JOB_METADATA_DB"
          [32m+[0m [0m"role"        = "metadatadb"
          [32m+[0m [0m"service"     = "operator-service"
        }
      [32m+[0m [0m[1m[0mtier[0m[0m      = "Standard"
      [32m+[0m [0m[1m[0mtype[0m[0m      = "String"
      [32m+[0m [0m[1m[0mvalue[0m[0m     = (sensitive value)
      [32m+[0m [0m[1m[0mversion[0m[0m   = (known after apply)
    }

[1m  # module.operator_service.module.metadata_db.aws_ssm_parameter.metadata_db_table_name_parameter_store_legacy[0m will be created[0m[0m
[0m  [32m+[0m[0m resource "aws_ssm_parameter" "metadata_db_table_name_parameter_store_legacy" {
      [32m+[0m [0m[1m[0marn[0m[0m       = (known after apply)
      [32m+[0m [0m[1m[0mdata_type[0m[0m = (known after apply)
      [32m+[0m [0m[1m[0mid[0m[0m        = (known after apply)
      [32m+[0m [0m[1m[0mkey_id[0m[0m    = (known after apply)
      [32m+[0m [0m[1m[0mname[0m[0m      = "/aggregate-service/aggregation-service-dev-env/dynamodb_metadatadb_table_name"
      [32m+[0m [0m[1m[0moverwrite[0m[0m = true
      [32m+[0m [0m[1m[0mtags[0m[0m      = {
          [32m+[0m [0m"environment" = "aggregation-service-dev-env"
          [32m+[0m [0m"name"        = "/aggregate-service/aggregation-service-dev-env/dynamodb_metadatadb_table_name"
          [32m+[0m [0m"role"        = "metadatadb"
          [32m+[0m [0m"service"     = "aggregate-service"
        }
      [32m+[0m [0m[1m[0mtags_all[0m[0m  = {
          [32m+[0m [0m"environment" = "aggregation-service-dev-env"
          [32m+[0m [0m"name"        = "/aggregate-service/aggregation-service-dev-env/dynamodb_metadatadb_table_name"
          [32m+[0m [0m"role"        = "metadatadb"
          [32m+[0m [0m"service"     = "aggregate-service"
        }
      [32m+[0m [0m[1m[0mtier[0m[0m      = "Standard"
      [32m+[0m [0m[1m[0mtype[0m[0m      = "String"
      [32m+[0m [0m[1m[0mvalue[0m[0m     = (sensitive value)
      [32m+[0m [0m[1m[0mversion[0m[0m   = (known after apply)
    }

[1m  # module.operator_service.module.operator_alarm_sns_topic[0].aws_sns_topic.operator_alarm_sns_topic[0m will be created[0m[0m
[0m  [32m+[0m[0m resource "aws_sns_topic" "operator_alarm_sns_topic" {
      [32m+[0m [0m[1m[0marn[0m[0m                         = (known after apply)
      [32m+[0m [0m[1m[0mcontent_based_deduplication[0m[0m = false
      [32m+[0m [0m[1m[0mfifo_topic[0m[0m                  = false
      [32m+[0m [0m[1m[0mid[0m[0m                          = (known after apply)
      [32m+[0m [0m[1m[0mname[0m[0m                        = "aggregation-service-dev-env_us-west-2_operator_alarms_sns_topic"
      [32m+[0m [0m[1m[0mname_prefix[0m[0m                 = (known after apply)
      [32m+[0m [0m[1m[0mowner[0m[0m                       = (known after apply)
      [32m+[0m [0m[1m[0mpolicy[0m[0m                      = (known after apply)
      [32m+[0m [0m[1m[0mtags_all[0m[0m                    = (known after apply)
    }

[1m  # module.operator_service.module.operator_alarm_sns_topic[0].aws_sns_topic_subscription.operator_alarm_sns_topic_subscription[0m will be created[0m[0m
[0m  [32m+[0m[0m resource "aws_sns_topic_subscription" "operator_alarm_sns_topic_subscription" {
      [32m+[0m [0m[1m[0marn[0m[0m                             = (known after apply)
      [32m+[0m [0m[1m[0mconfirmation_timeout_in_minutes[0m[0m = 1
      [32m+[0m [0m[1m[0mconfirmation_was_authenticated[0m[0m  = (known after apply)
      [32m+[0m [0m[1m[0mendpoint[0m[0m                        = "data-pipelines@nextroll.com"
      [32m+[0m [0m[1m[0mendpoint_auto_confirms[0m[0m          = false
      [32m+[0m [0m[1m[0mid[0m[0m                              = (known after apply)
      [32m+[0m [0m[1m[0mowner_id[0m[0m                        = (known after apply)
      [32m+[0m [0m[1m[0mpending_confirmation[0m[0m            = (known after apply)
      [32m+[0m [0m[1m[0mprotocol[0m[0m                        = "email"
      [32m+[0m [0m[1m[0mraw_message_delivery[0m[0m            = false
      [32m+[0m [0m[1m[0mtopic_arn[0m[0m                       = (known after apply)
    }

[1m  # module.operator_service.module.vpc[0].data.aws_iam_policy_document.dynamodb_vpce_policy[0m will be read during apply[0m
  # (config refers to values not yet known)[0m
[0m [36m<=[0m[0m data "aws_iam_policy_document" "dynamodb_vpce_policy" {
      [32m+[0m [0m[1m[0mid[0m[0m   = (known after apply)
      [32m+[0m [0m[1m[0mjson[0m[0m = (known after apply)

      [32m+[0m [0mstatement {
          [32m+[0m [0m[1m[0mactions[0m[0m   = [
              [32m+[0m [0m"dynamodb:*",
            ]
          [32m+[0m [0m[1m[0meffect[0m[0m    = "Allow"
          [32m+[0m [0m[1m[0mresources[0m[0m = [
              [32m+[0m [0m(known after apply),
              [32m+[0m [0m(known after apply),
            ]
          [32m+[0m [0m[1m[0msid[0m[0m       = "AccessToDynamoDb"

          [32m+[0m [0mcondition {
              [32m+[0m [0m[1m[0mtest[0m[0m     = "StringLike"
              [32m+[0m [0m[1m[0mvalues[0m[0m   = [
                  [32m+[0m [0m(known after apply),
                ]
              [32m+[0m [0m[1m[0mvariable[0m[0m = "aws:PrincipalArn"
            }

          [32m+[0m [0mprincipals {
              [32m+[0m [0m[1m[0midentifiers[0m[0m = [
                  [32m+[0m [0m"*",
                ]
              [32m+[0m [0m[1m[0mtype[0m[0m        = "AWS"
            }
        }
    }

[1m  # module.operator_service.module.vpc[0].data.aws_iam_policy_document.s3_vpce_policy[0m will be read during apply[0m
  # (config refers to values not yet known)[0m
[0m [36m<=[0m[0m data "aws_iam_policy_document" "s3_vpce_policy" {
      [32m+[0m [0m[1m[0mid[0m[0m   = (known after apply)
      [32m+[0m [0m[1m[0mjson[0m[0m = (known after apply)

      [32m+[0m [0mstatement {
          [32m+[0m [0m[1m[0mactions[0m[0m   = [
              [32m+[0m [0m"s3:*",
            ]
          [32m+[0m [0m[1m[0meffect[0m[0m    = "Allow"
          [32m+[0m [0m[1m[0mresources[0m[0m = [
              [32m+[0m [0m"*",
            ]
          [32m+[0m [0m[1m[0msid[0m[0m       = "AccessToS3"

          [32m+[0m [0mcondition {
              [32m+[0m [0m[1m[0mtest[0m[0m     = "StringLike"
              [32m+[0m [0m[1m[0mvalues[0m[0m   = [
                  [32m+[0m [0m(known after apply),
                ]
              [32m+[0m [0m[1m[0mvariable[0m[0m = "aws:PrincipalArn"
            }

          [32m+[0m [0mprincipals {
              [32m+[0m [0m[1m[0midentifiers[0m[0m = [
                  [32m+[0m [0m"*",
                ]
              [32m+[0m [0m[1m[0mtype[0m[0m        = "AWS"
            }
        }
    }

[1m  # module.operator_service.module.vpc[0].aws_eip.elastic_ip["us-west-2a"][0m will be created[0m[0m
[0m  [32m+[0m[0m resource "aws_eip" "elastic_ip" {
      [32m+[0m [0m[1m[0mallocation_id[0m[0m        = (known after apply)
      [32m+[0m [0m[1m[0massociation_id[0m[0m       = (known after apply)
      [32m+[0m [0m[1m[0mcarrier_ip[0m[0m           = (known after apply)
      [32m+[0m [0m[1m[0mcustomer_owned_ip[0m[0m    = (known after apply)
      [32m+[0m [0m[1m[0mdomain[0m[0m               = (known after apply)
      [32m+[0m [0m[1m[0mid[0m[0m                   = (known after apply)
      [32m+[0m [0m[1m[0minstance[0m[0m             = (known after apply)
      [32m+[0m [0m[1m[0mnetwork_border_group[0m[0m = (known after apply)
      [32m+[0m [0m[1m[0mnetwork_interface[0m[0m    = (known after apply)
      [32m+[0m [0m[1m[0mprivate_dns[0m[0m          = (known after apply)
      [32m+[0m [0m[1m[0mprivate_ip[0m[0m           = (known after apply)
      [32m+[0m [0m[1m[0mpublic_dns[0m[0m           = (known after apply)
      [32m+[0m [0m[1m[0mpublic_ip[0m[0m            = (known after apply)
      [32m+[0m [0m[1m[0mpublic_ipv4_pool[0m[0m     = (known after apply)
      [32m+[0m [0m[1m[0mtags_all[0m[0m             = (known after apply)
      [32m+[0m [0m[1m[0mvpc[0m[0m                  = true
    }

[1m  # module.operator_service.module.vpc[0].aws_eip.elastic_ip["us-west-2b"][0m will be created[0m[0m
[0m  [32m+[0m[0m resource "aws_eip" "elastic_ip" {
      [32m+[0m [0m[1m[0mallocation_id[0m[0m        = (known after apply)
      [32m+[0m [0m[1m[0massociation_id[0m[0m       = (known after apply)
      [32m+[0m [0m[1m[0mcarrier_ip[0m[0m           = (known after apply)
      [32m+[0m [0m[1m[0mcustomer_owned_ip[0m[0m    = (known after apply)
      [32m+[0m [0m[1m[0mdomain[0m[0m               = (known after apply)
      [32m+[0m [0m[1m[0mid[0m[0m                   = (known after apply)
      [32m+[0m [0m[1m[0minstance[0m[0m             = (known after apply)
      [32m+[0m [0m[1m[0mnetwork_border_group[0m[0m = (known after apply)
      [32m+[0m [0m[1m[0mnetwork_interface[0m[0m    = (known after apply)
      [32m+[0m [0m[1m[0mprivate_dns[0m[0m          = (known after apply)
      [32m+[0m [0m[1m[0mprivate_ip[0m[0m           = (known after apply)
      [32m+[0m [0m[1m[0mpublic_dns[0m[0m           = (known after apply)
      [32m+[0m [0m[1m[0mpublic_ip[0m[0m            = (known after apply)
      [32m+[0m [0m[1m[0mpublic_ipv4_pool[0m[0m     = (known after apply)
      [32m+[0m [0m[1m[0mtags_all[0m[0m             = (known after apply)
      [32m+[0m [0m[1m[0mvpc[0m[0m                  = true
    }

[1m  # module.operator_service.module.vpc[0].aws_eip.elastic_ip["us-west-2c"][0m will be created[0m[0m
[0m  [32m+[0m[0m resource "aws_eip" "elastic_ip" {
      [32m+[0m [0m[1m[0mallocation_id[0m[0m        = (known after apply)
      [32m+[0m [0m[1m[0massociation_id[0m[0m       = (known after apply)
      [32m+[0m [0m[1m[0mcarrier_ip[0m[0m           = (known after apply)
      [32m+[0m [0m[1m[0mcustomer_owned_ip[0m[0m    = (known after apply)
      [32m+[0m [0m[1m[0mdomain[0m[0m               = (known after apply)
      [32m+[0m [0m[1m[0mid[0m[0m                   = (known after apply)
      [32m+[0m [0m[1m[0minstance[0m[0m             = (known after apply)
      [32m+[0m [0m[1m[0mnetwork_border_group[0m[0m = (known after apply)
      [32m+[0m [0m[1m[0mnetwork_interface[0m[0m    = (known after apply)
      [32m+[0m [0m[1m[0mprivate_dns[0m[0m          = (known after apply)
      [32m+[0m [0m[1m[0mprivate_ip[0m[0m           = (known after apply)
      [32m+[0m [0m[1m[0mpublic_dns[0m[0m           = (known after apply)
      [32m+[0m [0m[1m[0mpublic_ip[0m[0m            = (known after apply)
      [32m+[0m [0m[1m[0mpublic_ipv4_pool[0m[0m     = (known after apply)
      [32m+[0m [0m[1m[0mtags_all[0m[0m             = (known after apply)
      [32m+[0m [0m[1m[0mvpc[0m[0m                  = true
    }

[1m  # module.operator_service.module.vpc[0].aws_eip.elastic_ip["us-west-2d"][0m will be created[0m[0m
[0m  [32m+[0m[0m resource "aws_eip" "elastic_ip" {
      [32m+[0m [0m[1m[0mallocation_id[0m[0m        = (known after apply)
      [32m+[0m [0m[1m[0massociation_id[0m[0m       = (known after apply)
      [32m+[0m [0m[1m[0mcarrier_ip[0m[0m           = (known after apply)
      [32m+[0m [0m[1m[0mcustomer_owned_ip[0m[0m    = (known after apply)
      [32m+[0m [0m[1m[0mdomain[0m[0m               = (known after apply)
      [32m+[0m [0m[1m[0mid[0m[0m                   = (known after apply)
      [32m+[0m [0m[1m[0minstance[0m[0m             = (known after apply)
      [32m+[0m [0m[1m[0mnetwork_border_group[0m[0m = (known after apply)
      [32m+[0m [0m[1m[0mnetwork_interface[0m[0m    = (known after apply)
      [32m+[0m [0m[1m[0mprivate_dns[0m[0m          = (known after apply)
      [32m+[0m [0m[1m[0mprivate_ip[0m[0m           = (known after apply)
      [32m+[0m [0m[1m[0mpublic_dns[0m[0m           = (known after apply)
      [32m+[0m [0m[1m[0mpublic_ip[0m[0m            = (known after apply)
      [32m+[0m [0m[1m[0mpublic_ipv4_pool[0m[0m     = (known after apply)
      [32m+[0m [0m[1m[0mtags_all[0m[0m             = (known after apply)
      [32m+[0m [0m[1m[0mvpc[0m[0m                  = true
    }

[1m  # module.operator_service.module.vpc[0].aws_internet_gateway.inet_gateway[0m will be created[0m[0m
[0m  [32m+[0m[0m resource "aws_internet_gateway" "inet_gateway" {
      [32m+[0m [0m[1m[0marn[0m[0m      = (known after apply)
      [32m+[0m [0m[1m[0mid[0m[0m       = (known after apply)
      [32m+[0m [0m[1m[0mowner_id[0m[0m = (known after apply)
      [32m+[0m [0m[1m[0mtags[0m[0m     = {
          [32m+[0m [0m"Name" = "operator-service-aggregation-service-dev-env"
        }
      [32m+[0m [0m[1m[0mtags_all[0m[0m = {
          [32m+[0m [0m"Name" = "operator-service-aggregation-service-dev-env"
        }
      [32m+[0m [0m[1m[0mvpc_id[0m[0m   = (known after apply)
    }

[1m  # module.operator_service.module.vpc[0].aws_nat_gateway.nat_gateway["us-west-2a"][0m will be created[0m[0m
[0m  [32m+[0m[0m resource "aws_nat_gateway" "nat_gateway" {
      [32m+[0m [0m[1m[0mallocation_id[0m[0m        = (known after apply)
      [32m+[0m [0m[1m[0mconnectivity_type[0m[0m    = "public"
      [32m+[0m [0m[1m[0mid[0m[0m                   = (known after apply)
      [32m+[0m [0m[1m[0mnetwork_interface_id[0m[0m = (known after apply)
      [32m+[0m [0m[1m[0mprivate_ip[0m[0m           = (known after apply)
      [32m+[0m [0m[1m[0mpublic_ip[0m[0m            = (known after apply)
      [32m+[0m [0m[1m[0msubnet_id[0m[0m            = (known after apply)
      [32m+[0m [0m[1m[0mtags[0m[0m                 = {
          [32m+[0m [0m"Name"              = "operator-service-aggregation-service-dev-env"
          [32m+[0m [0m"availability_zone" = "us-west-2a"
          [32m+[0m [0m"subnet_type"       = "public"
        }
      [32m+[0m [0m[1m[0mtags_all[0m[0m             = {
          [32m+[0m [0m"Name"              = "operator-service-aggregation-service-dev-env"
          [32m+[0m [0m"availability_zone" = "us-west-2a"
          [32m+[0m [0m"subnet_type"       = "public"
        }
    }

[1m  # module.operator_service.module.vpc[0].aws_nat_gateway.nat_gateway["us-west-2b"][0m will be created[0m[0m
[0m  [32m+[0m[0m resource "aws_nat_gateway" "nat_gateway" {
      [32m+[0m [0m[1m[0mallocation_id[0m[0m        = (known after apply)
      [32m+[0m [0m[1m[0mconnectivity_type[0m[0m    = "public"
      [32m+[0m [0m[1m[0mid[0m[0m                   = (known after apply)
      [32m+[0m [0m[1m[0mnetwork_interface_id[0m[0m = (known after apply)
      [32m+[0m [0m[1m[0mprivate_ip[0m[0m           = (known after apply)
      [32m+[0m [0m[1m[0mpublic_ip[0m[0m            = (known after apply)
      [32m+[0m [0m[1m[0msubnet_id[0m[0m            = (known after apply)
      [32m+[0m [0m[1m[0mtags[0m[0m                 = {
          [32m+[0m [0m"Name"              = "operator-service-aggregation-service-dev-env"
          [32m+[0m [0m"availability_zone" = "us-west-2b"
          [32m+[0m [0m"subnet_type"       = "public"
        }
      [32m+[0m [0m[1m[0mtags_all[0m[0m             = {
          [32m+[0m [0m"Name"              = "operator-service-aggregation-service-dev-env"
          [32m+[0m [0m"availability_zone" = "us-west-2b"
          [32m+[0m [0m"subnet_type"       = "public"
        }
    }

[1m  # module.operator_service.module.vpc[0].aws_nat_gateway.nat_gateway["us-west-2c"][0m will be created[0m[0m
[0m  [32m+[0m[0m resource "aws_nat_gateway" "nat_gateway" {
      [32m+[0m [0m[1m[0mallocation_id[0m[0m        = (known after apply)
      [32m+[0m [0m[1m[0mconnectivity_type[0m[0m    = "public"
      [32m+[0m [0m[1m[0mid[0m[0m                   = (known after apply)
      [32m+[0m [0m[1m[0mnetwork_interface_id[0m[0m = (known after apply)
      [32m+[0m [0m[1m[0mprivate_ip[0m[0m           = (known after apply)
      [32m+[0m [0m[1m[0mpublic_ip[0m[0m            = (known after apply)
      [32m+[0m [0m[1m[0msubnet_id[0m[0m            = (known after apply)
      [32m+[0m [0m[1m[0mtags[0m[0m                 = {
          [32m+[0m [0m"Name"              = "operator-service-aggregation-service-dev-env"
          [32m+[0m [0m"availability_zone" = "us-west-2c"
          [32m+[0m [0m"subnet_type"       = "public"
        }
      [32m+[0m [0m[1m[0mtags_all[0m[0m             = {
          [32m+[0m [0m"Name"              = "operator-service-aggregation-service-dev-env"
          [32m+[0m [0m"availability_zone" = "us-west-2c"
          [32m+[0m [0m"subnet_type"       = "public"
        }
    }

[1m  # module.operator_service.module.vpc[0].aws_nat_gateway.nat_gateway["us-west-2d"][0m will be created[0m[0m
[0m  [32m+[0m[0m resource "aws_nat_gateway" "nat_gateway" {
      [32m+[0m [0m[1m[0mallocation_id[0m[0m        = (known after apply)
      [32m+[0m [0m[1m[0mconnectivity_type[0m[0m    = "public"
      [32m+[0m [0m[1m[0mid[0m[0m                   = (known after apply)
      [32m+[0m [0m[1m[0mnetwork_interface_id[0m[0m = (known after apply)
      [32m+[0m [0m[1m[0mprivate_ip[0m[0m           = (known after apply)
      [32m+[0m [0m[1m[0mpublic_ip[0m[0m            = (known after apply)
      [32m+[0m [0m[1m[0msubnet_id[0m[0m            = (known after apply)
      [32m+[0m [0m[1m[0mtags[0m[0m                 = {
          [32m+[0m [0m"Name"              = "operator-service-aggregation-service-dev-env"
          [32m+[0m [0m"availability_zone" = "us-west-2d"
          [32m+[0m [0m"subnet_type"       = "public"
        }
      [32m+[0m [0m[1m[0mtags_all[0m[0m             = {
          [32m+[0m [0m"Name"              = "operator-service-aggregation-service-dev-env"
          [32m+[0m [0m"availability_zone" = "us-west-2d"
          [32m+[0m [0m"subnet_type"       = "public"
        }
    }

[1m  # module.operator_service.module.vpc[0].aws_route.inet_gateway_route[0m will be created[0m[0m
[0m  [32m+[0m[0m resource "aws_route" "inet_gateway_route" {
      [32m+[0m [0m[1m[0mdestination_cidr_block[0m[0m = "0.0.0.0/0"
      [32m+[0m [0m[1m[0mgateway_id[0m[0m             = (known after apply)
      [32m+[0m [0m[1m[0mid[0m[0m                     = (known after apply)
      [32m+[0m [0m[1m[0minstance_id[0m[0m            = (known after apply)
      [32m+[0m [0m[1m[0minstance_owner_id[0m[0m      = (known after apply)
      [32m+[0m [0m[1m[0mnetwork_interface_id[0m[0m   = (known after apply)
      [32m+[0m [0m[1m[0morigin[0m[0m                 = (known after apply)
      [32m+[0m [0m[1m[0mroute_table_id[0m[0m         = (known after apply)
      [32m+[0m [0m[1m[0mstate[0m[0m                  = (known after apply)
    }

[1m  # module.operator_service.module.vpc[0].aws_route.nat_gateway_route["us-west-2a"][0m will be created[0m[0m
[0m  [32m+[0m[0m resource "aws_route" "nat_gateway_route" {
      [32m+[0m [0m[1m[0mdestination_cidr_block[0m[0m = "0.0.0.0/0"
      [32m+[0m [0m[1m[0mid[0m[0m                     = (known after apply)
      [32m+[0m [0m[1m[0minstance_id[0m[0m            = (known after apply)
      [32m+[0m [0m[1m[0minstance_owner_id[0m[0m      = (known after apply)
      [32m+[0m [0m[1m[0mnat_gateway_id[0m[0m         = (known after apply)
      [32m+[0m [0m[1m[0mnetwork_interface_id[0m[0m   = (known after apply)
      [32m+[0m [0m[1m[0morigin[0m[0m                 = (known after apply)
      [32m+[0m [0m[1m[0mroute_table_id[0m[0m         = (known after apply)
      [32m+[0m [0m[1m[0mstate[0m[0m                  = (known after apply)
    }

[1m  # module.operator_service.module.vpc[0].aws_route.nat_gateway_route["us-west-2b"][0m will be created[0m[0m
[0m  [32m+[0m[0m resource "aws_route" "nat_gateway_route" {
      [32m+[0m [0m[1m[0mdestination_cidr_block[0m[0m = "0.0.0.0/0"
      [32m+[0m [0m[1m[0mid[0m[0m                     = (known after apply)
      [32m+[0m [0m[1m[0minstance_id[0m[0m            = (known after apply)
      [32m+[0m [0m[1m[0minstance_owner_id[0m[0m      = (known after apply)
      [32m+[0m [0m[1m[0mnat_gateway_id[0m[0m         = (known after apply)
      [32m+[0m [0m[1m[0mnetwork_interface_id[0m[0m   = (known after apply)
      [32m+[0m [0m[1m[0morigin[0m[0m                 = (known after apply)
      [32m+[0m [0m[1m[0mroute_table_id[0m[0m         = (known after apply)
      [32m+[0m [0m[1m[0mstate[0m[0m                  = (known after apply)
    }

[1m  # module.operator_service.module.vpc[0].aws_route.nat_gateway_route["us-west-2c"][0m will be created[0m[0m
[0m  [32m+[0m[0m resource "aws_route" "nat_gateway_route" {
      [32m+[0m [0m[1m[0mdestination_cidr_block[0m[0m = "0.0.0.0/0"
      [32m+[0m [0m[1m[0mid[0m[0m                     = (known after apply)
      [32m+[0m [0m[1m[0minstance_id[0m[0m            = (known after apply)
      [32m+[0m [0m[1m[0minstance_owner_id[0m[0m      = (known after apply)
      [32m+[0m [0m[1m[0mnat_gateway_id[0m[0m         = (known after apply)
      [32m+[0m [0m[1m[0mnetwork_interface_id[0m[0m   = (known after apply)
      [32m+[0m [0m[1m[0morigin[0m[0m                 = (known after apply)
      [32m+[0m [0m[1m[0mroute_table_id[0m[0m         = (known after apply)
      [32m+[0m [0m[1m[0mstate[0m[0m                  = (known after apply)
    }

[1m  # module.operator_service.module.vpc[0].aws_route.nat_gateway_route["us-west-2d"][0m will be created[0m[0m
[0m  [32m+[0m[0m resource "aws_route" "nat_gateway_route" {
      [32m+[0m [0m[1m[0mdestination_cidr_block[0m[0m = "0.0.0.0/0"
      [32m+[0m [0m[1m[0mid[0m[0m                     = (known after apply)
      [32m+[0m [0m[1m[0minstance_id[0m[0m            = (known after apply)
      [32m+[0m [0m[1m[0minstance_owner_id[0m[0m      = (known after apply)
      [32m+[0m [0m[1m[0mnat_gateway_id[0m[0m         = (known after apply)
      [32m+[0m [0m[1m[0mnetwork_interface_id[0m[0m   = (known after apply)
      [32m+[0m [0m[1m[0morigin[0m[0m                 = (known after apply)
      [32m+[0m [0m[1m[0mroute_table_id[0m[0m         = (known after apply)
      [32m+[0m [0m[1m[0mstate[0m[0m                  = (known after apply)
    }

[1m  # module.operator_service.module.vpc[0].aws_route_table.private_route_table["us-west-2a"][0m will be created[0m[0m
[0m  [32m+[0m[0m resource "aws_route_table" "private_route_table" {
      [32m+[0m [0m[1m[0marn[0m[0m              = (known after apply)
      [32m+[0m [0m[1m[0mid[0m[0m               = (known after apply)
      [32m+[0m [0m[1m[0mowner_id[0m[0m         = (known after apply)
      [32m+[0m [0m[1m[0mpropagating_vgws[0m[0m = (known after apply)
      [32m+[0m [0m[1m[0mroute[0m[0m            = (known after apply)
      [32m+[0m [0m[1m[0mtags[0m[0m             = {
          [32m+[0m [0m"Name"              = "operator-service-aggregation-service-dev-env"
          [32m+[0m [0m"availability_zone" = "us-west-2a"
          [32m+[0m [0m"subnet_type"       = "private"
        }
      [32m+[0m [0m[1m[0mtags_all[0m[0m         = {
          [32m+[0m [0m"Name"              = "operator-service-aggregation-service-dev-env"
          [32m+[0m [0m"availability_zone" = "us-west-2a"
          [32m+[0m [0m"subnet_type"       = "private"
        }
      [32m+[0m [0m[1m[0mvpc_id[0m[0m           = (known after apply)
    }

[1m  # module.operator_service.module.vpc[0].aws_route_table.private_route_table["us-west-2b"][0m will be created[0m[0m
[0m  [32m+[0m[0m resource "aws_route_table" "private_route_table" {
      [32m+[0m [0m[1m[0marn[0m[0m              = (known after apply)
      [32m+[0m [0m[1m[0mid[0m[0m               = (known after apply)
      [32m+[0m [0m[1m[0mowner_id[0m[0m         = (known after apply)
      [32m+[0m [0m[1m[0mpropagating_vgws[0m[0m = (known after apply)
      [32m+[0m [0m[1m[0mroute[0m[0m            = (known after apply)
      [32m+[0m [0m[1m[0mtags[0m[0m             = {
          [32m+[0m [0m"Name"              = "operator-service-aggregation-service-dev-env"
          [32m+[0m [0m"availability_zone" = "us-west-2b"
          [32m+[0m [0m"subnet_type"       = "private"
        }
      [32m+[0m [0m[1m[0mtags_all[0m[0m         = {
          [32m+[0m [0m"Name"              = "operator-service-aggregation-service-dev-env"
          [32m+[0m [0m"availability_zone" = "us-west-2b"
          [32m+[0m [0m"subnet_type"       = "private"
        }
      [32m+[0m [0m[1m[0mvpc_id[0m[0m           = (known after apply)
    }

[1m  # module.operator_service.module.vpc[0].aws_route_table.private_route_table["us-west-2c"][0m will be created[0m[0m
[0m  [32m+[0m[0m resource "aws_route_table" "private_route_table" {
      [32m+[0m [0m[1m[0marn[0m[0m              = (known after apply)
      [32m+[0m [0m[1m[0mid[0m[0m               = (known after apply)
      [32m+[0m [0m[1m[0mowner_id[0m[0m         = (known after apply)
      [32m+[0m [0m[1m[0mpropagating_vgws[0m[0m = (known after apply)
      [32m+[0m [0m[1m[0mroute[0m[0m            = (known after apply)
      [32m+[0m [0m[1m[0mtags[0m[0m             = {
          [32m+[0m [0m"Name"              = "operator-service-aggregation-service-dev-env"
          [32m+[0m [0m"availability_zone" = "us-west-2c"
          [32m+[0m [0m"subnet_type"       = "private"
        }
      [32m+[0m [0m[1m[0mtags_all[0m[0m         = {
          [32m+[0m [0m"Name"              = "operator-service-aggregation-service-dev-env"
          [32m+[0m [0m"availability_zone" = "us-west-2c"
          [32m+[0m [0m"subnet_type"       = "private"
        }
      [32m+[0m [0m[1m[0mvpc_id[0m[0m           = (known after apply)
    }

[1m  # module.operator_service.module.vpc[0].aws_route_table.private_route_table["us-west-2d"][0m will be created[0m[0m
[0m  [32m+[0m[0m resource "aws_route_table" "private_route_table" {
      [32m+[0m [0m[1m[0marn[0m[0m              = (known after apply)
      [32m+[0m [0m[1m[0mid[0m[0m               = (known after apply)
      [32m+[0m [0m[1m[0mowner_id[0m[0m         = (known after apply)
      [32m+[0m [0m[1m[0mpropagating_vgws[0m[0m = (known after apply)
      [32m+[0m [0m[1m[0mroute[0m[0m            = (known after apply)
      [32m+[0m [0m[1m[0mtags[0m[0m             = {
          [32m+[0m [0m"Name"              = "operator-service-aggregation-service-dev-env"
          [32m+[0m [0m"availability_zone" = "us-west-2d"
          [32m+[0m [0m"subnet_type"       = "private"
        }
      [32m+[0m [0m[1m[0mtags_all[0m[0m         = {
          [32m+[0m [0m"Name"              = "operator-service-aggregation-service-dev-env"
          [32m+[0m [0m"availability_zone" = "us-west-2d"
          [32m+[0m [0m"subnet_type"       = "private"
        }
      [32m+[0m [0m[1m[0mvpc_id[0m[0m           = (known after apply)
    }

[1m  # module.operator_service.module.vpc[0].aws_route_table_association.private_route_assoc["us-west-2a"][0m will be created[0m[0m
[0m  [32m+[0m[0m resource "aws_route_table_association" "private_route_assoc" {
      [32m+[0m [0m[1m[0mid[0m[0m             = (known after apply)
      [32m+[0m [0m[1m[0mroute_table_id[0m[0m = (known after apply)
      [32m+[0m [0m[1m[0msubnet_id[0m[0m      = (known after apply)
    }

[1m  # module.operator_service.module.vpc[0].aws_route_table_association.private_route_assoc["us-west-2b"][0m will be created[0m[0m
[0m  [32m+[0m[0m resource "aws_route_table_association" "private_route_assoc" {
      [32m+[0m [0m[1m[0mid[0m[0m             = (known after apply)
      [32m+[0m [0m[1m[0mroute_table_id[0m[0m = (known after apply)
      [32m+[0m [0m[1m[0msubnet_id[0m[0m      = (known after apply)
    }

[1m  # module.operator_service.module.vpc[0].aws_route_table_association.private_route_assoc["us-west-2c"][0m will be created[0m[0m
[0m  [32m+[0m[0m resource "aws_route_table_association" "private_route_assoc" {
      [32m+[0m [0m[1m[0mid[0m[0m             = (known after apply)
      [32m+[0m [0m[1m[0mroute_table_id[0m[0m = (known after apply)
      [32m+[0m [0m[1m[0msubnet_id[0m[0m      = (known after apply)
    }

[1m  # module.operator_service.module.vpc[0].aws_route_table_association.private_route_assoc["us-west-2d"][0m will be created[0m[0m
[0m  [32m+[0m[0m resource "aws_route_table_association" "private_route_assoc" {
      [32m+[0m [0m[1m[0mid[0m[0m             = (known after apply)
      [32m+[0m [0m[1m[0mroute_table_id[0m[0m = (known after apply)
      [32m+[0m [0m[1m[0msubnet_id[0m[0m      = (known after apply)
    }

[1m  # module.operator_service.module.vpc[0].aws_security_group.default[0m will be created[0m[0m
[0m  [32m+[0m[0m resource "aws_security_group" "default" {
      [32m+[0m [0m[1m[0marn[0m[0m                    = (known after apply)
      [32m+[0m [0m[1m[0mdescription[0m[0m            = (known after apply)
      [32m+[0m [0m[1m[0megress[0m[0m                 = (known after apply)
      [32m+[0m [0m[1m[0mid[0m[0m                     = (known after apply)
      [32m+[0m [0m[1m[0mingress[0m[0m                = (known after apply)
      [32m+[0m [0m[1m[0mname[0m[0m                   = (known after apply)
      [32m+[0m [0m[1m[0mname_prefix[0m[0m            = (known after apply)
      [32m+[0m [0m[1m[0mowner_id[0m[0m               = (known after apply)
      [32m+[0m [0m[1m[0mrevoke_rules_on_delete[0m[0m = false
      [32m+[0m [0m[1m[0mtags[0m[0m                   = {
          [32m+[0m [0m"Name" = "operator-service-aggregation-service-dev-env"
        }
      [32m+[0m [0m[1m[0mtags_all[0m[0m               = {
          [32m+[0m [0m"Name" = "operator-service-aggregation-service-dev-env"
        }
      [32m+[0m [0m[1m[0mvpc_id[0m[0m                 = (known after apply)
    }

[1m  # module.operator_service.module.vpc[0].aws_security_group.egress[0m will be created[0m[0m
[0m  [32m+[0m[0m resource "aws_security_group" "egress" {
      [32m+[0m [0m[1m[0marn[0m[0m                    = (known after apply)
      [32m+[0m [0m[1m[0mdescription[0m[0m            = (known after apply)
      [32m+[0m [0m[1m[0megress[0m[0m                 = (known after apply)
      [32m+[0m [0m[1m[0mid[0m[0m                     = (known after apply)
      [32m+[0m [0m[1m[0mingress[0m[0m                = (known after apply)
      [32m+[0m [0m[1m[0mname[0m[0m                   = "allow_egress"
      [32m+[0m [0m[1m[0mname_prefix[0m[0m            = (known after apply)
      [32m+[0m [0m[1m[0mowner_id[0m[0m               = (known after apply)
      [32m+[0m [0m[1m[0mrevoke_rules_on_delete[0m[0m = false
      [32m+[0m [0m[1m[0mtags[0m[0m                   = {
          [32m+[0m [0m"Name" = "operator-service-aggregation-service-dev-env"
        }
      [32m+[0m [0m[1m[0mtags_all[0m[0m               = {
          [32m+[0m [0m"Name" = "operator-service-aggregation-service-dev-env"
        }
      [32m+[0m [0m[1m[0mvpc_id[0m[0m                 = (known after apply)
    }

[1m  # module.operator_service.module.vpc[0].aws_security_group.internal[0m will be created[0m[0m
[0m  [32m+[0m[0m resource "aws_security_group" "internal" {
      [32m+[0m [0m[1m[0marn[0m[0m                    = (known after apply)
      [32m+[0m [0m[1m[0mdescription[0m[0m            = (known after apply)
      [32m+[0m [0m[1m[0megress[0m[0m                 = (known after apply)
      [32m+[0m [0m[1m[0mid[0m[0m                     = (known after apply)
      [32m+[0m [0m[1m[0mingress[0m[0m                = (known after apply)
      [32m+[0m [0m[1m[0mname[0m[0m                   = "allow_internal"
      [32m+[0m [0m[1m[0mname_prefix[0m[0m            = (known after apply)
      [32m+[0m [0m[1m[0mowner_id[0m[0m               = (known after apply)
      [32m+[0m [0m[1m[0mrevoke_rules_on_delete[0m[0m = false
      [32m+[0m [0m[1m[0mtags[0m[0m                   = {
          [32m+[0m [0m"Name" = "operator-service-aggregation-service-dev-env"
        }
      [32m+[0m [0m[1m[0mtags_all[0m[0m               = {
          [32m+[0m [0m"Name" = "operator-service-aggregation-service-dev-env"
        }
      [32m+[0m [0m[1m[0mvpc_id[0m[0m                 = (known after apply)
    }

[1m  # module.operator_service.module.vpc[0].aws_security_group_rule.allow_all_from_internal[0m will be created[0m[0m
[0m  [32m+[0m[0m resource "aws_security_group_rule" "allow_all_from_internal" {
      [32m+[0m [0m[1m[0mcidr_blocks[0m[0m              = [
          [32m+[0m [0m"10.0.0.0/16",
        ]
      [32m+[0m [0m[1m[0mfrom_port[0m[0m                = 0
      [32m+[0m [0m[1m[0mid[0m[0m                       = (known after apply)
      [32m+[0m [0m[1m[0mprotocol[0m[0m                 = "-1"
      [32m+[0m [0m[1m[0msecurity_group_id[0m[0m        = (known after apply)
      [32m+[0m [0m[1m[0mself[0m[0m                     = false
      [32m+[0m [0m[1m[0msource_security_group_id[0m[0m = (known after apply)
      [32m+[0m [0m[1m[0mto_port[0m[0m                  = 0
      [32m+[0m [0m[1m[0mtype[0m[0m                     = "ingress"
    }

[1m  # module.operator_service.module.vpc[0].aws_security_group_rule.allow_egress_dns[0m will be created[0m[0m
[0m  [32m+[0m[0m resource "aws_security_group_rule" "allow_egress_dns" {
      [32m+[0m [0m[1m[0mcidr_blocks[0m[0m              = [
          [32m+[0m [0m"0.0.0.0/0",
        ]
      [32m+[0m [0m[1m[0mdescription[0m[0m              = "dns via tcp access"
      [32m+[0m [0m[1m[0mfrom_port[0m[0m                = 53
      [32m+[0m [0m[1m[0mid[0m[0m                       = (known after apply)
      [32m+[0m [0m[1m[0mprotocol[0m[0m                 = "tcp"
      [32m+[0m [0m[1m[0msecurity_group_id[0m[0m        = (known after apply)
      [32m+[0m [0m[1m[0mself[0m[0m                     = false
      [32m+[0m [0m[1m[0msource_security_group_id[0m[0m = (known after apply)
      [32m+[0m [0m[1m[0mto_port[0m[0m                  = 53
      [32m+[0m [0m[1m[0mtype[0m[0m                     = "egress"
    }

[1m  # module.operator_service.module.vpc[0].aws_security_group_rule.allow_egress_dns_udp[0m will be created[0m[0m
[0m  [32m+[0m[0m resource "aws_security_group_rule" "allow_egress_dns_udp" {
      [32m+[0m [0m[1m[0mcidr_blocks[0m[0m              = [
          [32m+[0m [0m"0.0.0.0/0",
        ]
      [32m+[0m [0m[1m[0mdescription[0m[0m              = "dns via udp access"
      [32m+[0m [0m[1m[0mfrom_port[0m[0m                = 53
      [32m+[0m [0m[1m[0mid[0m[0m                       = (known after apply)
      [32m+[0m [0m[1m[0mprotocol[0m[0m                 = "udp"
      [32m+[0m [0m[1m[0msecurity_group_id[0m[0m        = (known after apply)
      [32m+[0m [0m[1m[0mself[0m[0m                     = false
      [32m+[0m [0m[1m[0msource_security_group_id[0m[0m = (known after apply)
      [32m+[0m [0m[1m[0mto_port[0m[0m                  = 53
      [32m+[0m [0m[1m[0mtype[0m[0m                     = "egress"
    }

[1m  # module.operator_service.module.vpc[0].aws_security_group_rule.allow_egress_http[0m will be created[0m[0m
[0m  [32m+[0m[0m resource "aws_security_group_rule" "allow_egress_http" {
      [32m+[0m [0m[1m[0mcidr_blocks[0m[0m              = [
          [32m+[0m [0m"0.0.0.0/0",
        ]
      [32m+[0m [0m[1m[0mdescription[0m[0m              = "http access"
      [32m+[0m [0m[1m[0mfrom_port[0m[0m                = 80
      [32m+[0m [0m[1m[0mid[0m[0m                       = (known after apply)
      [32m+[0m [0m[1m[0mprotocol[0m[0m                 = "tcp"
      [32m+[0m [0m[1m[0msecurity_group_id[0m[0m        = (known after apply)
      [32m+[0m [0m[1m[0mself[0m[0m                     = false
      [32m+[0m [0m[1m[0msource_security_group_id[0m[0m = (known after apply)
      [32m+[0m [0m[1m[0mto_port[0m[0m                  = 80
      [32m+[0m [0m[1m[0mtype[0m[0m                     = "egress"
    }

[1m  # module.operator_service.module.vpc[0].aws_security_group_rule.allow_egress_https[0m will be created[0m[0m
[0m  [32m+[0m[0m resource "aws_security_group_rule" "allow_egress_https" {
      [32m+[0m [0m[1m[0mcidr_blocks[0m[0m              = [
          [32m+[0m [0m"0.0.0.0/0",
        ]
      [32m+[0m [0m[1m[0mdescription[0m[0m              = "https access"
      [32m+[0m [0m[1m[0mfrom_port[0m[0m                = 443
      [32m+[0m [0m[1m[0mid[0m[0m                       = (known after apply)
      [32m+[0m [0m[1m[0mprotocol[0m[0m                 = "tcp"
      [32m+[0m [0m[1m[0msecurity_group_id[0m[0m        = (known after apply)
      [32m+[0m [0m[1m[0mself[0m[0m                     = false
      [32m+[0m [0m[1m[0msource_security_group_id[0m[0m = (known after apply)
      [32m+[0m [0m[1m[0mto_port[0m[0m                  = 443
      [32m+[0m [0m[1m[0mtype[0m[0m                     = "egress"
    }

[1m  # module.operator_service.module.vpc[0].aws_security_group_rule.allow_ingress_https[0m will be created[0m[0m
[0m  [32m+[0m[0m resource "aws_security_group_rule" "allow_ingress_https" {
      [32m+[0m [0m[1m[0mcidr_blocks[0m[0m              = [
          [32m+[0m [0m"10.0.0.0/16",
        ]
      [32m+[0m [0m[1m[0mdescription[0m[0m              = "https access from VPC"
      [32m+[0m [0m[1m[0mfrom_port[0m[0m                = 443
      [32m+[0m [0m[1m[0mid[0m[0m                       = (known after apply)
      [32m+[0m [0m[1m[0mprotocol[0m[0m                 = "tcp"
      [32m+[0m [0m[1m[0msecurity_group_id[0m[0m        = (known after apply)
      [32m+[0m [0m[1m[0mself[0m[0m                     = false
      [32m+[0m [0m[1m[0msource_security_group_id[0m[0m = (known after apply)
      [32m+[0m [0m[1m[0mto_port[0m[0m                  = 443
      [32m+[0m [0m[1m[0mtype[0m[0m                     = "ingress"
    }

[1m  # module.operator_service.module.vpc[0].aws_subnet.private["us-west-2a"][0m will be created[0m[0m
[0m  [32m+[0m[0m resource "aws_subnet" "private" {
      [32m+[0m [0m[1m[0marn[0m[0m                                            = (known after apply)
      [32m+[0m [0m[1m[0massign_ipv6_address_on_creation[0m[0m                = false
      [32m+[0m [0m[1m[0mavailability_zone[0m[0m                              = "us-west-2a"
      [32m+[0m [0m[1m[0mavailability_zone_id[0m[0m                           = (known after apply)
      [32m+[0m [0m[1m[0mcidr_block[0m[0m                                     = "10.0.0.0/20"
      [32m+[0m [0m[1m[0menable_dns64[0m[0m                                   = false
      [32m+[0m [0m[1m[0menable_resource_name_dns_a_record_on_launch[0m[0m    = false
      [32m+[0m [0m[1m[0menable_resource_name_dns_aaaa_record_on_launch[0m[0m = false
      [32m+[0m [0m[1m[0mid[0m[0m                                             = (known after apply)
      [32m+[0m [0m[1m[0mipv6_cidr_block_association_id[0m[0m                 = (known after apply)
      [32m+[0m [0m[1m[0mipv6_native[0m[0m                                    = false
      [32m+[0m [0m[1m[0mmap_public_ip_on_launch[0m[0m                        = false
      [32m+[0m [0m[1m[0mowner_id[0m[0m                                       = (known after apply)
      [32m+[0m [0m[1m[0mprivate_dns_hostname_type_on_launch[0m[0m            = (known after apply)
      [32m+[0m [0m[1m[0mtags[0m[0m                                           = {
          [32m+[0m [0m"Name"              = "operator-service-aggregation-service-dev-env"
          [32m+[0m [0m"availability_zone" = "us-west-2a"
          [32m+[0m [0m"subnet_type"       = "private"
        }
      [32m+[0m [0m[1m[0mtags_all[0m[0m                                       = {
          [32m+[0m [0m"Name"              = "operator-service-aggregation-service-dev-env"
          [32m+[0m [0m"availability_zone" = "us-west-2a"
          [32m+[0m [0m"subnet_type"       = "private"
        }
      [32m+[0m [0m[1m[0mvpc_id[0m[0m                                         = (known after apply)
    }

[1m  # module.operator_service.module.vpc[0].aws_subnet.private["us-west-2b"][0m will be created[0m[0m
[0m  [32m+[0m[0m resource "aws_subnet" "private" {
      [32m+[0m [0m[1m[0marn[0m[0m                                            = (known after apply)
      [32m+[0m [0m[1m[0massign_ipv6_address_on_creation[0m[0m                = false
      [32m+[0m [0m[1m[0mavailability_zone[0m[0m                              = "us-west-2b"
      [32m+[0m [0m[1m[0mavailability_zone_id[0m[0m                           = (known after apply)
      [32m+[0m [0m[1m[0mcidr_block[0m[0m                                     = "10.0.32.0/20"
      [32m+[0m [0m[1m[0menable_dns64[0m[0m                                   = false
      [32m+[0m [0m[1m[0menable_resource_name_dns_a_record_on_launch[0m[0m    = false
      [32m+[0m [0m[1m[0menable_resource_name_dns_aaaa_record_on_launch[0m[0m = false
      [32m+[0m [0m[1m[0mid[0m[0m                                             = (known after apply)
      [32m+[0m [0m[1m[0mipv6_cidr_block_association_id[0m[0m                 = (known after apply)
      [32m+[0m [0m[1m[0mipv6_native[0m[0m                                    = false
      [32m+[0m [0m[1m[0mmap_public_ip_on_launch[0m[0m                        = false
      [32m+[0m [0m[1m[0mowner_id[0m[0m                                       = (known after apply)
      [32m+[0m [0m[1m[0mprivate_dns_hostname_type_on_launch[0m[0m            = (known after apply)
      [32m+[0m [0m[1m[0mtags[0m[0m                                           = {
          [32m+[0m [0m"Name"              = "operator-service-aggregation-service-dev-env"
          [32m+[0m [0m"availability_zone" = "us-west-2b"
          [32m+[0m [0m"subnet_type"       = "private"
        }
      [32m+[0m [0m[1m[0mtags_all[0m[0m                                       = {
          [32m+[0m [0m"Name"              = "operator-service-aggregation-service-dev-env"
          [32m+[0m [0m"availability_zone" = "us-west-2b"
          [32m+[0m [0m"subnet_type"       = "private"
        }
      [32m+[0m [0m[1m[0mvpc_id[0m[0m                                         = (known after apply)
    }

[1m  # module.operator_service.module.vpc[0].aws_subnet.private["us-west-2c"][0m will be created[0m[0m
[0m  [32m+[0m[0m resource "aws_subnet" "private" {
      [32m+[0m [0m[1m[0marn[0m[0m                                            = (known after apply)
      [32m+[0m [0m[1m[0massign_ipv6_address_on_creation[0m[0m                = false
      [32m+[0m [0m[1m[0mavailability_zone[0m[0m                              = "us-west-2c"
      [32m+[0m [0m[1m[0mavailability_zone_id[0m[0m                           = (known after apply)
      [32m+[0m [0m[1m[0mcidr_block[0m[0m                                     = "10.0.64.0/20"
      [32m+[0m [0m[1m[0menable_dns64[0m[0m                                   = false
      [32m+[0m [0m[1m[0menable_resource_name_dns_a_record_on_launch[0m[0m    = false
      [32m+[0m [0m[1m[0menable_resource_name_dns_aaaa_record_on_launch[0m[0m = false
      [32m+[0m [0m[1m[0mid[0m[0m                                             = (known after apply)
      [32m+[0m [0m[1m[0mipv6_cidr_block_association_id[0m[0m                 = (known after apply)
      [32m+[0m [0m[1m[0mipv6_native[0m[0m                                    = false
      [32m+[0m [0m[1m[0mmap_public_ip_on_launch[0m[0m                        = false
      [32m+[0m [0m[1m[0mowner_id[0m[0m                                       = (known after apply)
      [32m+[0m [0m[1m[0mprivate_dns_hostname_type_on_launch[0m[0m            = (known after apply)
      [32m+[0m [0m[1m[0mtags[0m[0m                                           = {
          [32m+[0m [0m"Name"              = "operator-service-aggregation-service-dev-env"
          [32m+[0m [0m"availability_zone" = "us-west-2c"
          [32m+[0m [0m"subnet_type"       = "private"
        }
      [32m+[0m [0m[1m[0mtags_all[0m[0m                                       = {
          [32m+[0m [0m"Name"              = "operator-service-aggregation-service-dev-env"
          [32m+[0m [0m"availability_zone" = "us-west-2c"
          [32m+[0m [0m"subnet_type"       = "private"
        }
      [32m+[0m [0m[1m[0mvpc_id[0m[0m                                         = (known after apply)
    }

[1m  # module.operator_service.module.vpc[0].aws_subnet.private["us-west-2d"][0m will be created[0m[0m
[0m  [32m+[0m[0m resource "aws_subnet" "private" {
      [32m+[0m [0m[1m[0marn[0m[0m                                            = (known after apply)
      [32m+[0m [0m[1m[0massign_ipv6_address_on_creation[0m[0m                = false
      [32m+[0m [0m[1m[0mavailability_zone[0m[0m                              = "us-west-2d"
      [32m+[0m [0m[1m[0mavailability_zone_id[0m[0m                           = (known after apply)
      [32m+[0m [0m[1m[0mcidr_block[0m[0m                                     = "10.0.96.0/20"
      [32m+[0m [0m[1m[0menable_dns64[0m[0m                                   = false
      [32m+[0m [0m[1m[0menable_resource_name_dns_a_record_on_launch[0m[0m    = false
      [32m+[0m [0m[1m[0menable_resource_name_dns_aaaa_record_on_launch[0m[0m = false
      [32m+[0m [0m[1m[0mid[0m[0m                                             = (known after apply)
      [32m+[0m [0m[1m[0mipv6_cidr_block_association_id[0m[0m                 = (known after apply)
      [32m+[0m [0m[1m[0mipv6_native[0m[0m                                    = false
      [32m+[0m [0m[1m[0mmap_public_ip_on_launch[0m[0m                        = false
      [32m+[0m [0m[1m[0mowner_id[0m[0m                                       = (known after apply)
      [32m+[0m [0m[1m[0mprivate_dns_hostname_type_on_launch[0m[0m            = (known after apply)
      [32m+[0m [0m[1m[0mtags[0m[0m                                           = {
          [32m+[0m [0m"Name"              = "operator-service-aggregation-service-dev-env"
          [32m+[0m [0m"availability_zone" = "us-west-2d"
          [32m+[0m [0m"subnet_type"       = "private"
        }
      [32m+[0m [0m[1m[0mtags_all[0m[0m                                       = {
          [32m+[0m [0m"Name"              = "operator-service-aggregation-service-dev-env"
          [32m+[0m [0m"availability_zone" = "us-west-2d"
          [32m+[0m [0m"subnet_type"       = "private"
        }
      [32m+[0m [0m[1m[0mvpc_id[0m[0m                                         = (known after apply)
    }

[1m  # module.operator_service.module.vpc[0].aws_subnet.public["us-west-2a"][0m will be created[0m[0m
[0m  [32m+[0m[0m resource "aws_subnet" "public" {
      [32m+[0m [0m[1m[0marn[0m[0m                                            = (known after apply)
      [32m+[0m [0m[1m[0massign_ipv6_address_on_creation[0m[0m                = false
      [32m+[0m [0m[1m[0mavailability_zone[0m[0m                              = "us-west-2a"
      [32m+[0m [0m[1m[0mavailability_zone_id[0m[0m                           = (known after apply)
      [32m+[0m [0m[1m[0mcidr_block[0m[0m                                     = "10.0.16.0/21"
      [32m+[0m [0m[1m[0menable_dns64[0m[0m                                   = false
      [32m+[0m [0m[1m[0menable_resource_name_dns_a_record_on_launch[0m[0m    = false
      [32m+[0m [0m[1m[0menable_resource_name_dns_aaaa_record_on_launch[0m[0m = false
      [32m+[0m [0m[1m[0mid[0m[0m                                             = (known after apply)
      [32m+[0m [0m[1m[0mipv6_cidr_block_association_id[0m[0m                 = (known after apply)
      [32m+[0m [0m[1m[0mipv6_native[0m[0m                                    = false
      [32m+[0m [0m[1m[0mmap_public_ip_on_launch[0m[0m                        = false
      [32m+[0m [0m[1m[0mowner_id[0m[0m                                       = (known after apply)
      [32m+[0m [0m[1m[0mprivate_dns_hostname_type_on_launch[0m[0m            = (known after apply)
      [32m+[0m [0m[1m[0mtags[0m[0m                                           = {
          [32m+[0m [0m"Name"              = "operator-service-aggregation-service-dev-env"
          [32m+[0m [0m"availability_zone" = "us-west-2a"
          [32m+[0m [0m"subnet_type"       = "public"
        }
      [32m+[0m [0m[1m[0mtags_all[0m[0m                                       = {
          [32m+[0m [0m"Name"              = "operator-service-aggregation-service-dev-env"
          [32m+[0m [0m"availability_zone" = "us-west-2a"
          [32m+[0m [0m"subnet_type"       = "public"
        }
      [32m+[0m [0m[1m[0mvpc_id[0m[0m                                         = (known after apply)
    }

[1m  # module.operator_service.module.vpc[0].aws_subnet.public["us-west-2b"][0m will be created[0m[0m
[0m  [32m+[0m[0m resource "aws_subnet" "public" {
      [32m+[0m [0m[1m[0marn[0m[0m                                            = (known after apply)
      [32m+[0m [0m[1m[0massign_ipv6_address_on_creation[0m[0m                = false
      [32m+[0m [0m[1m[0mavailability_zone[0m[0m                              = "us-west-2b"
      [32m+[0m [0m[1m[0mavailability_zone_id[0m[0m                           = (known after apply)
      [32m+[0m [0m[1m[0mcidr_block[0m[0m                                     = "10.0.48.0/21"
      [32m+[0m [0m[1m[0menable_dns64[0m[0m                                   = false
      [32m+[0m [0m[1m[0menable_resource_name_dns_a_record_on_launch[0m[0m    = false
      [32m+[0m [0m[1m[0menable_resource_name_dns_aaaa_record_on_launch[0m[0m = false
      [32m+[0m [0m[1m[0mid[0m[0m                                             = (known after apply)
      [32m+[0m [0m[1m[0mipv6_cidr_block_association_id[0m[0m                 = (known after apply)
      [32m+[0m [0m[1m[0mipv6_native[0m[0m                                    = false
      [32m+[0m [0m[1m[0mmap_public_ip_on_launch[0m[0m                        = false
      [32m+[0m [0m[1m[0mowner_id[0m[0m                                       = (known after apply)
      [32m+[0m [0m[1m[0mprivate_dns_hostname_type_on_launch[0m[0m            = (known after apply)
      [32m+[0m [0m[1m[0mtags[0m[0m                                           = {
          [32m+[0m [0m"Name"              = "operator-service-aggregation-service-dev-env"
          [32m+[0m [0m"availability_zone" = "us-west-2b"
          [32m+[0m [0m"subnet_type"       = "public"
        }
      [32m+[0m [0m[1m[0mtags_all[0m[0m                                       = {
          [32m+[0m [0m"Name"              = "operator-service-aggregation-service-dev-env"
          [32m+[0m [0m"availability_zone" = "us-west-2b"
          [32m+[0m [0m"subnet_type"       = "public"
        }
      [32m+[0m [0m[1m[0mvpc_id[0m[0m                                         = (known after apply)
    }

[1m  # module.operator_service.module.vpc[0].aws_subnet.public["us-west-2c"][0m will be created[0m[0m
[0m  [32m+[0m[0m resource "aws_subnet" "public" {
      [32m+[0m [0m[1m[0marn[0m[0m                                            = (known after apply)
      [32m+[0m [0m[1m[0massign_ipv6_address_on_creation[0m[0m                = false
      [32m+[0m [0m[1m[0mavailability_zone[0m[0m                              = "us-west-2c"
      [32m+[0m [0m[1m[0mavailability_zone_id[0m[0m                           = (known after apply)
      [32m+[0m [0m[1m[0mcidr_block[0m[0m                                     = "10.0.80.0/21"
      [32m+[0m [0m[1m[0menable_dns64[0m[0m                                   = false
      [32m+[0m [0m[1m[0menable_resource_name_dns_a_record_on_launch[0m[0m    = false
      [32m+[0m [0m[1m[0menable_resource_name_dns_aaaa_record_on_launch[0m[0m = false
      [32m+[0m [0m[1m[0mid[0m[0m                                             = (known after apply)
      [32m+[0m [0m[1m[0mipv6_cidr_block_association_id[0m[0m                 = (known after apply)
      [32m+[0m [0m[1m[0mipv6_native[0m[0m                                    = false
      [32m+[0m [0m[1m[0mmap_public_ip_on_launch[0m[0m                        = false
      [32m+[0m [0m[1m[0mowner_id[0m[0m                                       = (known after apply)
      [32m+[0m [0m[1m[0mprivate_dns_hostname_type_on_launch[0m[0m            = (known after apply)
      [32m+[0m [0m[1m[0mtags[0m[0m                                           = {
          [32m+[0m [0m"Name"              = "operator-service-aggregation-service-dev-env"
          [32m+[0m [0m"availability_zone" = "us-west-2c"
          [32m+[0m [0m"subnet_type"       = "public"
        }
      [32m+[0m [0m[1m[0mtags_all[0m[0m                                       = {
          [32m+[0m [0m"Name"              = "operator-service-aggregation-service-dev-env"
          [32m+[0m [0m"availability_zone" = "us-west-2c"
          [32m+[0m [0m"subnet_type"       = "public"
        }
      [32m+[0m [0m[1m[0mvpc_id[0m[0m                                         = (known after apply)
    }

[1m  # module.operator_service.module.vpc[0].aws_subnet.public["us-west-2d"][0m will be created[0m[0m
[0m  [32m+[0m[0m resource "aws_subnet" "public" {
      [32m+[0m [0m[1m[0marn[0m[0m                                            = (known after apply)
      [32m+[0m [0m[1m[0massign_ipv6_address_on_creation[0m[0m                = false
      [32m+[0m [0m[1m[0mavailability_zone[0m[0m                              = "us-west-2d"
      [32m+[0m [0m[1m[0mavailability_zone_id[0m[0m                           = (known after apply)
      [32m+[0m [0m[1m[0mcidr_block[0m[0m                                     = "10.0.112.0/21"
      [32m+[0m [0m[1m[0menable_dns64[0m[0m                                   = false
      [32m+[0m [0m[1m[0menable_resource_name_dns_a_record_on_launch[0m[0m    = false
      [32m+[0m [0m[1m[0menable_resource_name_dns_aaaa_record_on_launch[0m[0m = false
      [32m+[0m [0m[1m[0mid[0m[0m                                             = (known after apply)
      [32m+[0m [0m[1m[0mipv6_cidr_block_association_id[0m[0m                 = (known after apply)
      [32m+[0m [0m[1m[0mipv6_native[0m[0m                                    = false
      [32m+[0m [0m[1m[0mmap_public_ip_on_launch[0m[0m                        = false
      [32m+[0m [0m[1m[0mowner_id[0m[0m                                       = (known after apply)
      [32m+[0m [0m[1m[0mprivate_dns_hostname_type_on_launch[0m[0m            = (known after apply)
      [32m+[0m [0m[1m[0mtags[0m[0m                                           = {
          [32m+[0m [0m"Name"              = "operator-service-aggregation-service-dev-env"
          [32m+[0m [0m"availability_zone" = "us-west-2d"
          [32m+[0m [0m"subnet_type"       = "public"
        }
      [32m+[0m [0m[1m[0mtags_all[0m[0m                                       = {
          [32m+[0m [0m"Name"              = "operator-service-aggregation-service-dev-env"
          [32m+[0m [0m"availability_zone" = "us-west-2d"
          [32m+[0m [0m"subnet_type"       = "public"
        }
      [32m+[0m [0m[1m[0mvpc_id[0m[0m                                         = (known after apply)
    }

[1m  # module.operator_service.module.vpc[0].aws_vpc.main[0m will be created[0m[0m
[0m  [32m+[0m[0m resource "aws_vpc" "main" {
      [32m+[0m [0m[1m[0marn[0m[0m                                  = (known after apply)
      [32m+[0m [0m[1m[0mcidr_block[0m[0m                           = "10.0.0.0/16"
      [32m+[0m [0m[1m[0mdefault_network_acl_id[0m[0m               = (known after apply)
      [32m+[0m [0m[1m[0mdefault_route_table_id[0m[0m               = (known after apply)
      [32m+[0m [0m[1m[0mdefault_security_group_id[0m[0m            = (known after apply)
      [32m+[0m [0m[1m[0mdhcp_options_id[0m[0m                      = (known after apply)
      [32m+[0m [0m[1m[0menable_classiclink[0m[0m                   = (known after apply)
      [32m+[0m [0m[1m[0menable_classiclink_dns_support[0m[0m       = (known after apply)
      [32m+[0m [0m[1m[0menable_dns_hostnames[0m[0m                 = true
      [32m+[0m [0m[1m[0menable_dns_support[0m[0m                   = true
      [32m+[0m [0m[1m[0mid[0m[0m                                   = (known after apply)
      [32m+[0m [0m[1m[0minstance_tenancy[0m[0m                     = "default"
      [32m+[0m [0m[1m[0mipv6_association_id[0m[0m                  = (known after apply)
      [32m+[0m [0m[1m[0mipv6_cidr_block[0m[0m                      = (known after apply)
      [32m+[0m [0m[1m[0mipv6_cidr_block_network_border_group[0m[0m = (known after apply)
      [32m+[0m [0m[1m[0mmain_route_table_id[0m[0m                  = (known after apply)
      [32m+[0m [0m[1m[0mowner_id[0m[0m                             = (known after apply)
      [32m+[0m [0m[1m[0mtags[0m[0m                                 = {
          [32m+[0m [0m"Name" = "operator-service-aggregation-service-dev-env"
        }
      [32m+[0m [0m[1m[0mtags_all[0m[0m                             = {
          [32m+[0m [0m"Name" = "operator-service-aggregation-service-dev-env"
        }
    }

[1m  # module.operator_service.module.vpc[0].aws_vpc_endpoint.dynamodb_endpoint[0m will be created[0m[0m
[0m  [32m+[0m[0m resource "aws_vpc_endpoint" "dynamodb_endpoint" {
      [32m+[0m [0m[1m[0marn[0m[0m                   = (known after apply)
      [32m+[0m [0m[1m[0mcidr_blocks[0m[0m           = (known after apply)
      [32m+[0m [0m[1m[0mdns_entry[0m[0m             = (known after apply)
      [32m+[0m [0m[1m[0mid[0m[0m                    = (known after apply)
      [32m+[0m [0m[1m[0mnetwork_interface_ids[0m[0m = (known after apply)
      [32m+[0m [0m[1m[0mowner_id[0m[0m              = (known after apply)
      [32m+[0m [0m[1m[0mpolicy[0m[0m                = (known after apply)
      [32m+[0m [0m[1m[0mprefix_list_id[0m[0m        = (known after apply)
      [32m+[0m [0m[1m[0mprivate_dns_enabled[0m[0m   = false
      [32m+[0m [0m[1m[0mrequester_managed[0m[0m     = (known after apply)
      [32m+[0m [0m[1m[0mroute_table_ids[0m[0m       = (known after apply)
      [32m+[0m [0m[1m[0msecurity_group_ids[0m[0m    = (known after apply)
      [32m+[0m [0m[1m[0mservice_name[0m[0m          = "com.amazonaws.us-west-2.dynamodb"
      [32m+[0m [0m[1m[0mstate[0m[0m                 = (known after apply)
      [32m+[0m [0m[1m[0msubnet_ids[0m[0m            = (known after apply)
      [32m+[0m [0m[1m[0mtags[0m[0m                  = {
          [32m+[0m [0m"Name"        = "operator-service-aggregation-service-dev-env"
          [32m+[0m [0m"environment" = "aggregation-service-dev-env"
          [32m+[0m [0m"subnet_type" = "private"
        }
      [32m+[0m [0m[1m[0mtags_all[0m[0m              = {
          [32m+[0m [0m"Name"        = "operator-service-aggregation-service-dev-env"
          [32m+[0m [0m"environment" = "aggregation-service-dev-env"
          [32m+[0m [0m"subnet_type" = "private"
        }
      [32m+[0m [0m[1m[0mvpc_endpoint_type[0m[0m     = "Gateway"
      [32m+[0m [0m[1m[0mvpc_id[0m[0m                = (known after apply)
    }

[1m  # module.operator_service.module.vpc[0].aws_vpc_endpoint.s3_endpoint[0m will be created[0m[0m
[0m  [32m+[0m[0m resource "aws_vpc_endpoint" "s3_endpoint" {
      [32m+[0m [0m[1m[0marn[0m[0m                   = (known after apply)
      [32m+[0m [0m[1m[0mcidr_blocks[0m[0m           = (known after apply)
      [32m+[0m [0m[1m[0mdns_entry[0m[0m             = (known after apply)
      [32m+[0m [0m[1m[0mid[0m[0m                    = (known after apply)
      [32m+[0m [0m[1m[0mnetwork_interface_ids[0m[0m = (known after apply)
      [32m+[0m [0m[1m[0mowner_id[0m[0m              = (known after apply)
      [32m+[0m [0m[1m[0mpolicy[0m[0m                = (known after apply)
      [32m+[0m [0m[1m[0mprefix_list_id[0m[0m        = (known after apply)
      [32m+[0m [0m[1m[0mprivate_dns_enabled[0m[0m   = false
      [32m+[0m [0m[1m[0mrequester_managed[0m[0m     = (known after apply)
      [32m+[0m [0m[1m[0mroute_table_ids[0m[0m       = (known after apply)
      [32m+[0m [0m[1m[0msecurity_group_ids[0m[0m    = (known after apply)
      [32m+[0m [0m[1m[0mservice_name[0m[0m          = "com.amazonaws.us-west-2.s3"
      [32m+[0m [0m[1m[0mstate[0m[0m                 = (known after apply)
      [32m+[0m [0m[1m[0msubnet_ids[0m[0m            = (known after apply)
      [32m+[0m [0m[1m[0mtags[0m[0m                  = {
          [32m+[0m [0m"Name"        = "operator-service-aggregation-service-dev-env"
          [32m+[0m [0m"environment" = "aggregation-service-dev-env"
          [32m+[0m [0m"subnet_type" = "private"
        }
      [32m+[0m [0m[1m[0mtags_all[0m[0m              = {
          [32m+[0m [0m"Name"        = "operator-service-aggregation-service-dev-env"
          [32m+[0m [0m"environment" = "aggregation-service-dev-env"
          [32m+[0m [0m"subnet_type" = "private"
        }
      [32m+[0m [0m[1m[0mvpc_endpoint_type[0m[0m     = "Gateway"
      [32m+[0m [0m[1m[0mvpc_id[0m[0m                = (known after apply)
    }

[1m  # module.operator_service.module.vpc[0].aws_vpc_endpoint_route_table_association.private_to_keydb_route["us-west-2a"][0m will be created[0m[0m
[0m  [32m+[0m[0m resource "aws_vpc_endpoint_route_table_association" "private_to_keydb_route" {
      [32m+[0m [0m[1m[0mid[0m[0m              = (known after apply)
      [32m+[0m [0m[1m[0mroute_table_id[0m[0m  = (known after apply)
      [32m+[0m [0m[1m[0mvpc_endpoint_id[0m[0m = (known after apply)
    }

[1m  # module.operator_service.module.vpc[0].aws_vpc_endpoint_route_table_association.private_to_keydb_route["us-west-2b"][0m will be created[0m[0m
[0m  [32m+[0m[0m resource "aws_vpc_endpoint_route_table_association" "private_to_keydb_route" {
      [32m+[0m [0m[1m[0mid[0m[0m              = (known after apply)
      [32m+[0m [0m[1m[0mroute_table_id[0m[0m  = (known after apply)
      [32m+[0m [0m[1m[0mvpc_endpoint_id[0m[0m = (known after apply)
    }

[1m  # module.operator_service.module.vpc[0].aws_vpc_endpoint_route_table_association.private_to_keydb_route["us-west-2c"][0m will be created[0m[0m
[0m  [32m+[0m[0m resource "aws_vpc_endpoint_route_table_association" "private_to_keydb_route" {
      [32m+[0m [0m[1m[0mid[0m[0m              = (known after apply)
      [32m+[0m [0m[1m[0mroute_table_id[0m[0m  = (known after apply)
      [32m+[0m [0m[1m[0mvpc_endpoint_id[0m[0m = (known after apply)
    }

[1m  # module.operator_service.module.vpc[0].aws_vpc_endpoint_route_table_association.private_to_keydb_route["us-west-2d"][0m will be created[0m[0m
[0m  [32m+[0m[0m resource "aws_vpc_endpoint_route_table_association" "private_to_keydb_route" {
      [32m+[0m [0m[1m[0mid[0m[0m              = (known after apply)
      [32m+[0m [0m[1m[0mroute_table_id[0m[0m  = (known after apply)
      [32m+[0m [0m[1m[0mvpc_endpoint_id[0m[0m = (known after apply)
    }

[1m  # module.operator_service.module.vpc[0].aws_vpc_endpoint_route_table_association.private_to_s3_route["us-west-2a"][0m will be created[0m[0m
[0m  [32m+[0m[0m resource "aws_vpc_endpoint_route_table_association" "private_to_s3_route" {
      [32m+[0m [0m[1m[0mid[0m[0m              = (known after apply)
      [32m+[0m [0m[1m[0mroute_table_id[0m[0m  = (known after apply)
      [32m+[0m [0m[1m[0mvpc_endpoint_id[0m[0m = (known after apply)
    }

[1m  # module.operator_service.module.vpc[0].aws_vpc_endpoint_route_table_association.private_to_s3_route["us-west-2b"][0m will be created[0m[0m
[0m  [32m+[0m[0m resource "aws_vpc_endpoint_route_table_association" "private_to_s3_route" {
      [32m+[0m [0m[1m[0mid[0m[0m              = (known after apply)
      [32m+[0m [0m[1m[0mroute_table_id[0m[0m  = (known after apply)
      [32m+[0m [0m[1m[0mvpc_endpoint_id[0m[0m = (known after apply)
    }

[1m  # module.operator_service.module.vpc[0].aws_vpc_endpoint_route_table_association.private_to_s3_route["us-west-2c"][0m will be created[0m[0m
[0m  [32m+[0m[0m resource "aws_vpc_endpoint_route_table_association" "private_to_s3_route" {
      [32m+[0m [0m[1m[0mid[0m[0m              = (known after apply)
      [32m+[0m [0m[1m[0mroute_table_id[0m[0m  = (known after apply)
      [32m+[0m [0m[1m[0mvpc_endpoint_id[0m[0m = (known after apply)
    }

[1m  # module.operator_service.module.vpc[0].aws_vpc_endpoint_route_table_association.private_to_s3_route["us-west-2d"][0m will be created[0m[0m
[0m  [32m+[0m[0m resource "aws_vpc_endpoint_route_table_association" "private_to_s3_route" {
      [32m+[0m [0m[1m[0mid[0m[0m              = (known after apply)
      [32m+[0m [0m[1m[0mroute_table_id[0m[0m  = (known after apply)
      [32m+[0m [0m[1m[0mvpc_endpoint_id[0m[0m = (known after apply)
    }

[1m  # module.operator_service.module.worker_autoscaling.aws_autoscaling_group.worker_group[0m will be created[0m[0m
[0m  [32m+[0m[0m resource "aws_autoscaling_group" "worker_group" {
      [32m+[0m [0m[1m[0marn[0m[0m                       = (known after apply)
      [32m+[0m [0m[1m[0mavailability_zones[0m[0m        = (known after apply)
      [32m+[0m [0m[1m[0mdefault_cooldown[0m[0m          = (known after apply)
      [32m+[0m [0m[1m[0mdesired_capacity[0m[0m          = (known after apply)
      [32m+[0m [0m[1m[0menabled_metrics[0m[0m           = [
          [32m+[0m [0m"GroupDesiredCapacity",
          [32m+[0m [0m"GroupInServiceInstances",
          [32m+[0m [0m"GroupPendingInstances",
          [32m+[0m [0m"GroupTerminatingInstances",
          [32m+[0m [0m"GroupTotalInstances",
        ]
      [32m+[0m [0m[1m[0mforce_delete[0m[0m              = false
      [32m+[0m [0m[1m[0mforce_delete_warm_pool[0m[0m    = false
      [32m+[0m [0m[1m[0mhealth_check_grace_period[0m[0m = 300
      [32m+[0m [0m[1m[0mhealth_check_type[0m[0m         = (known after apply)
      [32m+[0m [0m[1m[0mid[0m[0m                        = (known after apply)
      [32m+[0m [0m[1m[0mmax_size[0m[0m                  = 20
      [32m+[0m [0m[1m[0mmetrics_granularity[0m[0m       = "1Minute"
      [32m+[0m [0m[1m[0mmin_size[0m[0m                  = 1
      [32m+[0m [0m[1m[0mname[0m[0m                      = "aggregation-service-dev-env-aggregation-service-workers"
      [32m+[0m [0m[1m[0mname_prefix[0m[0m               = (known after apply)
      [32m+[0m [0m[1m[0mprotect_from_scale_in[0m[0m     = false
      [32m+[0m [0m[1m[0mservice_linked_role_arn[0m[0m   = (known after apply)
      [32m+[0m [0m[1m[0mvpc_zone_identifier[0m[0m       = (known after apply)
      [32m+[0m [0m[1m[0mwait_for_capacity_timeout[0m[0m = "10m"

      [32m+[0m [0minstance_refresh {
          [32m+[0m [0m[1m[0mstrategy[0m[0m = "Rolling"

          [32m+[0m [0mpreferences {
              [32m+[0m [0m[1m[0minstance_warmup[0m[0m        = "60"
              [32m+[0m [0m[1m[0mmin_healthy_percentage[0m[0m = 80
            }
        }

      [32m+[0m [0mlaunch_template {
          [32m+[0m [0m[1m[0mid[0m[0m      = (known after apply)
          [32m+[0m [0m[1m[0mname[0m[0m    = (known after apply)
          [32m+[0m [0m[1m[0mversion[0m[0m = (known after apply)
        }
    }

[1m  # module.operator_service.module.worker_autoscaling.aws_autoscaling_lifecycle_hook.worker_scale_in_hook[0m will be created[0m[0m
[0m  [32m+[0m[0m resource "aws_autoscaling_lifecycle_hook" "worker_scale_in_hook" {
      [32m+[0m [0m[1m[0mautoscaling_group_name[0m[0m = "aggregation-service-dev-env-aggregation-service-workers"
      [32m+[0m [0m[1m[0mdefault_result[0m[0m         = "CONTINUE"
      [32m+[0m [0m[1m[0mheartbeat_timeout[0m[0m      = 3600
      [32m+[0m [0m[1m[0mid[0m[0m                     = (known after apply)
      [32m+[0m [0m[1m[0mlifecycle_transition[0m[0m   = "autoscaling:EC2_INSTANCE_TERMINATING"
      [32m+[0m [0m[1m[0mname[0m[0m                   = "worker-scale-in-hook-aggregation-service-dev-env"
    }

[1m  # module.operator_service.module.worker_autoscaling.aws_cloudwatch_event_rule.asg_capacity_cron[0m will be created[0m[0m
[0m  [32m+[0m[0m resource "aws_cloudwatch_event_rule" "asg_capacity_cron" {
      [32m+[0m [0m[1m[0marn[0m[0m                 = (known after apply)
      [32m+[0m [0m[1m[0mdescription[0m[0m         = "Cron to run the ASG capacity lambda"
      [32m+[0m [0m[1m[0mevent_bus_name[0m[0m      = "default"
      [32m+[0m [0m[1m[0mid[0m[0m                  = (known after apply)
      [32m+[0m [0m[1m[0mis_enabled[0m[0m          = true
      [32m+[0m [0m[1m[0mname[0m[0m                = "aggregation-service-dev-env-asg-capacity-cron"
      [32m+[0m [0m[1m[0mname_prefix[0m[0m         = (known after apply)
      [32m+[0m [0m[1m[0mschedule_expression[0m[0m = "rate(1 minute)"
      [32m+[0m [0m[1m[0mtags_all[0m[0m            = (known after apply)
    }

[1m  # module.operator_service.module.worker_autoscaling.aws_cloudwatch_event_rule.terminated_instance_event_rule[0m will be created[0m[0m
[0m  [32m+[0m[0m resource "aws_cloudwatch_event_rule" "terminated_instance_event_rule" {
      [32m+[0m [0m[1m[0marn[0m[0m            = (known after apply)
      [32m+[0m [0m[1m[0mdescription[0m[0m    = "Event rule to trigger on worker instance termination"
      [32m+[0m [0m[1m[0mevent_bus_name[0m[0m = "default"
      [32m+[0m [0m[1m[0mevent_pattern[0m[0m  = jsonencode(
            {
              [32m+[0m [0mdetail      = {
                  [32m+[0m [0mAutoScalingGroupName = [
                      [32m+[0m [0m"aggregation-service-dev-env-aggregation-service-workers",
                    ]
                  [32m+[0m [0mLifecycleHookName    = [
                      [32m+[0m [0m"worker-scale-in-hook-aggregation-service-dev-env",
                    ]
                }
              [32m+[0m [0mdetail-type = [
                  [32m+[0m [0m"EC2 Instance-terminate Lifecycle Action",
                ]
              [32m+[0m [0msource      = [
                  [32m+[0m [0m"aws.autoscaling",
                ]
            }
        )
      [32m+[0m [0m[1m[0mid[0m[0m             = (known after apply)
      [32m+[0m [0m[1m[0mis_enabled[0m[0m     = true
      [32m+[0m [0m[1m[0mname[0m[0m           = "aggregation-service-dev-env-terminated_instance_rule"
      [32m+[0m [0m[1m[0mname_prefix[0m[0m    = (known after apply)
      [32m+[0m [0m[1m[0mtags_all[0m[0m       = (known after apply)
    }

[1m  # module.operator_service.module.worker_autoscaling.aws_cloudwatch_event_target.asg_capacity_cron_target[0m will be created[0m[0m
[0m  [32m+[0m[0m resource "aws_cloudwatch_event_target" "asg_capacity_cron_target" {
      [32m+[0m [0m[1m[0marn[0m[0m            = (known after apply)
      [32m+[0m [0m[1m[0mevent_bus_name[0m[0m = "default"
      [32m+[0m [0m[1m[0mid[0m[0m             = (known after apply)
      [32m+[0m [0m[1m[0mrule[0m[0m           = "aggregation-service-dev-env-asg-capacity-cron"
      [32m+[0m [0m[1m[0mtarget_id[0m[0m      = "asg-capacity-target"
    }

[1m  # module.operator_service.module.worker_autoscaling.aws_cloudwatch_event_target.terminated_instance_event_target[0m will be created[0m[0m
[0m  [32m+[0m[0m resource "aws_cloudwatch_event_target" "terminated_instance_event_target" {
      [32m+[0m [0m[1m[0marn[0m[0m            = (known after apply)
      [32m+[0m [0m[1m[0mevent_bus_name[0m[0m = "default"
      [32m+[0m [0m[1m[0mid[0m[0m             = (known after apply)
      [32m+[0m [0m[1m[0mrule[0m[0m           = "aggregation-service-dev-env-terminated_instance_rule"
      [32m+[0m [0m[1m[0mtarget_id[0m[0m      = "terminated-instance-target"
    }

[1m  # module.operator_service.module.worker_autoscaling.aws_cloudwatch_metric_alarm.asg_capacity_lambda_error_alarm[0][0m will be created[0m[0m
[0m  [32m+[0m[0m resource "aws_cloudwatch_metric_alarm" "asg_capacity_lambda_error_alarm" {
      [32m+[0m [0m[1m[0mactions_enabled[0m[0m                       = true
      [32m+[0m [0m[1m[0malarm_actions[0m[0m                         = (known after apply)
      [32m+[0m [0m[1m[0malarm_description[0m[0m                     = "Lambda errors over threshold of 0"
      [32m+[0m [0m[1m[0malarm_name[0m[0m                            = "aggregation-service-dev-env_us-west-2_asg_capacity_lambda_error_alarm"
      [32m+[0m [0m[1m[0marn[0m[0m                                   = (known after apply)
      [32m+[0m [0m[1m[0mcomparison_operator[0m[0m                   = "GreaterThanThreshold"
      [32m+[0m [0m[1m[0mdimensions[0m[0m                            = {
          [32m+[0m [0m"FunctionName" = "aggregation-service-dev-env-AsgCapacityHandler"
        }
      [32m+[0m [0m[1m[0mevaluate_low_sample_count_percentiles[0m[0m = (known after apply)
      [32m+[0m [0m[1m[0mevaluation_periods[0m[0m                    = 1
      [32m+[0m [0m[1m[0mid[0m[0m                                    = (known after apply)
      [32m+[0m [0m[1m[0mmetric_name[0m[0m                           = "Errors"
      [32m+[0m [0m[1m[0mnamespace[0m[0m                             = "AWS/Lambda"
      [32m+[0m [0m[1m[0mperiod[0m[0m                                = 300
      [32m+[0m [0m[1m[0mstatistic[0m[0m                             = "Sum"
      [32m+[0m [0m[1m[0mtags_all[0m[0m                              = (known after apply)
      [32m+[0m [0m[1m[0mthreshold[0m[0m                             = 0
      [32m+[0m [0m[1m[0mtreat_missing_data[0m[0m                    = "notBreaching"
    }

[1m  # module.operator_service.module.worker_autoscaling.aws_cloudwatch_metric_alarm.asg_capacity_lambda_max_duration_alarm[0][0m will be created[0m[0m
[0m  [32m+[0m[0m resource "aws_cloudwatch_metric_alarm" "asg_capacity_lambda_max_duration_alarm" {
      [32m+[0m [0m[1m[0mactions_enabled[0m[0m                       = true
      [32m+[0m [0m[1m[0malarm_actions[0m[0m                         = (known after apply)
      [32m+[0m [0m[1m[0malarm_description[0m[0m                     = "Lambda duration over the duration threshold of 15000ms"
      [32m+[0m [0m[1m[0malarm_name[0m[0m                            = "aggregation-service-dev-env_us-west-2_asg_capacity_lambda_duration_alarm"
      [32m+[0m [0m[1m[0marn[0m[0m                                   = (known after apply)
      [32m+[0m [0m[1m[0mcomparison_operator[0m[0m                   = "GreaterThanThreshold"
      [32m+[0m [0m[1m[0mdimensions[0m[0m                            = {
          [32m+[0m [0m"FunctionName" = "aggregation-service-dev-env-AsgCapacityHandler"
        }
      [32m+[0m [0m[1m[0mevaluate_low_sample_count_percentiles[0m[0m = (known after apply)
      [32m+[0m [0m[1m[0mevaluation_periods[0m[0m                    = 1
      [32m+[0m [0m[1m[0mid[0m[0m                                    = (known after apply)
      [32m+[0m [0m[1m[0mmetric_name[0m[0m                           = "Duration"
      [32m+[0m [0m[1m[0mnamespace[0m[0m                             = "AWS/Lambda"
      [32m+[0m [0m[1m[0mperiod[0m[0m                                = 300
      [32m+[0m [0m[1m[0mstatistic[0m[0m                             = "Maximum"
      [32m+[0m [0m[1m[0mtags_all[0m[0m                              = (known after apply)
      [32m+[0m [0m[1m[0mthreshold[0m[0m                             = 15000
      [32m+[0m [0m[1m[0mtreat_missing_data[0m[0m                    = "breaching"
    }

[1m  # module.operator_service.module.worker_autoscaling.aws_cloudwatch_metric_alarm.asg_max_instances_alarm[0][0m will be created[0m[0m
[0m  [32m+[0m[0m resource "aws_cloudwatch_metric_alarm" "asg_max_instances_alarm" {
      [32m+[0m [0m[1m[0mactions_enabled[0m[0m                       = true
      [32m+[0m [0m[1m[0malarm_actions[0m[0m                         = (known after apply)
      [32m+[0m [0m[1m[0malarm_name[0m[0m                            = "aggregation-service-dev-env_us-west-2_asg_max_instance_alarm"
      [32m+[0m [0m[1m[0marn[0m[0m                                   = (known after apply)
      [32m+[0m [0m[1m[0mcomparison_operator[0m[0m                   = "GreaterThanThreshold"
      [32m+[0m [0m[1m[0mdimensions[0m[0m                            = {
          [32m+[0m [0m"AutoScalingGroupName" = "aggregation-service-dev-env-aggregation-service-workers"
        }
      [32m+[0m [0m[1m[0mevaluate_low_sample_count_percentiles[0m[0m = (known after apply)
      [32m+[0m [0m[1m[0mevaluation_periods[0m[0m                    = 1
      [32m+[0m [0m[1m[0mid[0m[0m                                    = (known after apply)
      [32m+[0m [0m[1m[0mmetric_name[0m[0m                           = "GroupDesiredCapacity"
      [32m+[0m [0m[1m[0mnamespace[0m[0m                             = "AWS/AutoScaling"
      [32m+[0m [0m[1m[0mperiod[0m[0m                                = 60
      [32m+[0m [0m[1m[0mstatistic[0m[0m                             = "Maximum"
      [32m+[0m [0m[1m[0mtags_all[0m[0m                              = (known after apply)
      [32m+[0m [0m[1m[0mthreshold[0m[0m                             = 18
      [32m+[0m [0m[1m[0mtreat_missing_data[0m[0m                    = "missing"
    }

[1m  # module.operator_service.module.worker_autoscaling.aws_cloudwatch_metric_alarm.terminated_instance_lambda_error_alarm[0][0m will be created[0m[0m
[0m  [32m+[0m[0m resource "aws_cloudwatch_metric_alarm" "terminated_instance_lambda_error_alarm" {
      [32m+[0m [0m[1m[0mactions_enabled[0m[0m                       = true
      [32m+[0m [0m[1m[0malarm_actions[0m[0m                         = (known after apply)
      [32m+[0m [0m[1m[0malarm_description[0m[0m                     = "Lambda errors over threshold of 0"
      [32m+[0m [0m[1m[0malarm_name[0m[0m                            = "aggregation-service-dev-env_us-west-2_terminated_instance_lambda_error_alarm"
      [32m+[0m [0m[1m[0marn[0m[0m                                   = (known after apply)
      [32m+[0m [0m[1m[0mcomparison_operator[0m[0m                   = "GreaterThanThreshold"
      [32m+[0m [0m[1m[0mdimensions[0m[0m                            = {
          [32m+[0m [0m"FunctionName" = "aggregation-service-dev-env-TerminatedInstanceHandler"
        }
      [32m+[0m [0m[1m[0mevaluate_low_sample_count_percentiles[0m[0m = (known after apply)
      [32m+[0m [0m[1m[0mevaluation_periods[0m[0m                    = 1
      [32m+[0m [0m[1m[0mid[0m[0m                                    = (known after apply)
      [32m+[0m [0m[1m[0mmetric_name[0m[0m                           = "Errors"
      [32m+[0m [0m[1m[0mnamespace[0m[0m                             = "AWS/Lambda"
      [32m+[0m [0m[1m[0mperiod[0m[0m                                = 300
      [32m+[0m [0m[1m[0mstatistic[0m[0m                             = "Sum"
      [32m+[0m [0m[1m[0mtags_all[0m[0m                              = (known after apply)
      [32m+[0m [0m[1m[0mthreshold[0m[0m                             = 0
      [32m+[0m [0m[1m[0mtreat_missing_data[0m[0m                    = "notBreaching"
    }

[1m  # module.operator_service.module.worker_autoscaling.aws_cloudwatch_metric_alarm.terminated_instance_lambda_max_duration_alarm[0][0m will be created[0m[0m
[0m  [32m+[0m[0m resource "aws_cloudwatch_metric_alarm" "terminated_instance_lambda_max_duration_alarm" {
      [32m+[0m [0m[1m[0mactions_enabled[0m[0m                       = true
      [32m+[0m [0m[1m[0malarm_actions[0m[0m                         = (known after apply)
      [32m+[0m [0m[1m[0malarm_description[0m[0m                     = "Lambda duration over 15000ms"
      [32m+[0m [0m[1m[0malarm_name[0m[0m                            = "aggregation-service-dev-env_us-west-2_terminated_instance_lambda_duration_alarm"
      [32m+[0m [0m[1m[0marn[0m[0m                                   = (known after apply)
      [32m+[0m [0m[1m[0mcomparison_operator[0m[0m                   = "GreaterThanThreshold"
      [32m+[0m [0m[1m[0mdimensions[0m[0m                            = {
          [32m+[0m [0m"FunctionName" = "aggregation-service-dev-env-TerminatedInstanceHandler"
        }
      [32m+[0m [0m[1m[0mevaluate_low_sample_count_percentiles[0m[0m = (known after apply)
      [32m+[0m [0m[1m[0mevaluation_periods[0m[0m                    = 1
      [32m+[0m [0m[1m[0mid[0m[0m                                    = (known after apply)
      [32m+[0m [0m[1m[0mmetric_name[0m[0m                           = "Duration"
      [32m+[0m [0m[1m[0mnamespace[0m[0m                             = "AWS/Lambda"
      [32m+[0m [0m[1m[0mperiod[0m[0m                                = 300
      [32m+[0m [0m[1m[0mstatistic[0m[0m                             = "Maximum"
      [32m+[0m [0m[1m[0mtags_all[0m[0m                              = (known after apply)
      [32m+[0m [0m[1m[0mthreshold[0m[0m                             = 15000
      [32m+[0m [0m[1m[0mtreat_missing_data[0m[0m                    = "notBreaching"
    }

[1m  # module.operator_service.module.worker_autoscaling.aws_iam_policy.asg_capacity_autoscaling_group_policy[0m will be created[0m[0m
[0m  [32m+[0m[0m resource "aws_iam_policy" "asg_capacity_autoscaling_group_policy" {
      [32m+[0m [0m[1m[0marn[0m[0m       = (known after apply)
      [32m+[0m [0m[1m[0mid[0m[0m        = (known after apply)
      [32m+[0m [0m[1m[0mname[0m[0m      = (known after apply)
      [32m+[0m [0m[1m[0mpath[0m[0m      = "/"
      [32m+[0m [0m[1m[0mpolicy[0m[0m    = (known after apply)
      [32m+[0m [0m[1m[0mpolicy_id[0m[0m = (known after apply)
      [32m+[0m [0m[1m[0mtags_all[0m[0m  = (known after apply)
    }

[1m  # module.operator_service.module.worker_autoscaling.aws_iam_policy.lambda_log_policy[0m will be created[0m[0m
[0m  [32m+[0m[0m resource "aws_iam_policy" "lambda_log_policy" {
      [32m+[0m [0m[1m[0marn[0m[0m       = (known after apply)
      [32m+[0m [0m[1m[0mid[0m[0m        = (known after apply)
      [32m+[0m [0m[1m[0mname[0m[0m      = (known after apply)
      [32m+[0m [0m[1m[0mpath[0m[0m      = "/"
      [32m+[0m [0m[1m[0mpolicy[0m[0m    = jsonencode(
            {
              [32m+[0m [0mStatement = [
                  [32m+[0m [0m{
                      [32m+[0m [0mAction   = [
                          [32m+[0m [0m"logs:CreateLogGroup",
                          [32m+[0m [0m"logs:CreateLogStream",
                          [32m+[0m [0m"logs:PutLogEvents",
                        ]
                      [32m+[0m [0mEffect   = "Allow"
                      [32m+[0m [0mResource = "*"
                    },
                ]
              [32m+[0m [0mVersion   = "2012-10-17"
            }
        )
      [32m+[0m [0m[1m[0mpolicy_id[0m[0m = (known after apply)
      [32m+[0m [0m[1m[0mtags_all[0m[0m  = (known after apply)
    }

[1m  # module.operator_service.module.worker_autoscaling.aws_iam_policy.sqs_get_attribute_access[0m will be created[0m[0m
[0m  [32m+[0m[0m resource "aws_iam_policy" "sqs_get_attribute_access" {
      [32m+[0m [0m[1m[0marn[0m[0m       = (known after apply)
      [32m+[0m [0m[1m[0mid[0m[0m        = (known after apply)
      [32m+[0m [0m[1m[0mname[0m[0m      = (known after apply)
      [32m+[0m [0m[1m[0mpath[0m[0m      = "/"
      [32m+[0m [0m[1m[0mpolicy[0m[0m    = (known after apply)
      [32m+[0m [0m[1m[0mpolicy_id[0m[0m = (known after apply)
      [32m+[0m [0m[1m[0mtags_all[0m[0m  = (known after apply)
    }

[1m  # module.operator_service.module.worker_autoscaling.aws_iam_policy.terminated_instance_asginstances_db_policy[0m will be created[0m[0m
[0m  [32m+[0m[0m resource "aws_iam_policy" "terminated_instance_asginstances_db_policy" {
      [32m+[0m [0m[1m[0marn[0m[0m       = (known after apply)
      [32m+[0m [0m[1m[0mid[0m[0m        = (known after apply)
      [32m+[0m [0m[1m[0mname[0m[0m      = (known after apply)
      [32m+[0m [0m[1m[0mpath[0m[0m      = "/"
      [32m+[0m [0m[1m[0mpolicy[0m[0m    = (known after apply)
      [32m+[0m [0m[1m[0mpolicy_id[0m[0m = (known after apply)
      [32m+[0m [0m[1m[0mtags_all[0m[0m  = (known after apply)
    }

[1m  # module.operator_service.module.worker_autoscaling.aws_iam_policy.terminated_instance_autoscaling_group_policy[0m will be created[0m[0m
[0m  [32m+[0m[0m resource "aws_iam_policy" "terminated_instance_autoscaling_group_policy" {
      [32m+[0m [0m[1m[0marn[0m[0m       = (known after apply)
      [32m+[0m [0m[1m[0mid[0m[0m        = (known after apply)
      [32m+[0m [0m[1m[0mname[0m[0m      = (known after apply)
      [32m+[0m [0m[1m[0mpath[0m[0m      = "/"
      [32m+[0m [0m[1m[0mpolicy[0m[0m    = (known after apply)
      [32m+[0m [0m[1m[0mpolicy_id[0m[0m = (known after apply)
      [32m+[0m [0m[1m[0mtags_all[0m[0m  = (known after apply)
    }

[1m  # module.operator_service.module.worker_autoscaling.aws_iam_role.asg_capacity_lambda_role[0m will be created[0m[0m
[0m  [32m+[0m[0m resource "aws_iam_role" "asg_capacity_lambda_role" {
      [32m+[0m [0m[1m[0marn[0m[0m                   = (known after apply)
      [32m+[0m [0m[1m[0massume_role_policy[0m[0m    = jsonencode(
            {
              [32m+[0m [0mStatement = [
                  [32m+[0m [0m{
                      [32m+[0m [0mAction    = "sts:AssumeRole"
                      [32m+[0m [0mEffect    = "Allow"
                      [32m+[0m [0mPrincipal = {
                          [32m+[0m [0mService = "lambda.amazonaws.com"
                        }
                    },
                ]
              [32m+[0m [0mVersion   = "2012-10-17"
            }
        )
      [32m+[0m [0m[1m[0mcreate_date[0m[0m           = (known after apply)
      [32m+[0m [0m[1m[0mforce_detach_policies[0m[0m = false
      [32m+[0m [0m[1m[0mid[0m[0m                    = (known after apply)
      [32m+[0m [0m[1m[0mmanaged_policy_arns[0m[0m   = (known after apply)
      [32m+[0m [0m[1m[0mmax_session_duration[0m[0m  = 3600
      [32m+[0m [0m[1m[0mname[0m[0m                  = "aggregation-service-dev-env-AsgCapacityLambdaRole"
      [32m+[0m [0m[1m[0mname_prefix[0m[0m           = (known after apply)
      [32m+[0m [0m[1m[0mpath[0m[0m                  = "/"
      [32m+[0m [0m[1m[0mtags_all[0m[0m              = (known after apply)
      [32m+[0m [0m[1m[0munique_id[0m[0m             = (known after apply)

      [32m+[0m [0minline_policy {
          [32m+[0m [0m[1m[0mname[0m[0m   = (known after apply)
          [32m+[0m [0m[1m[0mpolicy[0m[0m = (known after apply)
        }
    }

[1m  # module.operator_service.module.worker_autoscaling.aws_iam_role.terminated_instance_lambda_role[0m will be created[0m[0m
[0m  [32m+[0m[0m resource "aws_iam_role" "terminated_instance_lambda_role" {
      [32m+[0m [0m[1m[0marn[0m[0m                   = (known after apply)
      [32m+[0m [0m[1m[0massume_role_policy[0m[0m    = jsonencode(
            {
              [32m+[0m [0mStatement = [
                  [32m+[0m [0m{
                      [32m+[0m [0mAction    = "sts:AssumeRole"
                      [32m+[0m [0mEffect    = "Allow"
                      [32m+[0m [0mPrincipal = {
                          [32m+[0m [0mService = "lambda.amazonaws.com"
                        }
                    },
                ]
              [32m+[0m [0mVersion   = "2012-10-17"
            }
        )
      [32m+[0m [0m[1m[0mcreate_date[0m[0m           = (known after apply)
      [32m+[0m [0m[1m[0mforce_detach_policies[0m[0m = false
      [32m+[0m [0m[1m[0mid[0m[0m                    = (known after apply)
      [32m+[0m [0m[1m[0mmanaged_policy_arns[0m[0m   = (known after apply)
      [32m+[0m [0m[1m[0mmax_session_duration[0m[0m  = 3600
      [32m+[0m [0m[1m[0mname[0m[0m                  = "aggregation-service-dev-env-TerminatedInstanceLambdaRole"
      [32m+[0m [0m[1m[0mname_prefix[0m[0m           = (known after apply)
      [32m+[0m [0m[1m[0mpath[0m[0m                  = "/"
      [32m+[0m [0m[1m[0mtags_all[0m[0m              = (known after apply)
      [32m+[0m [0m[1m[0munique_id[0m[0m             = (known after apply)

      [32m+[0m [0minline_policy {
          [32m+[0m [0m[1m[0mname[0m[0m   = (known after apply)
          [32m+[0m [0m[1m[0mpolicy[0m[0m = (known after apply)
        }
    }

[1m  # module.operator_service.module.worker_autoscaling.aws_iam_role_policy_attachment.asg_capacity_lambda_log_policy_attachment[0m will be created[0m[0m
[0m  [32m+[0m[0m resource "aws_iam_role_policy_attachment" "asg_capacity_lambda_log_policy_attachment" {
      [32m+[0m [0m[1m[0mid[0m[0m         = (known after apply)
      [32m+[0m [0m[1m[0mpolicy_arn[0m[0m = (known after apply)
      [32m+[0m [0m[1m[0mrole[0m[0m       = "aggregation-service-dev-env-AsgCapacityLambdaRole"
    }

[1m  # module.operator_service.module.worker_autoscaling.aws_iam_role_policy_attachment.autoscaling_group_policy_attachment[0m will be created[0m[0m
[0m  [32m+[0m[0m resource "aws_iam_role_policy_attachment" "autoscaling_group_policy_attachment" {
      [32m+[0m [0m[1m[0mid[0m[0m         = (known after apply)
      [32m+[0m [0m[1m[0mpolicy_arn[0m[0m = (known after apply)
      [32m+[0m [0m[1m[0mrole[0m[0m       = "aggregation-service-dev-env-AsgCapacityLambdaRole"
    }

[1m  # module.operator_service.module.worker_autoscaling.aws_iam_role_policy_attachment.sqs_get_attribute_policy_attachment[0m will be created[0m[0m
[0m  [32m+[0m[0m resource "aws_iam_role_policy_attachment" "sqs_get_attribute_policy_attachment" {
      [32m+[0m [0m[1m[0mid[0m[0m         = (known after apply)
      [32m+[0m [0m[1m[0mpolicy_arn[0m[0m = (known after apply)
      [32m+[0m [0m[1m[0mrole[0m[0m       = "aggregation-service-dev-env-AsgCapacityLambdaRole"
    }

[1m  # module.operator_service.module.worker_autoscaling.aws_iam_role_policy_attachment.terminated_instance_asginstances_db_policy_attachment[0m will be created[0m[0m
[0m  [32m+[0m[0m resource "aws_iam_role_policy_attachment" "terminated_instance_asginstances_db_policy_attachment" {
      [32m+[0m [0m[1m[0mid[0m[0m         = (known after apply)
      [32m+[0m [0m[1m[0mpolicy_arn[0m[0m = (known after apply)
      [32m+[0m [0m[1m[0mrole[0m[0m       = "aggregation-service-dev-env-TerminatedInstanceLambdaRole"
    }

[1m  # module.operator_service.module.worker_autoscaling.aws_iam_role_policy_attachment.terminated_instance_autoscaling_group_policy_attachment[0m will be created[0m[0m
[0m  [32m+[0m[0m resource "aws_iam_role_policy_attachment" "terminated_instance_autoscaling_group_policy_attachment" {
      [32m+[0m [0m[1m[0mid[0m[0m         = (known after apply)
      [32m+[0m [0m[1m[0mpolicy_arn[0m[0m = (known after apply)
      [32m+[0m [0m[1m[0mrole[0m[0m       = "aggregation-service-dev-env-TerminatedInstanceLambdaRole"
    }

[1m  # module.operator_service.module.worker_autoscaling.aws_iam_role_policy_attachment.terminated_instance_lambda_log_policy_attachment[0m will be created[0m[0m
[0m  [32m+[0m[0m resource "aws_iam_role_policy_attachment" "terminated_instance_lambda_log_policy_attachment" {
      [32m+[0m [0m[1m[0mid[0m[0m         = (known after apply)
      [32m+[0m [0m[1m[0mpolicy_arn[0m[0m = (known after apply)
      [32m+[0m [0m[1m[0mrole[0m[0m       = "aggregation-service-dev-env-TerminatedInstanceLambdaRole"
    }

[1m  # module.operator_service.module.worker_autoscaling.aws_lambda_function.asg_capacity_lambda[0m will be created[0m[0m
[0m  [32m+[0m[0m resource "aws_lambda_function" "asg_capacity_lambda" {
      [32m+[0m [0m[1m[0marchitectures[0m[0m                  = (known after apply)
      [32m+[0m [0m[1m[0marn[0m[0m                            = (known after apply)
      [32m+[0m [0m[1m[0mfunction_name[0m[0m                  = "aggregation-service-dev-env-AsgCapacityHandler"
      [32m+[0m [0m[1m[0mhandler[0m[0m                        = "com.google.scp.operator.autoscaling.app.aws.AsgCapacityHandler"
      [32m+[0m [0m[1m[0mid[0m[0m                             = (known after apply)
      [32m+[0m [0m[1m[0minvoke_arn[0m[0m                     = (known after apply)
      [32m+[0m [0m[1m[0mlast_modified[0m[0m                  = (known after apply)
      [32m+[0m [0m[1m[0mmemory_size[0m[0m                    = 1024
      [32m+[0m [0m[1m[0mpackage_type[0m[0m                   = "Zip"
      [32m+[0m [0m[1m[0mpublish[0m[0m                        = false
      [32m+[0m [0m[1m[0mqualified_arn[0m[0m                  = (known after apply)
      [32m+[0m [0m[1m[0mreserved_concurrent_executions[0m[0m = -1
      [32m+[0m [0m[1m[0mrole[0m[0m                           = (known after apply)
      [32m+[0m [0m[1m[0mruntime[0m[0m                        = "java11"
      [32m+[0m [0m[1m[0ms3_bucket[0m[0m                      = (known after apply)
      [32m+[0m [0m[1m[0ms3_key[0m[0m                         = "app/asg_capacity_handler_lambda.jar"
      [32m+[0m [0m[1m[0msigning_job_arn[0m[0m                = (known after apply)
      [32m+[0m [0m[1m[0msigning_profile_version_arn[0m[0m    = (known after apply)
      [32m+[0m [0m[1m[0msource_code_hash[0m[0m               = "SkxWtwrit+D89kyEWvQVP0cBqTFfgwR56MIMzPS6rGE="
      [32m+[0m [0m[1m[0msource_code_size[0m[0m               = (known after apply)
      [32m+[0m [0m[1m[0mtags[0m[0m                           = {
          [32m+[0m [0m"environment" = "aggregation-service-dev-env"
          [32m+[0m [0m"name"        = "aggregation-service-dev-env-AsgCapacityHandler"
          [32m+[0m [0m"role"        = "asg-capacity-handler"
          [32m+[0m [0m"service"     = "operator-service"
        }
      [32m+[0m [0m[1m[0mtags_all[0m[0m                       = {
          [32m+[0m [0m"environment" = "aggregation-service-dev-env"
          [32m+[0m [0m"name"        = "aggregation-service-dev-env-AsgCapacityHandler"
          [32m+[0m [0m"role"        = "asg-capacity-handler"
          [32m+[0m [0m"service"     = "operator-service"
        }
      [32m+[0m [0m[1m[0mtimeout[0m[0m                        = 30
      [32m+[0m [0m[1m[0mversion[0m[0m                        = (known after apply)

      [32m+[0m [0menvironment {
          [32m+[0m [0m[1m[0mvariables[0m[0m = (known after apply)
        }

      [32m+[0m [0mtracing_config {
          [32m+[0m [0m[1m[0mmode[0m[0m = (known after apply)
        }
    }

[1m  # module.operator_service.module.worker_autoscaling.aws_lambda_function.terminated_instance_lambda[0m will be created[0m[0m
[0m  [32m+[0m[0m resource "aws_lambda_function" "terminated_instance_lambda" {
      [32m+[0m [0m[1m[0marchitectures[0m[0m                  = (known after apply)
      [32m+[0m [0m[1m[0marn[0m[0m                            = (known after apply)
      [32m+[0m [0m[1m[0mfunction_name[0m[0m                  = "aggregation-service-dev-env-TerminatedInstanceHandler"
      [32m+[0m [0m[1m[0mhandler[0m[0m                        = "com.google.scp.operator.autoscaling.app.aws.TerminatedInstanceHandler"
      [32m+[0m [0m[1m[0mid[0m[0m                             = (known after apply)
      [32m+[0m [0m[1m[0minvoke_arn[0m[0m                     = (known after apply)
      [32m+[0m [0m[1m[0mlast_modified[0m[0m                  = (known after apply)
      [32m+[0m [0m[1m[0mmemory_size[0m[0m                    = 1024
      [32m+[0m [0m[1m[0mpackage_type[0m[0m                   = "Zip"
      [32m+[0m [0m[1m[0mpublish[0m[0m                        = false
      [32m+[0m [0m[1m[0mqualified_arn[0m[0m                  = (known after apply)
      [32m+[0m [0m[1m[0mreserved_concurrent_executions[0m[0m = -1
      [32m+[0m [0m[1m[0mrole[0m[0m                           = (known after apply)
      [32m+[0m [0m[1m[0mruntime[0m[0m                        = "java11"
      [32m+[0m [0m[1m[0ms3_bucket[0m[0m                      = (known after apply)
      [32m+[0m [0m[1m[0ms3_key[0m[0m                         = "app/terminated_instance_handler_lambda.jar"
      [32m+[0m [0m[1m[0msigning_job_arn[0m[0m                = (known after apply)
      [32m+[0m [0m[1m[0msigning_profile_version_arn[0m[0m    = (known after apply)
      [32m+[0m [0m[1m[0msource_code_hash[0m[0m               = "MzWVWJwyOjvWWk+C/RBAEZ6/PtmSbDntwdjyLXPbyFk="
      [32m+[0m [0m[1m[0msource_code_size[0m[0m               = (known after apply)
      [32m+[0m [0m[1m[0mtags[0m[0m                           = {
          [32m+[0m [0m"environment" = "aggregation-service-dev-env"
          [32m+[0m [0m"name"        = "aggregation-service-dev-env-TerminatedInstanceHandler"
          [32m+[0m [0m"role"        = "terminated-instance-handler"
          [32m+[0m [0m"service"     = "operator-service"
        }
      [32m+[0m [0m[1m[0mtags_all[0m[0m                       = {
          [32m+[0m [0m"environment" = "aggregation-service-dev-env"
          [32m+[0m [0m"name"        = "aggregation-service-dev-env-TerminatedInstanceHandler"
          [32m+[0m [0m"role"        = "terminated-instance-handler"
          [32m+[0m [0m"service"     = "operator-service"
        }
      [32m+[0m [0m[1m[0mtimeout[0m[0m                        = 30
      [32m+[0m [0m[1m[0mversion[0m[0m                        = (known after apply)

      [32m+[0m [0menvironment {
          [32m+[0m [0m[1m[0mvariables[0m[0m = (known after apply)
        }

      [32m+[0m [0mtracing_config {
          [32m+[0m [0m[1m[0mmode[0m[0m = (known after apply)
        }
    }

[1m  # module.operator_service.module.worker_autoscaling.aws_lambda_permission.asg_capacity_lambda_permission[0m will be created[0m[0m
[0m  [32m+[0m[0m resource "aws_lambda_permission" "asg_capacity_lambda_permission" {
      [32m+[0m [0m[1m[0maction[0m[0m        = "lambda:InvokeFunction"
      [32m+[0m [0m[1m[0mfunction_name[0m[0m = "aggregation-service-dev-env-AsgCapacityHandler"
      [32m+[0m [0m[1m[0mid[0m[0m            = (known after apply)
      [32m+[0m [0m[1m[0mprincipal[0m[0m     = "events.amazonaws.com"
      [32m+[0m [0m[1m[0msource_arn[0m[0m    = (known after apply)
      [32m+[0m [0m[1m[0mstatement_id[0m[0m  = (known after apply)
    }

[1m  # module.operator_service.module.worker_autoscaling.aws_lambda_permission.terminated_instance_lambda_permission[0m will be created[0m[0m
[0m  [32m+[0m[0m resource "aws_lambda_permission" "terminated_instance_lambda_permission" {
      [32m+[0m [0m[1m[0maction[0m[0m        = "lambda:InvokeFunction"
      [32m+[0m [0m[1m[0mfunction_name[0m[0m = "aggregation-service-dev-env-TerminatedInstanceHandler"
      [32m+[0m [0m[1m[0mid[0m[0m            = (known after apply)
      [32m+[0m [0m[1m[0mprincipal[0m[0m     = "events.amazonaws.com"
      [32m+[0m [0m[1m[0msource_arn[0m[0m    = (known after apply)
      [32m+[0m [0m[1m[0mstatement_id[0m[0m  = (known after apply)
    }

[1m  # module.operator_service.module.worker_autoscaling.aws_s3_bucket.lambda_package_storage[0m will be created[0m[0m
[0m  [32m+[0m[0m resource "aws_s3_bucket" "lambda_package_storage" {
      [32m+[0m [0m[1m[0macceleration_status[0m[0m         = (known after apply)
      [32m+[0m [0m[1m[0macl[0m[0m                         = "private"
      [32m+[0m [0m[1m[0marn[0m[0m                         = (known after apply)
      [32m+[0m [0m[1m[0mbucket[0m[0m                      = (known after apply)
      [32m+[0m [0m[1m[0mbucket_domain_name[0m[0m          = (known after apply)
      [32m+[0m [0m[1m[0mbucket_prefix[0m[0m               = "aggregation-service-dev-env-worker-"
      [32m+[0m [0m[1m[0mbucket_regional_domain_name[0m[0m = (known after apply)
      [32m+[0m [0m[1m[0mforce_destroy[0m[0m               = false
      [32m+[0m [0m[1m[0mhosted_zone_id[0m[0m              = (known after apply)
      [32m+[0m [0m[1m[0mid[0m[0m                          = (known after apply)
      [32m+[0m [0m[1m[0mobject_lock_enabled[0m[0m         = (known after apply)
      [32m+[0m [0m[1m[0mregion[0m[0m                      = (known after apply)
      [32m+[0m [0m[1m[0mrequest_payer[0m[0m               = (known after apply)
      [32m+[0m [0m[1m[0mtags[0m[0m                        = {
          [32m+[0m [0m"environment" = "aggregation-service-dev-env"
          [32m+[0m [0m"name"        = "aggregation-service-dev-env-worker-"
          [32m+[0m [0m"role"        = "worker-lambda-package-storage"
          [32m+[0m [0m"service"     = "operator-service"
        }
      [32m+[0m [0m[1m[0mtags_all[0m[0m                    = {
          [32m+[0m [0m"environment" = "aggregation-service-dev-env"
          [32m+[0m [0m"name"        = "aggregation-service-dev-env-worker-"
          [32m+[0m [0m"role"        = "worker-lambda-package-storage"
          [32m+[0m [0m"service"     = "operator-service"
        }
      [32m+[0m [0m[1m[0mwebsite_domain[0m[0m              = (known after apply)
      [32m+[0m [0m[1m[0mwebsite_endpoint[0m[0m            = (known after apply)

      [32m+[0m [0mobject_lock_configuration {
          [32m+[0m [0m[1m[0mobject_lock_enabled[0m[0m = (known after apply)

          [32m+[0m [0mrule {
              [32m+[0m [0mdefault_retention {
                  [32m+[0m [0m[1m[0mdays[0m[0m  = (known after apply)
                  [32m+[0m [0m[1m[0mmode[0m[0m  = (known after apply)
                  [32m+[0m [0m[1m[0myears[0m[0m = (known after apply)
                }
            }
        }

      [32m+[0m [0mserver_side_encryption_configuration {
          [32m+[0m [0mrule {
              [32m+[0m [0m[1m[0mbucket_key_enabled[0m[0m = (known after apply)

              [32m+[0m [0mapply_server_side_encryption_by_default {
                  [32m+[0m [0m[1m[0mkms_master_key_id[0m[0m = (known after apply)
                  [32m+[0m [0m[1m[0msse_algorithm[0m[0m     = (known after apply)
                }
            }
        }

      [32m+[0m [0mversioning {
          [32m+[0m [0m[1m[0menabled[0m[0m    = (known after apply)
          [32m+[0m [0m[1m[0mmfa_delete[0m[0m = (known after apply)
        }
    }

[1m  # module.operator_service.module.worker_autoscaling.aws_s3_bucket_object.asg_capacity_handler_lambda_s3_jar[0m will be created[0m[0m
[0m  [32m+[0m[0m resource "aws_s3_bucket_object" "asg_capacity_handler_lambda_s3_jar" {
      [32m+[0m [0m[1m[0macl[0m[0m                    = "private"
      [32m+[0m [0m[1m[0mbucket[0m[0m                 = (known after apply)
      [32m+[0m [0m[1m[0mbucket_key_enabled[0m[0m     = (known after apply)
      [32m+[0m [0m[1m[0mcontent_type[0m[0m           = (known after apply)
      [32m+[0m [0m[1m[0metag[0m[0m                   = (known after apply)
      [32m+[0m [0m[1m[0mforce_destroy[0m[0m          = false
      [32m+[0m [0m[1m[0mid[0m[0m                     = (known after apply)
      [32m+[0m [0m[1m[0mkey[0m[0m                    = "app/asg_capacity_handler_lambda.jar"
      [32m+[0m [0m[1m[0mkms_key_id[0m[0m             = (known after apply)
      [32m+[0m [0m[1m[0mserver_side_encryption[0m[0m = (known after apply)
      [32m+[0m [0m[1m[0msource[0m[0m                 = "../../jars/AsgCapacityHandlerLambda_2.0.0.jar"
      [32m+[0m [0m[1m[0msource_hash[0m[0m            = "d962cf8aa4ef178ec7e341a8bd32d9db"
      [32m+[0m [0m[1m[0mstorage_class[0m[0m          = (known after apply)
      [32m+[0m [0m[1m[0mtags_all[0m[0m               = (known after apply)
      [32m+[0m [0m[1m[0mversion_id[0m[0m             = (known after apply)
    }

[1m  # module.operator_service.module.worker_autoscaling.aws_s3_bucket_object.terminated_instance_handler_lambda_s3_jar[0m will be created[0m[0m
[0m  [32m+[0m[0m resource "aws_s3_bucket_object" "terminated_instance_handler_lambda_s3_jar" {
      [32m+[0m [0m[1m[0macl[0m[0m                    = "private"
      [32m+[0m [0m[1m[0mbucket[0m[0m                 = (known after apply)
      [32m+[0m [0m[1m[0mbucket_key_enabled[0m[0m     = (known after apply)
      [32m+[0m [0m[1m[0mcontent_type[0m[0m           = (known after apply)
      [32m+[0m [0m[1m[0metag[0m[0m                   = (known after apply)
      [32m+[0m [0m[1m[0mforce_destroy[0m[0m          = false
      [32m+[0m [0m[1m[0mid[0m[0m                     = (known after apply)
      [32m+[0m [0m[1m[0mkey[0m[0m                    = "app/terminated_instance_handler_lambda.jar"
      [32m+[0m [0m[1m[0mkms_key_id[0m[0m             = (known after apply)
      [32m+[0m [0m[1m[0mserver_side_encryption[0m[0m = (known after apply)
      [32m+[0m [0m[1m[0msource[0m[0m                 = "../../jars/TerminatedInstanceHandlerLambda_2.0.0.jar"
      [32m+[0m [0m[1m[0msource_hash[0m[0m            = "124c38740d8b30f1b2dfe4d3fe21ab4d"
      [32m+[0m [0m[1m[0mstorage_class[0m[0m          = (known after apply)
      [32m+[0m [0m[1m[0mtags_all[0m[0m               = (known after apply)
      [32m+[0m [0m[1m[0mversion_id[0m[0m             = (known after apply)
    }

[1m  # module.operator_service.module.worker_autoscaling.aws_s3_bucket_policy.lambda_package_storage_bucket_deny_non_ssl_requests[0m will be created[0m[0m
[0m  [32m+[0m[0m resource "aws_s3_bucket_policy" "lambda_package_storage_bucket_deny_non_ssl_requests" {
      [32m+[0m [0m[1m[0mbucket[0m[0m = (known after apply)
      [32m+[0m [0m[1m[0mid[0m[0m     = (known after apply)
      [32m+[0m [0m[1m[0mpolicy[0m[0m = (known after apply)
    }

[1m  # module.operator_service.module.worker_dashboard.aws_cloudwatch_dashboard.worker-dashboard[0m will be created[0m[0m
[0m  [32m+[0m[0m resource "aws_cloudwatch_dashboard" "worker-dashboard" {
      [32m+[0m [0m[1m[0mdashboard_arn[0m[0m  = (known after apply)
      [32m+[0m [0m[1m[0mdashboard_body[0m[0m = jsonencode(
            {
              [32m+[0m [0mwidgets = [
                  [32m+[0m [0m{
                      [32m+[0m [0mheight     = 2
                      [32m+[0m [0mproperties = {
                          [32m+[0m [0malarms = [
                              [32m+[0m [0m"arn:aws:cloudwatch:us-west-2:771945457201:alarm:aggregation-service-dev-env_us-west-2_job_validation_failure_composite_alarm",
                            ]
                          [32m+[0m [0mtitle  = "Job Validation Failure Alarm"
                        }
                      [32m+[0m [0mtype       = "alarm"
                      [32m+[0m [0mwidth      = 6
                      [32m+[0m [0mx          = 6
                      [32m+[0m [0my          = 0
                    },
                  [32m+[0m [0m{
                      [32m+[0m [0mheight     = 2
                      [32m+[0m [0mproperties = {
                          [32m+[0m [0malarms = [
                              [32m+[0m [0m"arn:aws:cloudwatch:us-west-2:771945457201:alarm:aggregation-service-dev-env_us-west-2_job_client_composite_alarm",
                            ]
                          [32m+[0m [0mtitle  = "Job Client Alarm"
                        }
                      [32m+[0m [0mtype       = "alarm"
                      [32m+[0m [0mwidth      = 6
                      [32m+[0m [0mx          = 12
                      [32m+[0m [0my          = 0
                    },
                  [32m+[0m [0m{
                      [32m+[0m [0mheight     = 2
                      [32m+[0m [0mproperties = {
                          [32m+[0m [0malarms = [
                              [32m+[0m [0m"arn:aws:cloudwatch:us-west-2:771945457201:alarm:aggregation-service-dev-env_us-west-2_worker_job_error_composite_alarm",
                            ]
                          [32m+[0m [0mtitle  = "Worker Job Error Alarm"
                        }
                      [32m+[0m [0mtype       = "alarm"
                      [32m+[0m [0mwidth      = 6
                      [32m+[0m [0mx          = 18
                      [32m+[0m [0my          = 0
                    },
                  [32m+[0m [0m{
                      [32m+[0m [0mheight     = 6
                      [32m+[0m [0mproperties = {
                          [32m+[0m [0mannotations = {
                              [32m+[0m [0malarms = [
                                  [32m+[0m [0m"arn:aws:cloudwatch:us-west-2:771945457201:alarm:aggregation-service-dev-env_us-west-2_job_queue_old_message_alarm",
                                ]
                            }
                          [32m+[0m [0mstacked     = false
                          [32m+[0m [0mtitle       = "Job Queue Oldest Message Age"
                          [32m+[0m [0mview        = "timeSeries"
                        }
                      [32m+[0m [0mtype       = "metric"
                      [32m+[0m [0mwidth      = 6
                      [32m+[0m [0mx          = 12
                      [32m+[0m [0my          = 2
                    },
                  [32m+[0m [0m{
                      [32m+[0m [0mheight     = 6
                      [32m+[0m [0mproperties = {
                          [32m+[0m [0mmetrics = [
                              [32m+[0m [0m[
                                  [32m+[0m [0m"AWS/SQS",
                                  [32m+[0m [0m"ApproximateNumberOfMessagesNotVisible",
                                  [32m+[0m [0m"QueueName",
                                  [32m+[0m [0m"aggregation-service-dev-env-JobQueue",
                                ],
                              [32m+[0m [0m[
                                  [32m+[0m [0m".",
                                  [32m+[0m [0m"ApproximateNumberOfMessagesVisible",
                                  [32m+[0m [0m".",
                                  [32m+[0m [0m"aggregation-service-dev-env-JobQueue",
                                ],
                            ]
                          [32m+[0m [0mperiod  = 300
                          [32m+[0m [0mregion  = "us-west-2"
                          [32m+[0m [0mstacked = false
                          [32m+[0m [0mtitle   = "Job Queue Messages In-Flight"
                          [32m+[0m [0mview    = "timeSeries"
                        }
                      [32m+[0m [0mtype       = "metric"
                      [32m+[0m [0mwidth      = 6
                      [32m+[0m [0mx          = 0
                      [32m+[0m [0my          = 2
                    },
                  [32m+[0m [0m{
                      [32m+[0m [0mheight     = 6
                      [32m+[0m [0mproperties = {
                          [32m+[0m [0mmetrics = [
                              [32m+[0m [0m[
                                  [32m+[0m [0m"AWS/SQS",
                                  [32m+[0m [0m"NumberOfMessagesSent",
                                  [32m+[0m [0m"QueueName",
                                  [32m+[0m [0m"aggregation-service-dev-env-JobQueue",
                                  [32m+[0m [0m{
                                      [32m+[0m [0mid = "m1"
                                    },
                                ],
                              [32m+[0m [0m[
                                  [32m+[0m [0m".",
                                  [32m+[0m [0m"NumberOfMessagesReceived",
                                  [32m+[0m [0m".",
                                  [32m+[0m [0m".",
                                  [32m+[0m [0m{
                                      [32m+[0m [0mid = "m2"
                                    },
                                ],
                              [32m+[0m [0m[
                                  [32m+[0m [0m".",
                                  [32m+[0m [0m"NumberOfMessagesDeleted",
                                  [32m+[0m [0m".",
                                  [32m+[0m [0m".",
                                  [32m+[0m [0m{
                                      [32m+[0m [0mid = "m3"
                                    },
                                ],
                            ]
                          [32m+[0m [0mperiod  = 300
                          [32m+[0m [0mregion  = "us-west-2"
                          [32m+[0m [0mstacked = false
                          [32m+[0m [0mstat    = "Sum"
                          [32m+[0m [0mtitle   = "Job Queue Message Sent/Received/Deleted"
                          [32m+[0m [0mview    = "timeSeries"
                        }
                      [32m+[0m [0mtype       = "metric"
                      [32m+[0m [0mwidth      = 6
                      [32m+[0m [0mx          = 6
                      [32m+[0m [0my          = 2
                    },
                  [32m+[0m [0m{
                      [32m+[0m [0mheight     = 6
                      [32m+[0m [0mproperties = {
                          [32m+[0m [0mannotations = {
                              [32m+[0m [0malarms = [
                                  [32m+[0m [0m"arn:aws:cloudwatch:us-west-2:771945457201:alarm:aggregation-service-dev-env_us-west-2_asg_max_instance_alarm",
                                ]
                            }
                          [32m+[0m [0mstacked     = false
                          [32m+[0m [0mtitle       = "Autoscaling Max Instance Alarm"
                          [32m+[0m [0mview        = "timeSeries"
                        }
                      [32m+[0m [0mtype       = "metric"
                      [32m+[0m [0mwidth      = 6
                      [32m+[0m [0mx          = 0
                      [32m+[0m [0my          = 8
                    },
                  [32m+[0m [0m{
                      [32m+[0m [0mheight     = 6
                      [32m+[0m [0mproperties = {
                          [32m+[0m [0mmetrics = [
                              [32m+[0m [0m[
                                  [32m+[0m [0m"AWS/AutoScaling",
                                  [32m+[0m [0m"GroupInServiceInstances",
                                  [32m+[0m [0m"AutoScalingGroupName",
                                  [32m+[0m [0m"aggregation-service-dev-env-aggregation-service-workers",
                                ],
                              [32m+[0m [0m[
                                  [32m+[0m [0m".",
                                  [32m+[0m [0m"GroupTotalInstances",
                                  [32m+[0m [0m".",
                                  [32m+[0m [0m".",
                                ],
                              [32m+[0m [0m[
                                  [32m+[0m [0m".",
                                  [32m+[0m [0m"GroupPendingInstances",
                                  [32m+[0m [0m".",
                                  [32m+[0m [0m".",
                                ],
                              [32m+[0m [0m[
                                  [32m+[0m [0m".",
                                  [32m+[0m [0m"GroupTerminatingInstances",
                                  [32m+[0m [0m".",
                                  [32m+[0m [0m".",
                                ],
                            ]
                          [32m+[0m [0mregion  = "us-west-2"
                          [32m+[0m [0mstacked = false
                          [32m+[0m [0mtitle   = "Autoscaling Instances"
                          [32m+[0m [0mview    = "timeSeries"
                        }
                      [32m+[0m [0mtype       = "metric"
                      [32m+[0m [0mwidth      = 6
                      [32m+[0m [0mx          = 18
                      [32m+[0m [0my          = 2
                    },
                  [32m+[0m [0m{
                      [32m+[0m [0mheight     = 6
                      [32m+[0m [0mproperties = {
                          [32m+[0m [0mmetrics = [
                              [32m+[0m [0m[
                                  [32m+[0m [0m"AWS/Lambda",
                                  [32m+[0m [0m"Errors",
                                  [32m+[0m [0m"FunctionName",
                                  [32m+[0m [0m"aggregation-service-dev-env-TerminatedInstanceHandler",
                                ],
                              [32m+[0m [0m[
                                  [32m+[0m [0m"...",
                                  [32m+[0m [0m"aggregation-service-dev-env-AsgCapacityHandler",
                                ],
                            ]
                          [32m+[0m [0mperiod  = 300
                          [32m+[0m [0mregion  = "us-west-2"
                          [32m+[0m [0mstacked = false
                          [32m+[0m [0mstat    = "Sum"
                          [32m+[0m [0mtitle   = "Lambda Errors"
                          [32m+[0m [0mview    = "timeSeries"
                        }
                      [32m+[0m [0mtype       = "metric"
                      [32m+[0m [0mwidth      = 6
                      [32m+[0m [0mx          = 12
                      [32m+[0m [0my          = 8
                    },
                  [32m+[0m [0m{
                      [32m+[0m [0mheight     = 2
                      [32m+[0m [0mproperties = {
                          [32m+[0m [0malarms = [
                              [32m+[0m [0m"arn:aws:cloudwatch:us-west-2:771945457201:alarm:aggregation-service-dev-env_us-west-2_worker_service_composite_alarm",
                            ]
                          [32m+[0m [0mtitle  = "Worker Service Alarm"
                        }
                      [32m+[0m [0mtype       = "alarm"
                      [32m+[0m [0mwidth      = 6
                      [32m+[0m [0mx          = 0
                      [32m+[0m [0my          = 0
                    },
                  [32m+[0m [0m{
                      [32m+[0m [0mheight     = 6
                      [32m+[0m [0mproperties = {
                          [32m+[0m [0mend     = "P0D"
                          [32m+[0m [0mmetrics = [
                              [32m+[0m [0m[
                                  [32m+[0m [0m"AWS/Lambda",
                                  [32m+[0m [0m"Invocations",
                                  [32m+[0m [0m"FunctionName",
                                  [32m+[0m [0m"aggregation-service-dev-env-AsgCapacityHandler",
                                  [32m+[0m [0m"Resource",
                                  [32m+[0m [0m"aggregation-service-dev-env-AsgCapacityHandler",
                                  [32m+[0m [0m{
                                      [32m+[0m [0mlabel = "aggregation-service-dev-env-AsgCapacityHandler"
                                    },
                                ],
                              [32m+[0m [0m[
                                  [32m+[0m [0m"...",
                                  [32m+[0m [0m"aggregation-service-dev-env-TerminatedInstanceHandler",
                                  [32m+[0m [0m".",
                                  [32m+[0m [0m"aggregation-service-dev-env-TerminatedInstanceHandler",
                                  [32m+[0m [0m{
                                      [32m+[0m [0mlabel = "aggregation-service-dev-env-TerminatedInstanceHandler"
                                    },
                                ],
                            ]
                          [32m+[0m [0mperiod  = 300
                          [32m+[0m [0mregion  = "us-west-2"
                          [32m+[0m [0mstacked = false
                          [32m+[0m [0mstart   = "-PT3H"
                          [32m+[0m [0mstat    = "Sum"
                          [32m+[0m [0mtitle   = "Lambda Invocations"
                          [32m+[0m [0mview    = "timeSeries"
                        }
                      [32m+[0m [0mtype       = "metric"
                      [32m+[0m [0mwidth      = 6
                      [32m+[0m [0mx          = 6
                      [32m+[0m [0my          = 8
                    },
                  [32m+[0m [0m{
                      [32m+[0m [0mheight     = 6
                      [32m+[0m [0mproperties = {
                          [32m+[0m [0mend     = "P0D"
                          [32m+[0m [0mmetrics = [
                              [32m+[0m [0m[
                                  [32m+[0m [0m"AWS/Lambda",
                                  [32m+[0m [0m"Throttles",
                                  [32m+[0m [0m"FunctionName",
                                  [32m+[0m [0m"aggregation-service-dev-env-AsgCapacityHandler",
                                ],
                              [32m+[0m [0m[
                                  [32m+[0m [0m"...",
                                  [32m+[0m [0m"aggregation-service-dev-env-TerminatedInstanceHandler",
                                ],
                            ]
                          [32m+[0m [0mperiod  = 300
                          [32m+[0m [0mregion  = "us-west-2"
                          [32m+[0m [0mstacked = false
                          [32m+[0m [0mstart   = "-PT3H"
                          [32m+[0m [0mstat    = "Sum"
                          [32m+[0m [0mtitle   = "Lambda Throttling"
                          [32m+[0m [0mview    = "timeSeries"
                        }
                      [32m+[0m [0mtype       = "metric"
                      [32m+[0m [0mwidth      = 6
                      [32m+[0m [0mx          = 18
                      [32m+[0m [0my          = 8
                    },
                  [32m+[0m [0m{
                      [32m+[0m [0mheight     = 6
                      [32m+[0m [0mproperties = {
                          [32m+[0m [0mend     = "P0D"
                          [32m+[0m [0mmetrics = [
                              [32m+[0m [0m[
                                  [32m+[0m [0m"AWS/Lambda",
                                  [32m+[0m [0m"Duration",
                                  [32m+[0m [0m"FunctionName",
                                  [32m+[0m [0m"aggregation-service-dev-env-AsgCapacityHandler",
                                ],
                              [32m+[0m [0m[
                                  [32m+[0m [0m"...",
                                  [32m+[0m [0m"aggregation-service-dev-env-TerminatedInstanceHandler",
                                ],
                            ]
                          [32m+[0m [0mregion  = "us-west-2"
                          [32m+[0m [0mstacked = false
                          [32m+[0m [0mstart   = "-PT3H"
                          [32m+[0m [0mtitle   = "Lambda Duration"
                          [32m+[0m [0mview    = "timeSeries"
                        }
                      [32m+[0m [0mtype       = "metric"
                      [32m+[0m [0mwidth      = 6
                      [32m+[0m [0mx          = 0
                      [32m+[0m [0my          = 14
                    },
                ]
            }
        )
      [32m+[0m [0m[1m[0mdashboard_name[0m[0m = "aggregation-service-dev-env-worker-dashboard"
      [32m+[0m [0m[1m[0mid[0m[0m             = (known after apply)
    }

[1m  # module.operator_service.module.worker_service.data.aws_iam_policy_document.enclave_policy_doc[0m will be read during apply[0m
  # (config refers to values not yet known)[0m
[0m [36m<=[0m[0m data "aws_iam_policy_document" "enclave_policy_doc" {
      [32m+[0m [0m[1m[0mid[0m[0m   = (known after apply)
      [32m+[0m [0m[1m[0mjson[0m[0m = (known after apply)

      [32m+[0m [0mstatement {
          [32m+[0m [0m[1m[0mactions[0m[0m   = [
              [32m+[0m [0m"sts:AssumeRole",
            ]
          [32m+[0m [0m[1m[0meffect[0m[0m    = "Allow"
          [32m+[0m [0m[1m[0mresources[0m[0m = [
              [32m+[0m [0m"arn:aws:iam::850159350730:role/a_771945457201_coordinator_assume_role",
            ]
          [32m+[0m [0m[1m[0msid[0m[0m       = "AllowAssumeRole"
        }
      [32m+[0m [0mstatement {
          [32m+[0m [0m[1m[0mactions[0m[0m   = [
              [32m+[0m [0m"sqs:ChangeMessageVisibility",
              [32m+[0m [0m"sqs:DeleteMessage",
              [32m+[0m [0m"sqs:ReceiveMessage",
              [32m+[0m [0m"sqs:SendMessage",
            ]
          [32m+[0m [0m[1m[0meffect[0m[0m    = "Allow"
          [32m+[0m [0m[1m[0mresources[0m[0m = [
              [32m+[0m [0m(known after apply),
            ]
          [32m+[0m [0m[1m[0msid[0m[0m       = "AllowSelectActionsOnSqsQueue"
        }
      [32m+[0m [0mstatement {
          [32m+[0m [0m[1m[0mactions[0m[0m   = [
              [32m+[0m [0m"autoscaling:CompleteLifecycleAction",
              [32m+[0m [0m"autoscaling:DescribeAutoScalingInstances",
              [32m+[0m [0m"autoscaling:RecordLifecycleActionHeartbeat",
              [32m+[0m [0m"autoscaling:SetInstanceHealth",
              [32m+[0m [0m"ec2:DescribeTags",
            ]
          [32m+[0m [0m[1m[0meffect[0m[0m    = "Allow"
          [32m+[0m [0m[1m[0mresources[0m[0m = [
              [32m+[0m [0m"*",
            ]
          [32m+[0m [0m[1m[0msid[0m[0m       = "AllowCoreEc2AutoscalingActions"
        }
      [32m+[0m [0mstatement {
          [32m+[0m [0m[1m[0mactions[0m[0m   = [
              [32m+[0m [0m"ssm:GetParameters",
            ]
          [32m+[0m [0m[1m[0meffect[0m[0m    = "Allow"
          [32m+[0m [0m[1m[0mresources[0m[0m = [
              [32m+[0m [0m"arn:aws:ssm:*:*:parameter/*",
            ]
          [32m+[0m [0m[1m[0msid[0m[0m       = "AllowSsmGetParameters"
        }
      [32m+[0m [0mstatement {
          [32m+[0m [0m[1m[0mactions[0m[0m   = [
              [32m+[0m [0m"cloudwatch:PutMetricData",
            ]
          [32m+[0m [0m[1m[0meffect[0m[0m    = "Allow"
          [32m+[0m [0m[1m[0mresources[0m[0m = [
              [32m+[0m [0m"*",
            ]
          [32m+[0m [0m[1m[0msid[0m[0m       = "AllowCloudWatchPutMetricData"
        }
      [32m+[0m [0mstatement {
          [32m+[0m [0m[1m[0mactions[0m[0m   = [
              [32m+[0m [0m"dynamodb:ConditionCheckItem",
              [32m+[0m [0m"dynamodb:GetItem",
              [32m+[0m [0m"dynamodb:PutItem",
            ]
          [32m+[0m [0m[1m[0meffect[0m[0m    = "Allow"
          [32m+[0m [0m[1m[0mresources[0m[0m = [
              [32m+[0m [0m(known after apply),
              [32m+[0m [0m(known after apply),
            ]
          [32m+[0m [0m[1m[0msid[0m[0m       = "AllowDdbAccessFromSpecificVPCe"

          [32m+[0m [0mcondition {
              [32m+[0m [0m[1m[0mtest[0m[0m     = "StringEquals"
              [32m+[0m [0m[1m[0mvalues[0m[0m   = [
                  [32m+[0m [0m(known after apply),
                ]
              [32m+[0m [0m[1m[0mvariable[0m[0m = "aws:sourceVpce"
            }
        }
      [32m+[0m [0mstatement {
          [32m+[0m [0m[1m[0mactions[0m[0m   = [
              [32m+[0m [0m"dynamodb:*",
            ]
          [32m+[0m [0m[1m[0meffect[0m[0m    = "Deny"
          [32m+[0m [0m[1m[0mresources[0m[0m = [
              [32m+[0m [0m(known after apply),
              [32m+[0m [0m(known after apply),
            ]
          [32m+[0m [0m[1m[0msid[0m[0m       = "DenyDdbAccessFromAnyOtherEndpoints"

          [32m+[0m [0mcondition {
              [32m+[0m [0m[1m[0mtest[0m[0m     = "StringNotEquals"
              [32m+[0m [0m[1m[0mvalues[0m[0m   = [
                  [32m+[0m [0m(known after apply),
                ]
              [32m+[0m [0m[1m[0mvariable[0m[0m = "aws:sourceVpce"
            }
        }
      [32m+[0m [0mstatement {
          [32m+[0m [0m[1m[0mactions[0m[0m   = [
              [32m+[0m [0m"s3:DeleteObject",
              [32m+[0m [0m"s3:GetObject",
              [32m+[0m [0m"s3:ListBucket",
              [32m+[0m [0m"s3:PutObject",
            ]
          [32m+[0m [0m[1m[0meffect[0m[0m    = "Allow"
          [32m+[0m [0m[1m[0mresources[0m[0m = [
              [32m+[0m [0m"*",
            ]
          [32m+[0m [0m[1m[0msid[0m[0m       = "AllowS3AccessFromSpecificVPCe"

          [32m+[0m [0mcondition {
              [32m+[0m [0m[1m[0mtest[0m[0m     = "StringEquals"
              [32m+[0m [0m[1m[0mvalues[0m[0m   = [
                  [32m+[0m [0m(known after apply),
                ]
              [32m+[0m [0m[1m[0mvariable[0m[0m = "aws:sourceVpce"
            }
        }
      [32m+[0m [0mstatement {
          [32m+[0m [0m[1m[0mactions[0m[0m   = [
              [32m+[0m [0m"s3:*",
            ]
          [32m+[0m [0m[1m[0meffect[0m[0m    = "Deny"
          [32m+[0m [0m[1m[0mresources[0m[0m = [
              [32m+[0m [0m"*",
            ]
          [32m+[0m [0m[1m[0msid[0m[0m       = "DenyS3AccessFromAnyOtherEndpoints"

          [32m+[0m [0mcondition {
              [32m+[0m [0m[1m[0mtest[0m[0m     = "StringNotEquals"
              [32m+[0m [0m[1m[0mvalues[0m[0m   = [
                  [32m+[0m [0m(known after apply),
                ]
              [32m+[0m [0m[1m[0mvariable[0m[0m = "aws:sourceVpce"
            }
        }
      [32m+[0m [0mstatement {
          [32m+[0m [0m[1m[0mactions[0m[0m   = [
              [32m+[0m [0m"logs:CreateLogGroup",
              [32m+[0m [0m"logs:CreateLogStream",
              [32m+[0m [0m"logs:PutLogEvents",
              [32m+[0m [0m"xray:PutTelemetryRecords",
              [32m+[0m [0m"xray:PutTraceSegments",
            ]
          [32m+[0m [0m[1m[0meffect[0m[0m    = "Allow"
          [32m+[0m [0m[1m[0mresources[0m[0m = [
              [32m+[0m [0m"*",
            ]
          [32m+[0m [0m[1m[0msid[0m[0m       = "AllowOTelAccess"
        }
      [32m+[0m [0mstatement {
          [32m+[0m [0m[1m[0mactions[0m[0m   = [
              [32m+[0m [0m"sts:AssumeRole",
            ]
          [32m+[0m [0m[1m[0meffect[0m[0m    = "Allow"
          [32m+[0m [0m[1m[0mresources[0m[0m = [
              [32m+[0m [0m"arn:aws:iam::311771262672:role/b_771945457201_coordinator_assume_role",
            ]
        }
    }

[1m  # module.operator_service.module.worker_service.aws_cloudwatch_composite_alarm.job_client_error_composite_alarm[0][0m will be created[0m[0m
[0m  [32m+[0m[0m resource "aws_cloudwatch_composite_alarm" "job_client_error_composite_alarm" {
      [32m+[0m [0m[1m[0mactions_enabled[0m[0m   = true
      [32m+[0m [0m[1m[0malarm_description[0m[0m = "Job client exception composite alarm"
      [32m+[0m [0m[1m[0malarm_name[0m[0m        = "aggregation-service-dev-env_us-west-2_job_client_composite_alarm"
      [32m+[0m [0m[1m[0malarm_rule[0m[0m        = "ALARM(aggregation-service-dev-env_us-west-2_JOB_MARK_COMPLETION_FAILED_job_client_alarm) OR ALARM(aggregation-service-dev-env_us-west-2_JOB_METADATA_NOT_FOUND_job_client_alarm) OR ALARM(aggregation-service-dev-env_us-west-2_JOB_PULL_FAILED_job_client_alarm) OR ALARM(aggregation-service-dev-env_us-west-2_JOB_RECEIPT_HANDLE_NOT_FOUND_job_client_alarm) OR ALARM(aggregation-service-dev-env_us-west-2_UNSPECIFIED_ERROR_job_client_alarm) OR ALARM(aggregation-service-dev-env_us-west-2_WRONG_JOB_STATUS_job_client_alarm)"
      [32m+[0m [0m[1m[0marn[0m[0m               = (known after apply)
      [32m+[0m [0m[1m[0mid[0m[0m                = (known after apply)
      [32m+[0m [0m[1m[0mtags_all[0m[0m          = (known after apply)
    }

[1m  # module.operator_service.module.worker_service.aws_cloudwatch_composite_alarm.job_validation_failure_composite_alarm[0][0m will be created[0m[0m
[0m  [32m+[0m[0m resource "aws_cloudwatch_composite_alarm" "job_validation_failure_composite_alarm" {
      [32m+[0m [0m[1m[0mactions_enabled[0m[0m   = true
      [32m+[0m [0m[1m[0malarm_description[0m[0m = "Job validation failure composite alarm"
      [32m+[0m [0m[1m[0malarm_name[0m[0m        = "aggregation-service-dev-env_us-west-2_job_validation_failure_composite_alarm"
      [32m+[0m [0m[1m[0malarm_rule[0m[0m        = "ALARM(aggregation-service-dev-env_us-west-2_JobValidatorCheckDuplicate_job_validation_failure_alarm) OR ALARM(aggregation-service-dev-env_us-west-2_JobValidatorCheckFields_job_validation_failure_alarm) OR ALARM(aggregation-service-dev-env_us-west-2_JobValidatorCheckRetryLimit_job_validation_failure_alarm) OR ALARM(aggregation-service-dev-env_us-west-2_JobValidatorCheckStatus_job_validation_failure_alarm)"
      [32m+[0m [0m[1m[0marn[0m[0m               = (known after apply)
      [32m+[0m [0m[1m[0mid[0m[0m                = (known after apply)
      [32m+[0m [0m[1m[0mtags_all[0m[0m          = (known after apply)
    }

[1m  # module.operator_service.module.worker_service.aws_cloudwatch_composite_alarm.worker_composite_alarm[0][0m will be created[0m[0m
[0m  [32m+[0m[0m resource "aws_cloudwatch_composite_alarm" "worker_composite_alarm" {
      [32m+[0m [0m[1m[0mactions_enabled[0m[0m   = true
      [32m+[0m [0m[1m[0malarm_actions[0m[0m     = (known after apply)
      [32m+[0m [0m[1m[0malarm_description[0m[0m = "Entire worker service composite alarm"
      [32m+[0m [0m[1m[0malarm_name[0m[0m        = "aggregation-service-dev-env_us-west-2_worker_service_composite_alarm"
      [32m+[0m [0m[1m[0malarm_rule[0m[0m        = "ALARM(aggregation-service-dev-env_us-west-2_job_client_composite_alarm) OR ALARM(aggregation-service-dev-env_us-west-2_job_validation_failure_composite_alarm) OR ALARM(aggregation-service-dev-env_us-west-2_worker_job_error_composite_alarm)"
      [32m+[0m [0m[1m[0marn[0m[0m               = (known after apply)
      [32m+[0m [0m[1m[0mid[0m[0m                = (known after apply)
      [32m+[0m [0m[1m[0mtags_all[0m[0m          = (known after apply)
    }

[1m  # module.operator_service.module.worker_service.aws_cloudwatch_composite_alarm.worker_job_error_composite_alarm[0][0m will be created[0m[0m
[0m  [32m+[0m[0m resource "aws_cloudwatch_composite_alarm" "worker_job_error_composite_alarm" {
      [32m+[0m [0m[1m[0mactions_enabled[0m[0m   = true
      [32m+[0m [0m[1m[0malarm_description[0m[0m = "Worker job error alarm composite alarm"
      [32m+[0m [0m[1m[0malarm_name[0m[0m        = "aggregation-service-dev-env_us-west-2_worker_job_error_composite_alarm"
      [32m+[0m [0m[1m[0malarm_rule[0m[0m        = "ALARM(aggregation-service-dev-env_us-west-2_JobHandlingError_worker_job_alarm)"
      [32m+[0m [0m[1m[0marn[0m[0m               = (known after apply)
      [32m+[0m [0m[1m[0mid[0m[0m                = (known after apply)
      [32m+[0m [0m[1m[0mtags_all[0m[0m          = (known after apply)
    }

[1m  # module.operator_service.module.worker_service.aws_cloudwatch_metric_alarm.job_client_error_alarm["JOB_MARK_COMPLETION_FAILED"][0m will be created[0m[0m
[0m  [32m+[0m[0m resource "aws_cloudwatch_metric_alarm" "job_client_error_alarm" {
      [32m+[0m [0m[1m[0mactions_enabled[0m[0m                       = true
      [32m+[0m [0m[1m[0malarm_description[0m[0m                     = "Job client exception alarm for JOB_MARK_COMPLETION_FAILED"
      [32m+[0m [0m[1m[0malarm_name[0m[0m                            = "aggregation-service-dev-env_us-west-2_JOB_MARK_COMPLETION_FAILED_job_client_alarm"
      [32m+[0m [0m[1m[0marn[0m[0m                                   = (known after apply)
      [32m+[0m [0m[1m[0mcomparison_operator[0m[0m                   = "GreaterThanThreshold"
      [32m+[0m [0m[1m[0mdimensions[0m[0m                            = {
          [32m+[0m [0m"ErrorReason" = "JOB_MARK_COMPLETION_FAILED"
        }
      [32m+[0m [0m[1m[0mevaluate_low_sample_count_percentiles[0m[0m = (known after apply)
      [32m+[0m [0m[1m[0mevaluation_periods[0m[0m                    = 1
      [32m+[0m [0m[1m[0mid[0m[0m                                    = (known after apply)
      [32m+[0m [0m[1m[0mmetric_name[0m[0m                           = "JobClientError"
      [32m+[0m [0m[1m[0mnamespace[0m[0m                             = "aggregation-service-dev-env/scp/jobclient"
      [32m+[0m [0m[1m[0mperiod[0m[0m                                = 300
      [32m+[0m [0m[1m[0mstatistic[0m[0m                             = "Sum"
      [32m+[0m [0m[1m[0mtags_all[0m[0m                              = (known after apply)
      [32m+[0m [0m[1m[0mthreshold[0m[0m                             = 0
      [32m+[0m [0m[1m[0mtreat_missing_data[0m[0m                    = "notBreaching"
    }

[1m  # module.operator_service.module.worker_service.aws_cloudwatch_metric_alarm.job_client_error_alarm["JOB_METADATA_NOT_FOUND"][0m will be created[0m[0m
[0m  [32m+[0m[0m resource "aws_cloudwatch_metric_alarm" "job_client_error_alarm" {
      [32m+[0m [0m[1m[0mactions_enabled[0m[0m                       = true
      [32m+[0m [0m[1m[0malarm_description[0m[0m                     = "Job client exception alarm for JOB_METADATA_NOT_FOUND"
      [32m+[0m [0m[1m[0malarm_name[0m[0m                            = "aggregation-service-dev-env_us-west-2_JOB_METADATA_NOT_FOUND_job_client_alarm"
      [32m+[0m [0m[1m[0marn[0m[0m                                   = (known after apply)
      [32m+[0m [0m[1m[0mcomparison_operator[0m[0m                   = "GreaterThanThreshold"
      [32m+[0m [0m[1m[0mdimensions[0m[0m                            = {
          [32m+[0m [0m"ErrorReason" = "JOB_METADATA_NOT_FOUND"
        }
      [32m+[0m [0m[1m[0mevaluate_low_sample_count_percentiles[0m[0m = (known after apply)
      [32m+[0m [0m[1m[0mevaluation_periods[0m[0m                    = 1
      [32m+[0m [0m[1m[0mid[0m[0m                                    = (known after apply)
      [32m+[0m [0m[1m[0mmetric_name[0m[0m                           = "JobClientError"
      [32m+[0m [0m[1m[0mnamespace[0m[0m                             = "aggregation-service-dev-env/scp/jobclient"
      [32m+[0m [0m[1m[0mperiod[0m[0m                                = 300
      [32m+[0m [0m[1m[0mstatistic[0m[0m                             = "Sum"
      [32m+[0m [0m[1m[0mtags_all[0m[0m                              = (known after apply)
      [32m+[0m [0m[1m[0mthreshold[0m[0m                             = 0
      [32m+[0m [0m[1m[0mtreat_missing_data[0m[0m                    = "notBreaching"
    }

[1m  # module.operator_service.module.worker_service.aws_cloudwatch_metric_alarm.job_client_error_alarm["JOB_PULL_FAILED"][0m will be created[0m[0m
[0m  [32m+[0m[0m resource "aws_cloudwatch_metric_alarm" "job_client_error_alarm" {
      [32m+[0m [0m[1m[0mactions_enabled[0m[0m                       = true
      [32m+[0m [0m[1m[0malarm_description[0m[0m                     = "Job client exception alarm for JOB_PULL_FAILED"
      [32m+[0m [0m[1m[0malarm_name[0m[0m                            = "aggregation-service-dev-env_us-west-2_JOB_PULL_FAILED_job_client_alarm"
      [32m+[0m [0m[1m[0marn[0m[0m                                   = (known after apply)
      [32m+[0m [0m[1m[0mcomparison_operator[0m[0m                   = "GreaterThanThreshold"
      [32m+[0m [0m[1m[0mdimensions[0m[0m                            = {
          [32m+[0m [0m"ErrorReason" = "JOB_PULL_FAILED"
        }
      [32m+[0m [0m[1m[0mevaluate_low_sample_count_percentiles[0m[0m = (known after apply)
      [32m+[0m [0m[1m[0mevaluation_periods[0m[0m                    = 1
      [32m+[0m [0m[1m[0mid[0m[0m                                    = (known after apply)
      [32m+[0m [0m[1m[0mmetric_name[0m[0m                           = "JobClientError"
      [32m+[0m [0m[1m[0mnamespace[0m[0m                             = "aggregation-service-dev-env/scp/jobclient"
      [32m+[0m [0m[1m[0mperiod[0m[0m                                = 300
      [32m+[0m [0m[1m[0mstatistic[0m[0m                             = "Sum"
      [32m+[0m [0m[1m[0mtags_all[0m[0m                              = (known after apply)
      [32m+[0m [0m[1m[0mthreshold[0m[0m                             = 0
      [32m+[0m [0m[1m[0mtreat_missing_data[0m[0m                    = "notBreaching"
    }

[1m  # module.operator_service.module.worker_service.aws_cloudwatch_metric_alarm.job_client_error_alarm["JOB_RECEIPT_HANDLE_NOT_FOUND"][0m will be created[0m[0m
[0m  [32m+[0m[0m resource "aws_cloudwatch_metric_alarm" "job_client_error_alarm" {
      [32m+[0m [0m[1m[0mactions_enabled[0m[0m                       = true
      [32m+[0m [0m[1m[0malarm_description[0m[0m                     = "Job client exception alarm for JOB_RECEIPT_HANDLE_NOT_FOUND"
      [32m+[0m [0m[1m[0malarm_name[0m[0m                            = "aggregation-service-dev-env_us-west-2_JOB_RECEIPT_HANDLE_NOT_FOUND_job_client_alarm"
      [32m+[0m [0m[1m[0marn[0m[0m                                   = (known after apply)
      [32m+[0m [0m[1m[0mcomparison_operator[0m[0m                   = "GreaterThanThreshold"
      [32m+[0m [0m[1m[0mdimensions[0m[0m                            = {
          [32m+[0m [0m"ErrorReason" = "JOB_RECEIPT_HANDLE_NOT_FOUND"
        }
      [32m+[0m [0m[1m[0mevaluate_low_sample_count_percentiles[0m[0m = (known after apply)
      [32m+[0m [0m[1m[0mevaluation_periods[0m[0m                    = 1
      [32m+[0m [0m[1m[0mid[0m[0m                                    = (known after apply)
      [32m+[0m [0m[1m[0mmetric_name[0m[0m                           = "JobClientError"
      [32m+[0m [0m[1m[0mnamespace[0m[0m                             = "aggregation-service-dev-env/scp/jobclient"
      [32m+[0m [0m[1m[0mperiod[0m[0m                                = 300
      [32m+[0m [0m[1m[0mstatistic[0m[0m                             = "Sum"
      [32m+[0m [0m[1m[0mtags_all[0m[0m                              = (known after apply)
      [32m+[0m [0m[1m[0mthreshold[0m[0m                             = 0
      [32m+[0m [0m[1m[0mtreat_missing_data[0m[0m                    = "notBreaching"
    }

[1m  # module.operator_service.module.worker_service.aws_cloudwatch_metric_alarm.job_client_error_alarm["UNSPECIFIED_ERROR"][0m will be created[0m[0m
[0m  [32m+[0m[0m resource "aws_cloudwatch_metric_alarm" "job_client_error_alarm" {
      [32m+[0m [0m[1m[0mactions_enabled[0m[0m                       = true
      [32m+[0m [0m[1m[0malarm_description[0m[0m                     = "Job client exception alarm for UNSPECIFIED_ERROR"
      [32m+[0m [0m[1m[0malarm_name[0m[0m                            = "aggregation-service-dev-env_us-west-2_UNSPECIFIED_ERROR_job_client_alarm"
      [32m+[0m [0m[1m[0marn[0m[0m                                   = (known after apply)
      [32m+[0m [0m[1m[0mcomparison_operator[0m[0m                   = "GreaterThanThreshold"
      [32m+[0m [0m[1m[0mdimensions[0m[0m                            = {
          [32m+[0m [0m"ErrorReason" = "UNSPECIFIED_ERROR"
        }
      [32m+[0m [0m[1m[0mevaluate_low_sample_count_percentiles[0m[0m = (known after apply)
      [32m+[0m [0m[1m[0mevaluation_periods[0m[0m                    = 1
      [32m+[0m [0m[1m[0mid[0m[0m                                    = (known after apply)
      [32m+[0m [0m[1m[0mmetric_name[0m[0m                           = "JobClientError"
      [32m+[0m [0m[1m[0mnamespace[0m[0m                             = "aggregation-service-dev-env/scp/jobclient"
      [32m+[0m [0m[1m[0mperiod[0m[0m                                = 300
      [32m+[0m [0m[1m[0mstatistic[0m[0m                             = "Sum"
      [32m+[0m [0m[1m[0mtags_all[0m[0m                              = (known after apply)
      [32m+[0m [0m[1m[0mthreshold[0m[0m                             = 0
      [32m+[0m [0m[1m[0mtreat_missing_data[0m[0m                    = "notBreaching"
    }

[1m  # module.operator_service.module.worker_service.aws_cloudwatch_metric_alarm.job_client_error_alarm["WRONG_JOB_STATUS"][0m will be created[0m[0m
[0m  [32m+[0m[0m resource "aws_cloudwatch_metric_alarm" "job_client_error_alarm" {
      [32m+[0m [0m[1m[0mactions_enabled[0m[0m                       = true
      [32m+[0m [0m[1m[0malarm_description[0m[0m                     = "Job client exception alarm for WRONG_JOB_STATUS"
      [32m+[0m [0m[1m[0malarm_name[0m[0m                            = "aggregation-service-dev-env_us-west-2_WRONG_JOB_STATUS_job_client_alarm"
      [32m+[0m [0m[1m[0marn[0m[0m                                   = (known after apply)
      [32m+[0m [0m[1m[0mcomparison_operator[0m[0m                   = "GreaterThanThreshold"
      [32m+[0m [0m[1m[0mdimensions[0m[0m                            = {
          [32m+[0m [0m"ErrorReason" = "WRONG_JOB_STATUS"
        }
      [32m+[0m [0m[1m[0mevaluate_low_sample_count_percentiles[0m[0m = (known after apply)
      [32m+[0m [0m[1m[0mevaluation_periods[0m[0m                    = 1
      [32m+[0m [0m[1m[0mid[0m[0m                                    = (known after apply)
      [32m+[0m [0m[1m[0mmetric_name[0m[0m                           = "JobClientError"
      [32m+[0m [0m[1m[0mnamespace[0m[0m                             = "aggregation-service-dev-env/scp/jobclient"
      [32m+[0m [0m[1m[0mperiod[0m[0m                                = 300
      [32m+[0m [0m[1m[0mstatistic[0m[0m                             = "Sum"
      [32m+[0m [0m[1m[0mtags_all[0m[0m                              = (known after apply)
      [32m+[0m [0m[1m[0mthreshold[0m[0m                             = 0
      [32m+[0m [0m[1m[0mtreat_missing_data[0m[0m                    = "notBreaching"
    }

[1m  # module.operator_service.module.worker_service.aws_cloudwatch_metric_alarm.job_validation_failure_alarm["JobValidatorCheckDuplicate"][0m will be created[0m[0m
[0m  [32m+[0m[0m resource "aws_cloudwatch_metric_alarm" "job_validation_failure_alarm" {
      [32m+[0m [0m[1m[0mactions_enabled[0m[0m                       = true
      [32m+[0m [0m[1m[0malarm_description[0m[0m                     = "Job validation failure alarm for JobValidatorCheckDuplicate"
      [32m+[0m [0m[1m[0malarm_name[0m[0m                            = "aggregation-service-dev-env_us-west-2_JobValidatorCheckDuplicate_job_validation_failure_alarm"
      [32m+[0m [0m[1m[0marn[0m[0m                                   = (known after apply)
      [32m+[0m [0m[1m[0mcomparison_operator[0m[0m                   = "GreaterThanThreshold"
      [32m+[0m [0m[1m[0mdimensions[0m[0m                            = {
          [32m+[0m [0m"Validator" = "JobValidatorCheckDuplicate"
        }
      [32m+[0m [0m[1m[0mevaluate_low_sample_count_percentiles[0m[0m = (known after apply)
      [32m+[0m [0m[1m[0mevaluation_periods[0m[0m                    = 1
      [32m+[0m [0m[1m[0mid[0m[0m                                    = (known after apply)
      [32m+[0m [0m[1m[0mmetric_name[0m[0m                           = "JobValidationFailure"
      [32m+[0m [0m[1m[0mnamespace[0m[0m                             = "aggregation-service-dev-env/scp/jobclient"
      [32m+[0m [0m[1m[0mperiod[0m[0m                                = 300
      [32m+[0m [0m[1m[0mstatistic[0m[0m                             = "Sum"
      [32m+[0m [0m[1m[0mtags_all[0m[0m                              = (known after apply)
      [32m+[0m [0m[1m[0mthreshold[0m[0m                             = 0
      [32m+[0m [0m[1m[0mtreat_missing_data[0m[0m                    = "notBreaching"
    }

[1m  # module.operator_service.module.worker_service.aws_cloudwatch_metric_alarm.job_validation_failure_alarm["JobValidatorCheckFields"][0m will be created[0m[0m
[0m  [32m+[0m[0m resource "aws_cloudwatch_metric_alarm" "job_validation_failure_alarm" {
      [32m+[0m [0m[1m[0mactions_enabled[0m[0m                       = true
      [32m+[0m [0m[1m[0malarm_description[0m[0m                     = "Job validation failure alarm for JobValidatorCheckFields"
      [32m+[0m [0m[1m[0malarm_name[0m[0m                            = "aggregation-service-dev-env_us-west-2_JobValidatorCheckFields_job_validation_failure_alarm"
      [32m+[0m [0m[1m[0marn[0m[0m                                   = (known after apply)
      [32m+[0m [0m[1m[0mcomparison_operator[0m[0m                   = "GreaterThanThreshold"
      [32m+[0m [0m[1m[0mdimensions[0m[0m                            = {
          [32m+[0m [0m"Validator" = "JobValidatorCheckFields"
        }
      [32m+[0m [0m[1m[0mevaluate_low_sample_count_percentiles[0m[0m = (known after apply)
      [32m+[0m [0m[1m[0mevaluation_periods[0m[0m                    = 1
      [32m+[0m [0m[1m[0mid[0m[0m                                    = (known after apply)
      [32m+[0m [0m[1m[0mmetric_name[0m[0m                           = "JobValidationFailure"
      [32m+[0m [0m[1m[0mnamespace[0m[0m                             = "aggregation-service-dev-env/scp/jobclient"
      [32m+[0m [0m[1m[0mperiod[0m[0m                                = 300
      [32m+[0m [0m[1m[0mstatistic[0m[0m                             = "Sum"
      [32m+[0m [0m[1m[0mtags_all[0m[0m                              = (known after apply)
      [32m+[0m [0m[1m[0mthreshold[0m[0m                             = 0
      [32m+[0m [0m[1m[0mtreat_missing_data[0m[0m                    = "notBreaching"
    }

[1m  # module.operator_service.module.worker_service.aws_cloudwatch_metric_alarm.job_validation_failure_alarm["JobValidatorCheckRetryLimit"][0m will be created[0m[0m
[0m  [32m+[0m[0m resource "aws_cloudwatch_metric_alarm" "job_validation_failure_alarm" {
      [32m+[0m [0m[1m[0mactions_enabled[0m[0m                       = true
      [32m+[0m [0m[1m[0malarm_description[0m[0m                     = "Job validation failure alarm for JobValidatorCheckRetryLimit"
      [32m+[0m [0m[1m[0malarm_name[0m[0m                            = "aggregation-service-dev-env_us-west-2_JobValidatorCheckRetryLimit_job_validation_failure_alarm"
      [32m+[0m [0m[1m[0marn[0m[0m                                   = (known after apply)
      [32m+[0m [0m[1m[0mcomparison_operator[0m[0m                   = "GreaterThanThreshold"
      [32m+[0m [0m[1m[0mdimensions[0m[0m                            = {
          [32m+[0m [0m"Validator" = "JobValidatorCheckRetryLimit"
        }
      [32m+[0m [0m[1m[0mevaluate_low_sample_count_percentiles[0m[0m = (known after apply)
      [32m+[0m [0m[1m[0mevaluation_periods[0m[0m                    = 1
      [32m+[0m [0m[1m[0mid[0m[0m                                    = (known after apply)
      [32m+[0m [0m[1m[0mmetric_name[0m[0m                           = "JobValidationFailure"
      [32m+[0m [0m[1m[0mnamespace[0m[0m                             = "aggregation-service-dev-env/scp/jobclient"
      [32m+[0m [0m[1m[0mperiod[0m[0m                                = 300
      [32m+[0m [0m[1m[0mstatistic[0m[0m                             = "Sum"
      [32m+[0m [0m[1m[0mtags_all[0m[0m                              = (known after apply)
      [32m+[0m [0m[1m[0mthreshold[0m[0m                             = 0
      [32m+[0m [0m[1m[0mtreat_missing_data[0m[0m                    = "notBreaching"
    }

[1m  # module.operator_service.module.worker_service.aws_cloudwatch_metric_alarm.job_validation_failure_alarm["JobValidatorCheckStatus"][0m will be created[0m[0m
[0m  [32m+[0m[0m resource "aws_cloudwatch_metric_alarm" "job_validation_failure_alarm" {
      [32m+[0m [0m[1m[0mactions_enabled[0m[0m                       = true
      [32m+[0m [0m[1m[0malarm_description[0m[0m                     = "Job validation failure alarm for JobValidatorCheckStatus"
      [32m+[0m [0m[1m[0malarm_name[0m[0m                            = "aggregation-service-dev-env_us-west-2_JobValidatorCheckStatus_job_validation_failure_alarm"
      [32m+[0m [0m[1m[0marn[0m[0m                                   = (known after apply)
      [32m+[0m [0m[1m[0mcomparison_operator[0m[0m                   = "GreaterThanThreshold"
      [32m+[0m [0m[1m[0mdimensions[0m[0m                            = {
          [32m+[0m [0m"Validator" = "JobValidatorCheckStatus"
        }
      [32m+[0m [0m[1m[0mevaluate_low_sample_count_percentiles[0m[0m = (known after apply)
      [32m+[0m [0m[1m[0mevaluation_periods[0m[0m                    = 1
      [32m+[0m [0m[1m[0mid[0m[0m                                    = (known after apply)
      [32m+[0m [0m[1m[0mmetric_name[0m[0m                           = "JobValidationFailure"
      [32m+[0m [0m[1m[0mnamespace[0m[0m                             = "aggregation-service-dev-env/scp/jobclient"
      [32m+[0m [0m[1m[0mperiod[0m[0m                                = 300
      [32m+[0m [0m[1m[0mstatistic[0m[0m                             = "Sum"
      [32m+[0m [0m[1m[0mtags_all[0m[0m                              = (known after apply)
      [32m+[0m [0m[1m[0mthreshold[0m[0m                             = 0
      [32m+[0m [0m[1m[0mtreat_missing_data[0m[0m                    = "notBreaching"
    }

[1m  # module.operator_service.module.worker_service.aws_cloudwatch_metric_alarm.worker_job_error_metric["JobHandlingError"][0m will be created[0m[0m
[0m  [32m+[0m[0m resource "aws_cloudwatch_metric_alarm" "worker_job_error_metric" {
      [32m+[0m [0m[1m[0mactions_enabled[0m[0m                       = true
      [32m+[0m [0m[1m[0malarm_description[0m[0m                     = "General job processing exception alarm"
      [32m+[0m [0m[1m[0malarm_name[0m[0m                            = "aggregation-service-dev-env_us-west-2_JobHandlingError_worker_job_alarm"
      [32m+[0m [0m[1m[0marn[0m[0m                                   = (known after apply)
      [32m+[0m [0m[1m[0mcomparison_operator[0m[0m                   = "GreaterThanThreshold"
      [32m+[0m [0m[1m[0mdimensions[0m[0m                            = {
          [32m+[0m [0m"Type" = "JobHandlingError"
        }
      [32m+[0m [0m[1m[0mevaluate_low_sample_count_percentiles[0m[0m = (known after apply)
      [32m+[0m [0m[1m[0mevaluation_periods[0m[0m                    = 1
      [32m+[0m [0m[1m[0mid[0m[0m                                    = (known after apply)
      [32m+[0m [0m[1m[0mmetric_name[0m[0m                           = "WorkerJobError"
      [32m+[0m [0m[1m[0mnamespace[0m[0m                             = "aggregation-service-dev-env/scp/worker"
      [32m+[0m [0m[1m[0mperiod[0m[0m                                = 300
      [32m+[0m [0m[1m[0mstatistic[0m[0m                             = "Sum"
      [32m+[0m [0m[1m[0mtags_all[0m[0m                              = (known after apply)
      [32m+[0m [0m[1m[0mthreshold[0m[0m                             = 0
      [32m+[0m [0m[1m[0mtreat_missing_data[0m[0m                    = "notBreaching"
    }

[1m  # module.operator_service.module.worker_service.aws_iam_instance_profile.worker_profile[0m will be created[0m[0m
[0m  [32m+[0m[0m resource "aws_iam_instance_profile" "worker_profile" {
      [32m+[0m [0m[1m[0marn[0m[0m         = (known after apply)
      [32m+[0m [0m[1m[0mcreate_date[0m[0m = (known after apply)
      [32m+[0m [0m[1m[0mid[0m[0m          = (known after apply)
      [32m+[0m [0m[1m[0mname[0m[0m        = "aggregation-service-dev-env-AggregationServiceWorkerRoleProfile"
      [32m+[0m [0m[1m[0mpath[0m[0m        = "/"
      [32m+[0m [0m[1m[0mrole[0m[0m        = "aggregation-service-dev-env-AggregationServiceWorkerRole"
      [32m+[0m [0m[1m[0mtags_all[0m[0m    = (known after apply)
      [32m+[0m [0m[1m[0munique_id[0m[0m   = (known after apply)
    }

[1m  # module.operator_service.module.worker_service.aws_iam_role.enclave_role[0m will be created[0m[0m
[0m  [32m+[0m[0m resource "aws_iam_role" "enclave_role" {
      [32m+[0m [0m[1m[0marn[0m[0m                   = (known after apply)
      [32m+[0m [0m[1m[0massume_role_policy[0m[0m    = jsonencode(
            {
              [32m+[0m [0mStatement = [
                  [32m+[0m [0m{
                      [32m+[0m [0mAction    = "sts:AssumeRole"
                      [32m+[0m [0mEffect    = "Allow"
                      [32m+[0m [0mPrincipal = {
                          [32m+[0m [0mService = "ec2.amazonaws.com"
                        }
                      [32m+[0m [0mSid       = "AllowEc2AssumeRole"
                    },
                ]
              [32m+[0m [0mVersion   = "2012-10-17"
            }
        )
      [32m+[0m [0m[1m[0mcreate_date[0m[0m           = (known after apply)
      [32m+[0m [0m[1m[0mforce_detach_policies[0m[0m = false
      [32m+[0m [0m[1m[0mid[0m[0m                    = (known after apply)
      [32m+[0m [0m[1m[0mmanaged_policy_arns[0m[0m   = [
          [32m+[0m [0m"arn:aws:iam::aws:policy/AmazonSSMManagedInstanceCore",
        ]
      [32m+[0m [0m[1m[0mmax_session_duration[0m[0m  = 3600
      [32m+[0m [0m[1m[0mname[0m[0m                  = "aggregation-service-dev-env-AggregationServiceWorkerRole"
      [32m+[0m [0m[1m[0mname_prefix[0m[0m           = (known after apply)
      [32m+[0m [0m[1m[0mpath[0m[0m                  = "/"
      [32m+[0m [0m[1m[0mtags_all[0m[0m              = (known after apply)
      [32m+[0m [0m[1m[0munique_id[0m[0m             = (known after apply)

      [32m+[0m [0minline_policy {
          [32m+[0m [0m[1m[0mname[0m[0m   = (known after apply)
          [32m+[0m [0m[1m[0mpolicy[0m[0m = (known after apply)
        }
    }

[1m  # module.operator_service.module.worker_service.aws_iam_role_policy.enclave_role_policy[0m will be created[0m[0m
[0m  [32m+[0m[0m resource "aws_iam_role_policy" "enclave_role_policy" {
      [32m+[0m [0m[1m[0mid[0m[0m     = (known after apply)
      [32m+[0m [0m[1m[0mname[0m[0m   = (known after apply)
      [32m+[0m [0m[1m[0mpolicy[0m[0m = (known after apply)
      [32m+[0m [0m[1m[0mrole[0m[0m   = (known after apply)
    }

[1m  # module.operator_service.module.worker_service.aws_launch_template.worker_template[0m will be created[0m[0m
[0m  [32m+[0m[0m resource "aws_launch_template" "worker_template" {
      [32m+[0m [0m[1m[0marn[0m[0m                    = (known after apply)
      [32m+[0m [0m[1m[0mdefault_version[0m[0m        = (known after apply)
      [32m+[0m [0m[1m[0mid[0m[0m                     = (known after apply)
      [32m+[0m [0m[1m[0mimage_id[0m[0m               = "ami-0cadbb1a3834f94f4"
      [32m+[0m [0m[1m[0minstance_type[0m[0m          = "m5.2xlarge"
      [32m+[0m [0m[1m[0mlatest_version[0m[0m         = (known after apply)
      [32m+[0m [0m[1m[0mname[0m[0m                   = "aggregation-service-dev-env-aggregation-service-template"
      [32m+[0m [0m[1m[0mname_prefix[0m[0m            = (known after apply)
      [32m+[0m [0m[1m[0mtags_all[0m[0m               = (known after apply)
      [32m+[0m [0m[1m[0mvpc_security_group_ids[0m[0m = (known after apply)

      [32m+[0m [0mcredit_specification {
          [32m+[0m [0m[1m[0mcpu_credits[0m[0m = "standard"
        }

      [32m+[0m [0menclave_options {
          [32m+[0m [0m[1m[0menabled[0m[0m = true
        }

      [32m+[0m [0miam_instance_profile {
          [32m+[0m [0m[1m[0mname[0m[0m = "aggregation-service-dev-env-AggregationServiceWorkerRoleProfile"
        }

      [32m+[0m [0mmetadata_options {
          [32m+[0m [0m[1m[0mhttp_endpoint[0m[0m               = "enabled"
          [32m+[0m [0m[1m[0mhttp_protocol_ipv6[0m[0m          = "disabled"
          [32m+[0m [0m[1m[0mhttp_put_response_hop_limit[0m[0m = (known after apply)
          [32m+[0m [0m[1m[0mhttp_tokens[0m[0m                 = "required"
          [32m+[0m [0m[1m[0minstance_metadata_tags[0m[0m      = "disabled"
        }

      [32m+[0m [0mmonitoring {
          [32m+[0m [0m[1m[0menabled[0m[0m = true
        }

      [32m+[0m [0mtag_specifications {
          [32m+[0m [0m[1m[0mresource_type[0m[0m = "instance"
          [32m+[0m [0m[1m[0mtags[0m[0m          = {
              [32m+[0m [0m"Name"               = "aggregation-service-aggregation-service-dev-env"
              [32m+[0m [0m"enclave_cpu_count"  = "6"
              [32m+[0m [0m"enclave_memory_mib" = "28672"
              [32m+[0m [0m"environment"        = "aggregation-service-dev-env"
              [32m+[0m [0m"service"            = "aggregation-service"
            }
        }
    }

[1m  # module.operator_service.module.asginstances_db.module.asg_instances_table_parameter.aws_ssm_parameter.worker_parameter[0m will be created[0m[0m
[0m  [32m+[0m[0m resource "aws_ssm_parameter" "worker_parameter" {
      [32m+[0m [0m[1m[0marn[0m[0m       = (known after apply)
      [32m+[0m [0m[1m[0mdata_type[0m[0m = (known after apply)
      [32m+[0m [0m[1m[0mid[0m[0m        = (known after apply)
      [32m+[0m [0m[1m[0mkey_id[0m[0m    = (known after apply)
      [32m+[0m [0m[1m[0mname[0m[0m      = "scp-aggregation-service-dev-env-ASG_INSTANCES_TABLE_NAME"
      [32m+[0m [0m[1m[0mtags[0m[0m      = {
          [32m+[0m [0m"environment" = "aggregation-service-dev-env"
          [32m+[0m [0m"name"        = "scp-aggregation-service-dev-env-ASG_INSTANCES_TABLE_NAME"
          [32m+[0m [0m"service"     = "operator-service"
        }
      [32m+[0m [0m[1m[0mtags_all[0m[0m  = {
          [32m+[0m [0m"environment" = "aggregation-service-dev-env"
          [32m+[0m [0m"name"        = "scp-aggregation-service-dev-env-ASG_INSTANCES_TABLE_NAME"
          [32m+[0m [0m"service"     = "operator-service"
        }
      [32m+[0m [0m[1m[0mtier[0m[0m      = "Standard"
      [32m+[0m [0m[1m[0mtype[0m[0m      = "String"
      [32m+[0m [0m[1m[0mvalue[0m[0m     = (sensitive value)
      [32m+[0m [0m[1m[0mversion[0m[0m   = (known after apply)
    }

[1m  # module.operator_service.module.asginstances_db.module.asg_instances_table_parameter.aws_ssm_parameter.worker_parameter_legacy[0m will be created[0m[0m
[0m  [32m+[0m[0m resource "aws_ssm_parameter" "worker_parameter_legacy" {
      [32m+[0m [0m[1m[0marn[0m[0m       = (known after apply)
      [32m+[0m [0m[1m[0mdata_type[0m[0m = (known after apply)
      [32m+[0m [0m[1m[0mid[0m[0m        = (known after apply)
      [32m+[0m [0m[1m[0mkey_id[0m[0m    = (known after apply)
      [32m+[0m [0m[1m[0mname[0m[0m      = "/aggregate-service/aggregation-service-dev-env/ASG_INSTANCES_TABLE_NAME"
      [32m+[0m [0m[1m[0moverwrite[0m[0m = true
      [32m+[0m [0m[1m[0mtags[0m[0m      = {
          [32m+[0m [0m"environment" = "aggregation-service-dev-env"
          [32m+[0m [0m"name"        = "/aggregate-service/aggregation-service-dev-env/ASG_INSTANCES_TABLE_NAME"
          [32m+[0m [0m"service"     = "aggregate-service"
        }
      [32m+[0m [0m[1m[0mtags_all[0m[0m  = {
          [32m+[0m [0m"environment" = "aggregation-service-dev-env"
          [32m+[0m [0m"name"        = "/aggregate-service/aggregation-service-dev-env/ASG_INSTANCES_TABLE_NAME"
          [32m+[0m [0m"service"     = "aggregate-service"
        }
      [32m+[0m [0m[1m[0mtier[0m[0m      = "Standard"
      [32m+[0m [0m[1m[0mtype[0m[0m      = "String"
      [32m+[0m [0m[1m[0mvalue[0m[0m     = (sensitive value)
      [32m+[0m [0m[1m[0mversion[0m[0m   = (known after apply)
    }

[1m  # module.operator_service.module.worker_autoscaling.module.lifecycle_action_heartbeat_enabled_parameter.aws_ssm_parameter.worker_parameter[0m will be created[0m[0m
[0m  [32m+[0m[0m resource "aws_ssm_parameter" "worker_parameter" {
      [32m+[0m [0m[1m[0marn[0m[0m       = (known after apply)
      [32m+[0m [0m[1m[0mdata_type[0m[0m = (known after apply)
      [32m+[0m [0m[1m[0mid[0m[0m        = (known after apply)
      [32m+[0m [0m[1m[0mkey_id[0m[0m    = (known after apply)
      [32m+[0m [0m[1m[0mname[0m[0m      = "scp-aggregation-service-dev-env-LIFECYCLE_ACTION_HEARTBEAT_ENABLED"
      [32m+[0m [0m[1m[0mtags[0m[0m      = {
          [32m+[0m [0m"environment" = "aggregation-service-dev-env"
          [32m+[0m [0m"name"        = "scp-aggregation-service-dev-env-LIFECYCLE_ACTION_HEARTBEAT_ENABLED"
          [32m+[0m [0m"service"     = "operator-service"
        }
      [32m+[0m [0m[1m[0mtags_all[0m[0m  = {
          [32m+[0m [0m"environment" = "aggregation-service-dev-env"
          [32m+[0m [0m"name"        = "scp-aggregation-service-dev-env-LIFECYCLE_ACTION_HEARTBEAT_ENABLED"
          [32m+[0m [0m"service"     = "operator-service"
        }
      [32m+[0m [0m[1m[0mtier[0m[0m      = "Standard"
      [32m+[0m [0m[1m[0mtype[0m[0m      = "String"
      [32m+[0m [0m[1m[0mvalue[0m[0m     = (sensitive value)
      [32m+[0m [0m[1m[0mversion[0m[0m   = (known after apply)
    }

[1m  # module.operator_service.module.worker_autoscaling.module.lifecycle_action_heartbeat_enabled_parameter.aws_ssm_parameter.worker_parameter_legacy[0m will be created[0m[0m
[0m  [32m+[0m[0m resource "aws_ssm_parameter" "worker_parameter_legacy" {
      [32m+[0m [0m[1m[0marn[0m[0m       = (known after apply)
      [32m+[0m [0m[1m[0mdata_type[0m[0m = (known after apply)
      [32m+[0m [0m[1m[0mid[0m[0m        = (known after apply)
      [32m+[0m [0m[1m[0mkey_id[0m[0m    = (known after apply)
      [32m+[0m [0m[1m[0mname[0m[0m      = "/aggregate-service/aggregation-service-dev-env/LIFECYCLE_ACTION_HEARTBEAT_ENABLED"
      [32m+[0m [0m[1m[0moverwrite[0m[0m = true
      [32m+[0m [0m[1m[0mtags[0m[0m      = {
          [32m+[0m [0m"environment" = "aggregation-service-dev-env"
          [32m+[0m [0m"name"        = "/aggregate-service/aggregation-service-dev-env/LIFECYCLE_ACTION_HEARTBEAT_ENABLED"
          [32m+[0m [0m"service"     = "aggregate-service"
        }
      [32m+[0m [0m[1m[0mtags_all[0m[0m  = {
          [32m+[0m [0m"environment" = "aggregation-service-dev-env"
          [32m+[0m [0m"name"        = "/aggregate-service/aggregation-service-dev-env/LIFECYCLE_ACTION_HEARTBEAT_ENABLED"
          [32m+[0m [0m"service"     = "aggregate-service"
        }
      [32m+[0m [0m[1m[0mtier[0m[0m      = "Standard"
      [32m+[0m [0m[1m[0mtype[0m[0m      = "String"
      [32m+[0m [0m[1m[0mvalue[0m[0m     = (sensitive value)
      [32m+[0m [0m[1m[0mversion[0m[0m   = (known after apply)
    }

[1m  # module.operator_service.module.worker_autoscaling.module.lifecycle_action_heartbeat_frequency_parameter.aws_ssm_parameter.worker_parameter[0m will be created[0m[0m
[0m  [32m+[0m[0m resource "aws_ssm_parameter" "worker_parameter" {
      [32m+[0m [0m[1m[0marn[0m[0m       = (known after apply)
      [32m+[0m [0m[1m[0mdata_type[0m[0m = (known after apply)
      [32m+[0m [0m[1m[0mid[0m[0m        = (known after apply)
      [32m+[0m [0m[1m[0mkey_id[0m[0m    = (known after apply)
      [32m+[0m [0m[1m[0mname[0m[0m      = "scp-aggregation-service-dev-env-LIFECYCLE_ACTION_HEARTBEAT_FREQUENCY"
      [32m+[0m [0m[1m[0mtags[0m[0m      = {
          [32m+[0m [0m"environment" = "aggregation-service-dev-env"
          [32m+[0m [0m"name"        = "scp-aggregation-service-dev-env-LIFECYCLE_ACTION_HEARTBEAT_FREQUENCY"
          [32m+[0m [0m"service"     = "operator-service"
        }
      [32m+[0m [0m[1m[0mtags_all[0m[0m  = {
          [32m+[0m [0m"environment" = "aggregation-service-dev-env"
          [32m+[0m [0m"name"        = "scp-aggregation-service-dev-env-LIFECYCLE_ACTION_HEARTBEAT_FREQUENCY"
          [32m+[0m [0m"service"     = "operator-service"
        }
      [32m+[0m [0m[1m[0mtier[0m[0m      = "Standard"
      [32m+[0m [0m[1m[0mtype[0m[0m      = "String"
      [32m+[0m [0m[1m[0mvalue[0m[0m     = (sensitive value)
      [32m+[0m [0m[1m[0mversion[0m[0m   = (known after apply)
    }

[1m  # module.operator_service.module.worker_autoscaling.module.lifecycle_action_heartbeat_frequency_parameter.aws_ssm_parameter.worker_parameter_legacy[0m will be created[0m[0m
[0m  [32m+[0m[0m resource "aws_ssm_parameter" "worker_parameter_legacy" {
      [32m+[0m [0m[1m[0marn[0m[0m       = (known after apply)
      [32m+[0m [0m[1m[0mdata_type[0m[0m = (known after apply)
      [32m+[0m [0m[1m[0mid[0m[0m        = (known after apply)
      [32m+[0m [0m[1m[0mkey_id[0m[0m    = (known after apply)
      [32m+[0m [0m[1m[0mname[0m[0m      = "/aggregate-service/aggregation-service-dev-env/LIFECYCLE_ACTION_HEARTBEAT_FREQUENCY"
      [32m+[0m [0m[1m[0moverwrite[0m[0m = true
      [32m+[0m [0m[1m[0mtags[0m[0m      = {
          [32m+[0m [0m"environment" = "aggregation-service-dev-env"
          [32m+[0m [0m"name"        = "/aggregate-service/aggregation-service-dev-env/LIFECYCLE_ACTION_HEARTBEAT_FREQUENCY"
          [32m+[0m [0m"service"     = "aggregate-service"
        }
      [32m+[0m [0m[1m[0mtags_all[0m[0m  = {
          [32m+[0m [0m"environment" = "aggregation-service-dev-env"
          [32m+[0m [0m"name"        = "/aggregate-service/aggregation-service-dev-env/LIFECYCLE_ACTION_HEARTBEAT_FREQUENCY"
          [32m+[0m [0m"service"     = "aggregate-service"
        }
      [32m+[0m [0m[1m[0mtier[0m[0m      = "Standard"
      [32m+[0m [0m[1m[0mtype[0m[0m      = "String"
      [32m+[0m [0m[1m[0mvalue[0m[0m     = (sensitive value)
      [32m+[0m [0m[1m[0mversion[0m[0m   = (known after apply)
    }

[1m  # module.operator_service.module.worker_autoscaling.module.lifecycle_action_heartbeat_timeout_parameter.aws_ssm_parameter.worker_parameter[0m will be created[0m[0m
[0m  [32m+[0m[0m resource "aws_ssm_parameter" "worker_parameter" {
      [32m+[0m [0m[1m[0marn[0m[0m       = (known after apply)
      [32m+[0m [0m[1m[0mdata_type[0m[0m = (known after apply)
      [32m+[0m [0m[1m[0mid[0m[0m        = (known after apply)
      [32m+[0m [0m[1m[0mkey_id[0m[0m    = (known after apply)
      [32m+[0m [0m[1m[0mname[0m[0m      = "scp-aggregation-service-dev-env-LIFECYCLE_ACTION_HEARTBEAT_TIMEOUT"
      [32m+[0m [0m[1m[0mtags[0m[0m      = {
          [32m+[0m [0m"environment" = "aggregation-service-dev-env"
          [32m+[0m [0m"name"        = "scp-aggregation-service-dev-env-LIFECYCLE_ACTION_HEARTBEAT_TIMEOUT"
          [32m+[0m [0m"service"     = "operator-service"
        }
      [32m+[0m [0m[1m[0mtags_all[0m[0m  = {
          [32m+[0m [0m"environment" = "aggregation-service-dev-env"
          [32m+[0m [0m"name"        = "scp-aggregation-service-dev-env-LIFECYCLE_ACTION_HEARTBEAT_TIMEOUT"
          [32m+[0m [0m"service"     = "operator-service"
        }
      [32m+[0m [0m[1m[0mtier[0m[0m      = "Standard"
      [32m+[0m [0m[1m[0mtype[0m[0m      = "String"
      [32m+[0m [0m[1m[0mvalue[0m[0m     = (sensitive value)
      [32m+[0m [0m[1m[0mversion[0m[0m   = (known after apply)
    }

[1m  # module.operator_service.module.worker_autoscaling.module.lifecycle_action_heartbeat_timeout_parameter.aws_ssm_parameter.worker_parameter_legacy[0m will be created[0m[0m
[0m  [32m+[0m[0m resource "aws_ssm_parameter" "worker_parameter_legacy" {
      [32m+[0m [0m[1m[0marn[0m[0m       = (known after apply)
      [32m+[0m [0m[1m[0mdata_type[0m[0m = (known after apply)
      [32m+[0m [0m[1m[0mid[0m[0m        = (known after apply)
      [32m+[0m [0m[1m[0mkey_id[0m[0m    = (known after apply)
      [32m+[0m [0m[1m[0mname[0m[0m      = "/aggregate-service/aggregation-service-dev-env/LIFECYCLE_ACTION_HEARTBEAT_TIMEOUT"
      [32m+[0m [0m[1m[0moverwrite[0m[0m = true
      [32m+[0m [0m[1m[0mtags[0m[0m      = {
          [32m+[0m [0m"environment" = "aggregation-service-dev-env"
          [32m+[0m [0m"name"        = "/aggregate-service/aggregation-service-dev-env/LIFECYCLE_ACTION_HEARTBEAT_TIMEOUT"
          [32m+[0m [0m"service"     = "aggregate-service"
        }
      [32m+[0m [0m[1m[0mtags_all[0m[0m  = {
          [32m+[0m [0m"environment" = "aggregation-service-dev-env"
          [32m+[0m [0m"name"        = "/aggregate-service/aggregation-service-dev-env/LIFECYCLE_ACTION_HEARTBEAT_TIMEOUT"
          [32m+[0m [0m"service"     = "aggregate-service"
        }
      [32m+[0m [0m[1m[0mtier[0m[0m      = "Standard"
      [32m+[0m [0m[1m[0mtype[0m[0m      = "String"
      [32m+[0m [0m[1m[0mvalue[0m[0m     = (sensitive value)
      [32m+[0m [0m[1m[0mversion[0m[0m   = (known after apply)
    }

[1m  # module.operator_service.module.worker_autoscaling.module.max_lifecycle_action_heartbeat_timeout_extension_parameter.aws_ssm_parameter.worker_parameter[0m will be created[0m[0m
[0m  [32m+[0m[0m resource "aws_ssm_parameter" "worker_parameter" {
      [32m+[0m [0m[1m[0marn[0m[0m       = (known after apply)
      [32m+[0m [0m[1m[0mdata_type[0m[0m = (known after apply)
      [32m+[0m [0m[1m[0mid[0m[0m        = (known after apply)
      [32m+[0m [0m[1m[0mkey_id[0m[0m    = (known after apply)
      [32m+[0m [0m[1m[0mname[0m[0m      = "scp-aggregation-service-dev-env-MAX_LIFECYCLE_ACTION_TIMEOUT_EXTENSION"
      [32m+[0m [0m[1m[0mtags[0m[0m      = {
          [32m+[0m [0m"environment" = "aggregation-service-dev-env"
          [32m+[0m [0m"name"        = "scp-aggregation-service-dev-env-MAX_LIFECYCLE_ACTION_TIMEOUT_EXTENSION"
          [32m+[0m [0m"service"     = "operator-service"
        }
      [32m+[0m [0m[1m[0mtags_all[0m[0m  = {
          [32m+[0m [0m"environment" = "aggregation-service-dev-env"
          [32m+[0m [0m"name"        = "scp-aggregation-service-dev-env-MAX_LIFECYCLE_ACTION_TIMEOUT_EXTENSION"
          [32m+[0m [0m"service"     = "operator-service"
        }
      [32m+[0m [0m[1m[0mtier[0m[0m      = "Standard"
      [32m+[0m [0m[1m[0mtype[0m[0m      = "String"
      [32m+[0m [0m[1m[0mvalue[0m[0m     = (sensitive value)
      [32m+[0m [0m[1m[0mversion[0m[0m   = (known after apply)
    }

[1m  # module.operator_service.module.worker_autoscaling.module.max_lifecycle_action_heartbeat_timeout_extension_parameter.aws_ssm_parameter.worker_parameter_legacy[0m will be created[0m[0m
[0m  [32m+[0m[0m resource "aws_ssm_parameter" "worker_parameter_legacy" {
      [32m+[0m [0m[1m[0marn[0m[0m       = (known after apply)
      [32m+[0m [0m[1m[0mdata_type[0m[0m = (known after apply)
      [32m+[0m [0m[1m[0mid[0m[0m        = (known after apply)
      [32m+[0m [0m[1m[0mkey_id[0m[0m    = (known after apply)
      [32m+[0m [0m[1m[0mname[0m[0m      = "/aggregate-service/aggregation-service-dev-env/MAX_LIFECYCLE_ACTION_TIMEOUT_EXTENSION"
      [32m+[0m [0m[1m[0moverwrite[0m[0m = true
      [32m+[0m [0m[1m[0mtags[0m[0m      = {
          [32m+[0m [0m"environment" = "aggregation-service-dev-env"
          [32m+[0m [0m"name"        = "/aggregate-service/aggregation-service-dev-env/MAX_LIFECYCLE_ACTION_TIMEOUT_EXTENSION"
          [32m+[0m [0m"service"     = "aggregate-service"
        }
      [32m+[0m [0m[1m[0mtags_all[0m[0m  = {
          [32m+[0m [0m"environment" = "aggregation-service-dev-env"
          [32m+[0m [0m"name"        = "/aggregate-service/aggregation-service-dev-env/MAX_LIFECYCLE_ACTION_TIMEOUT_EXTENSION"
          [32m+[0m [0m"service"     = "aggregate-service"
        }
      [32m+[0m [0m[1m[0mtier[0m[0m      = "Standard"
      [32m+[0m [0m[1m[0mtype[0m[0m      = "String"
      [32m+[0m [0m[1m[0mvalue[0m[0m     = (sensitive value)
      [32m+[0m [0m[1m[0mversion[0m[0m   = (known after apply)
    }

[1m  # module.operator_service.module.worker_autoscaling.module.worker_autoscaling_group_parameter.aws_ssm_parameter.worker_parameter[0m will be created[0m[0m
[0m  [32m+[0m[0m resource "aws_ssm_parameter" "worker_parameter" {
      [32m+[0m [0m[1m[0marn[0m[0m       = (known after apply)
      [32m+[0m [0m[1m[0mdata_type[0m[0m = (known after apply)
      [32m+[0m [0m[1m[0mid[0m[0m        = (known after apply)
      [32m+[0m [0m[1m[0mkey_id[0m[0m    = (known after apply)
      [32m+[0m [0m[1m[0mname[0m[0m      = "scp-aggregation-service-dev-env-WORKER_AUTOSCALING_GROUP"
      [32m+[0m [0m[1m[0mtags[0m[0m      = {
          [32m+[0m [0m"environment" = "aggregation-service-dev-env"
          [32m+[0m [0m"name"        = "scp-aggregation-service-dev-env-WORKER_AUTOSCALING_GROUP"
          [32m+[0m [0m"service"     = "operator-service"
        }
      [32m+[0m [0m[1m[0mtags_all[0m[0m  = {
          [32m+[0m [0m"environment" = "aggregation-service-dev-env"
          [32m+[0m [0m"name"        = "scp-aggregation-service-dev-env-WORKER_AUTOSCALING_GROUP"
          [32m+[0m [0m"service"     = "operator-service"
        }
      [32m+[0m [0m[1m[0mtier[0m[0m      = "Standard"
      [32m+[0m [0m[1m[0mtype[0m[0m      = "String"
      [32m+[0m [0m[1m[0mvalue[0m[0m     = (sensitive value)
      [32m+[0m [0m[1m[0mversion[0m[0m   = (known after apply)
    }

[1m  # module.operator_service.module.worker_autoscaling.module.worker_autoscaling_group_parameter.aws_ssm_parameter.worker_parameter_legacy[0m will be created[0m[0m
[0m  [32m+[0m[0m resource "aws_ssm_parameter" "worker_parameter_legacy" {
      [32m+[0m [0m[1m[0marn[0m[0m       = (known after apply)
      [32m+[0m [0m[1m[0mdata_type[0m[0m = (known after apply)
      [32m+[0m [0m[1m[0mid[0m[0m        = (known after apply)
      [32m+[0m [0m[1m[0mkey_id[0m[0m    = (known after apply)
      [32m+[0m [0m[1m[0mname[0m[0m      = "/aggregate-service/aggregation-service-dev-env/WORKER_AUTOSCALING_GROUP"
      [32m+[0m [0m[1m[0moverwrite[0m[0m = true
      [32m+[0m [0m[1m[0mtags[0m[0m      = {
          [32m+[0m [0m"environment" = "aggregation-service-dev-env"
          [32m+[0m [0m"name"        = "/aggregate-service/aggregation-service-dev-env/WORKER_AUTOSCALING_GROUP"
          [32m+[0m [0m"service"     = "aggregate-service"
        }
      [32m+[0m [0m[1m[0mtags_all[0m[0m  = {
          [32m+[0m [0m"environment" = "aggregation-service-dev-env"
          [32m+[0m [0m"name"        = "/aggregate-service/aggregation-service-dev-env/WORKER_AUTOSCALING_GROUP"
          [32m+[0m [0m"service"     = "aggregate-service"
        }
      [32m+[0m [0m[1m[0mtier[0m[0m      = "Standard"
      [32m+[0m [0m[1m[0mtype[0m[0m      = "String"
      [32m+[0m [0m[1m[0mvalue[0m[0m     = (sensitive value)
      [32m+[0m [0m[1m[0mversion[0m[0m   = (known after apply)
    }

[1m  # module.operator_service.module.worker_autoscaling.module.worker_scale_in_hook_parameter.aws_ssm_parameter.worker_parameter[0m will be created[0m[0m
[0m  [32m+[0m[0m resource "aws_ssm_parameter" "worker_parameter" {
      [32m+[0m [0m[1m[0marn[0m[0m       = (known after apply)
      [32m+[0m [0m[1m[0mdata_type[0m[0m = (known after apply)
      [32m+[0m [0m[1m[0mid[0m[0m        = (known after apply)
      [32m+[0m [0m[1m[0mkey_id[0m[0m    = (known after apply)
      [32m+[0m [0m[1m[0mname[0m[0m      = "scp-aggregation-service-dev-env-SCALE_IN_HOOK"
      [32m+[0m [0m[1m[0mtags[0m[0m      = {
          [32m+[0m [0m"environment" = "aggregation-service-dev-env"
          [32m+[0m [0m"name"        = "scp-aggregation-service-dev-env-SCALE_IN_HOOK"
          [32m+[0m [0m"service"     = "operator-service"
        }
      [32m+[0m [0m[1m[0mtags_all[0m[0m  = {
          [32m+[0m [0m"environment" = "aggregation-service-dev-env"
          [32m+[0m [0m"name"        = "scp-aggregation-service-dev-env-SCALE_IN_HOOK"
          [32m+[0m [0m"service"     = "operator-service"
        }
      [32m+[0m [0m[1m[0mtier[0m[0m      = "Standard"
      [32m+[0m [0m[1m[0mtype[0m[0m      = "String"
      [32m+[0m [0m[1m[0mvalue[0m[0m     = (sensitive value)
      [32m+[0m [0m[1m[0mversion[0m[0m   = (known after apply)
    }

[1m  # module.operator_service.module.worker_autoscaling.module.worker_scale_in_hook_parameter.aws_ssm_parameter.worker_parameter_legacy[0m will be created[0m[0m
[0m  [32m+[0m[0m resource "aws_ssm_parameter" "worker_parameter_legacy" {
      [32m+[0m [0m[1m[0marn[0m[0m       = (known after apply)
      [32m+[0m [0m[1m[0mdata_type[0m[0m = (known after apply)
      [32m+[0m [0m[1m[0mid[0m[0m        = (known after apply)
      [32m+[0m [0m[1m[0mkey_id[0m[0m    = (known after apply)
      [32m+[0m [0m[1m[0mname[0m[0m      = "/aggregate-service/aggregation-service-dev-env/scale_in_hook"
      [32m+[0m [0m[1m[0moverwrite[0m[0m = true
      [32m+[0m [0m[1m[0mtags[0m[0m      = {
          [32m+[0m [0m"environment" = "aggregation-service-dev-env"
          [32m+[0m [0m"name"        = "/aggregate-service/aggregation-service-dev-env/scale_in_hook"
          [32m+[0m [0m"service"     = "aggregate-service"
        }
      [32m+[0m [0m[1m[0mtags_all[0m[0m  = {
          [32m+[0m [0m"environment" = "aggregation-service-dev-env"
          [32m+[0m [0m"name"        = "/aggregate-service/aggregation-service-dev-env/scale_in_hook"
          [32m+[0m [0m"service"     = "aggregate-service"
        }
      [32m+[0m [0m[1m[0mtier[0m[0m      = "Standard"
      [32m+[0m [0m[1m[0mtype[0m[0m      = "String"
      [32m+[0m [0m[1m[0mvalue[0m[0m     = (sensitive value)
      [32m+[0m [0m[1m[0mversion[0m[0m   = (known after apply)
    }

[0m[1mPlan:[0m 191 to add, 0 to change, 0 to destroy.
[0m[0m
[1mChanges to Outputs:[0m[0m
  [32m+[0m [0m[1m[0mcreate_job_endpoint[0m[0m = (known after apply)
  [32m+[0m [0m[1m[0mfrontend_api_id[0m[0m     = (known after apply)
  [32m+[0m [0m[1m[0mget_job_endpoint[0m[0m    = (known after apply)
[33m╷[0m[0m
[33m│[0m [0m[1m[33mWarning: [0m[0m[1mArgument is deprecated[0m
[33m│[0m [0m
[33m│[0m [0m[0m  with module.operator_service.module.worker_autoscaling.aws_s3_bucket.lambda_package_storage,
[33m│[0m [0m  on ../../coordinator-services-and-shared-libraries/operator/terraform/aws/modules/autoscaling/s3.tf line 20, in resource "aws_s3_bucket" "lambda_package_storage":
[33m│[0m [0m  20:   acl           = [4m"private"[0m[0m
[33m│[0m [0m
[33m│[0m [0mUse the aws_s3_bucket_acl resource instead
[33m│[0m [0m
[33m│[0m [0m(and 3 more similar warnings elsewhere)
[33m╵[0m[0m
[90m
─────────────────────────────────────────────────────────────────────────────[0m

Note: You didn't use the -out option to save this plan, so Terraform can't
guarantee to take exactly these actions if you run "terraform apply" now.
Releasing state lock. This may take a few moments...
